
Microsoft Visual Studio Solution File, Format Version 12.00
# Visual Studio Version 16
VisualStudioVersion = 16.0.31624.102
MinimumVisualStudioVersion = 10.0.40219.1
Project("{9A19103F-16F7-4668-BE54-9A1E7A4F7556}") = "xxAMIDOxx.xxSTACKSxx.Listener.UnitTests", "xxAMIDOxx.xxSTACKSxx.Listener.UnitTests\xxAMIDOxx.xxSTACKSxx.Listener.UnitTests.csproj", "{58BE3948-BD18-4565-9F55-8C8C6C933F40}"
EndProject
Project("{9A19103F-16F7-4668-BE54-9A1E7A4F7556}") = "xxAMIDOxx.xxSTACKSxx.Listener", "xxAMIDOxx.xxSTACKSxx.Listener\xxAMIDOxx.xxSTACKSxx.Listener.csproj", "{F0D1F96E-DAB7-40F0-B976-3743A2BB672E}"
EndProject
Project("{2150E333-8FDC-42A3-9474-1A3956D46DE8}") = "Shared", "Shared", "{EFD81450-4A57-43C5-BBFF-76DAF9EABB70}"
EndProject
Project("{FAE04EC0-301F-11D3-BF4B-00C04F79EFBC}") = "xxAMIDOxx.xxSTACKSxx.Application.CQRS.Events", "xxAMIDOxx.xxSTACKSxx.Application.CQRS.Events\xxAMIDOxx.xxSTACKSxx.Application.CQRS.Events.csproj", "{B5D8D5CD-96BC-4781-8D88-986CD1FFFA8D}"
EndProject
Global
	GlobalSection(SolutionConfigurationPlatforms) = preSolution
		Debug|Any CPU = Debug|Any CPU
		Release|Any CPU = Release|Any CPU
	EndGlobalSection
	GlobalSection(ProjectConfigurationPlatforms) = postSolution
		{58BE3948-BD18-4565-9F55-8C8C6C933F40}.Debug|Any CPU.ActiveCfg = Debug|Any CPU
		{58BE3948-BD18-4565-9F55-8C8C6C933F40}.Debug|Any CPU.Build.0 = Debug|Any CPU
		{58BE3948-BD18-4565-9F55-8C8C6C933F40}.Release|Any CPU.ActiveCfg = Release|Any CPU
		{58BE3948-BD18-4565-9F55-8C8C6C933F40}.Release|Any CPU.Build.0 = Release|Any CPU
		{F0D1F96E-DAB7-40F0-B976-3743A2BB672E}.Debug|Any CPU.ActiveCfg = Debug|Any CPU
		{F0D1F96E-DAB7-40F0-B976-3743A2BB672E}.Debug|Any CPU.Build.0 = Debug|Any CPU
		{F0D1F96E-DAB7-40F0-B976-3743A2BB672E}.Release|Any CPU.ActiveCfg = Release|Any CPU
		{F0D1F96E-DAB7-40F0-B976-3743A2BB672E}.Release|Any CPU.Build.0 = Release|Any CPU
		{B5D8D5CD-96BC-4781-8D88-986CD1FFFA8D}.Debug|Any CPU.ActiveCfg = Debug|Any CPU
		{B5D8D5CD-96BC-4781-8D88-986CD1FFFA8D}.Debug|Any CPU.Build.0 = Debug|Any CPU
		{B5D8D5CD-96BC-4781-8D88-986CD1FFFA8D}.Release|Any CPU.ActiveCfg = Release|Any CPU
		{B5D8D5CD-96BC-4781-8D88-986CD1FFFA8D}.Release|Any CPU.Build.0 = Release|Any CPU
	EndGlobalSection
	GlobalSection(SolutionProperties) = preSolution
		HideSolutionNode = FALSE
	EndGlobalSection
	GlobalSection(NestedProjects) = preSolution
		{B5D8D5CD-96BC-4781-8D88-986CD1FFFA8D} = {EFD81450-4A57-43C5-BBFF-76DAF9EABB70}
	EndGlobalSection
	GlobalSection(ExtensibilityGlobals) = postSolution
		SolutionGuid = {C834AE26-AF25-4F73-A96E-7DEBC581E864}
	EndGlobalSection
EndGlobal
