
Microsoft Visual Studio Solution File, Format Version 12.00
# Visual Studio Version 17
VisualStudioVersion = 17.10.35122.118
MinimumVisualStudioVersion = 10.0.40219.1
Project("{9A19103F-16F7-4668-BE54-9A1E7A4F7556}") = "xxENSONOxx.xxSTACKSxx.Listener.UnitTests", "xxENSONOxx.xxSTACKSxx.Listener.UnitTests\xxENSONOxx.xxSTACKSxx.Listener.UnitTests.csproj", "{58BE3948-BD18-4565-9F55-8C8C6C933F40}"
EndProject
Project("{9A19103F-16F7-4668-BE54-9A1E7A4F7556}") = "xxENSONOxx.xxSTACKSxx.Listener", "xxENSONOxx.xxSTACKSxx.Listener\xxENSONOxx.xxSTACKSxx.Listener.csproj", "{F0D1F96E-DAB7-40F0-B976-3743A2BB672E}"
EndProject
Project("{2150E333-8FDC-42A3-9474-1A3956D46DE8}") = "Shared", "Shared", "{EFD81450-4A57-43C5-BBFF-76DAF9EABB70}"
EndProject
Project("{9A19103F-16F7-4668-BE54-9A1E7A4F7556}") = "xxENSONOxx.xxSTACKSxx.Application.CQRS.Events", "xxENSONOxx.xxSTACKSxx.Application.CQRS.Events\xxENSONOxx.xxSTACKSxx.Application.CQRS.Events.csproj", "{B5D8D5CD-96BC-4781-8D88-986CD1FFFA8D}"
EndProject
Project("{9A19103F-16F7-4668-BE54-9A1E7A4F7556}") = "xxENSONOxx.xxSTACKSxx.Shared.Core", "..\..\..\shared\xxENSONOxx.xxSTACKSxx.Shared.Core\xxENSONOxx.xxSTACKSxx.Shared.Core.csproj", "{3F133394-CF28-4110-BA3D-EBF404208A81}"
EndProject
Project("{9A19103F-16F7-4668-BE54-9A1E7A4F7556}") = "xxENSONOxx.xxSTACKSxx.Shared.Application.CQRS.Abstractions", "..\..\..\shared\xxENSONOxx.xxSTACKSxx.Shared.Application.CQRS.Abstractions\xxENSONOxx.xxSTACKSxx.Shared.Application.CQRS.Abstractions.csproj", "{AF0ACDAF-CE5D-4D1E-BD7F-D05397931B90}"
EndProject
Project("{9A19103F-16F7-4668-BE54-9A1E7A4F7556}") = "xxENSONOxx.xxSTACKSxx.Shared.Core.Tests", "..\..\..\shared\xxENSONOxx.xxSTACKSxx.Shared.Core.Tests\xxENSONOxx.xxSTACKSxx.Shared.Core.Tests.csproj", "{B26B7E36-8E4F-45EE-BEBA-02262F9DCDC6}"
EndProject
Global
	GlobalSection(SolutionConfigurationPlatforms) = preSolution
		Debug|Any CPU = Debug|Any CPU
		Release|Any CPU = Release|Any CPU
	EndGlobalSection
	GlobalSection(ProjectConfigurationPlatforms) = postSolution
		{58BE3948-BD18-4565-9F55-8C8C6C933F40}.Debug|Any CPU.ActiveCfg = Debug|Any CPU
		{58BE3948-BD18-4565-9F55-8C8C6C933F40}.Debug|Any CPU.Build.0 = Debug|Any CPU
		{58BE3948-BD18-4565-9F55-8C8C6C933F40}.Release|Any CPU.ActiveCfg = Release|Any CPU
		{58BE3948-BD18-4565-9F55-8C8C6C933F40}.Release|Any CPU.Build.0 = Release|Any CPU
		{F0D1F96E-DAB7-40F0-B976-3743A2BB672E}.Debug|Any CPU.ActiveCfg = Debug|Any CPU
		{F0D1F96E-DAB7-40F0-B976-3743A2BB672E}.Debug|Any CPU.Build.0 = Debug|Any CPU
		{F0D1F96E-DAB7-40F0-B976-3743A2BB672E}.Release|Any CPU.ActiveCfg = Release|Any CPU
		{F0D1F96E-DAB7-40F0-B976-3743A2BB672E}.Release|Any CPU.Build.0 = Release|Any CPU
		{B5D8D5CD-96BC-4781-8D88-986CD1FFFA8D}.Debug|Any CPU.ActiveCfg = Debug|Any CPU
		{B5D8D5CD-96BC-4781-8D88-986CD1FFFA8D}.Debug|Any CPU.Build.0 = Debug|Any CPU
		{B5D8D5CD-96BC-4781-8D88-986CD1FFFA8D}.Release|Any CPU.ActiveCfg = Release|Any CPU
		{B5D8D5CD-96BC-4781-8D88-986CD1FFFA8D}.Release|Any CPU.Build.0 = Release|Any CPU
		{3F133394-CF28-4110-BA3D-EBF404208A81}.Debug|Any CPU.ActiveCfg = Debug|Any CPU
		{3F133394-CF28-4110-BA3D-EBF404208A81}.Debug|Any CPU.Build.0 = Debug|Any CPU
		{3F133394-CF28-4110-BA3D-EBF404208A81}.Release|Any CPU.ActiveCfg = Release|Any CPU
		{3F133394-CF28-4110-BA3D-EBF404208A81}.Release|Any CPU.Build.0 = Release|Any CPU
		{AF0ACDAF-CE5D-4D1E-BD7F-D05397931B90}.Debug|Any CPU.ActiveCfg = Debug|Any CPU
		{AF0ACDAF-CE5D-4D1E-BD7F-D05397931B90}.Debug|Any CPU.Build.0 = Debug|Any CPU
		{AF0ACDAF-CE5D-4D1E-BD7F-D05397931B90}.Release|Any CPU.ActiveCfg = Release|Any CPU
		{AF0ACDAF-CE5D-4D1E-BD7F-D05397931B90}.Release|Any CPU.Build.0 = Release|Any CPU
		{B26B7E36-8E4F-45EE-BEBA-02262F9DCDC6}.Debug|Any CPU.ActiveCfg = Debug|Any CPU
		{B26B7E36-8E4F-45EE-BEBA-02262F9DCDC6}.Debug|Any CPU.Build.0 = Debug|Any CPU
		{B26B7E36-8E4F-45EE-BEBA-02262F9DCDC6}.Release|Any CPU.ActiveCfg = Release|Any CPU
		{B26B7E36-8E4F-45EE-BEBA-02262F9DCDC6}.Release|Any CPU.Build.0 = Release|Any CPU
	EndGlobalSection
	GlobalSection(SolutionProperties) = preSolution
		HideSolutionNode = FALSE
	EndGlobalSection
	GlobalSection(NestedProjects) = preSolution
		{3F133394-CF28-4110-BA3D-EBF404208A81} = {EFD81450-4A57-43C5-BBFF-76DAF9EABB70}
		{AF0ACDAF-CE5D-4D1E-BD7F-D05397931B90} = {EFD81450-4A57-43C5-BBFF-76DAF9EABB70}
		{B26B7E36-8E4F-45EE-BEBA-02262F9DCDC6} = {EFD81450-4A57-43C5-BBFF-76DAF9EABB70}
	EndGlobalSection
	GlobalSection(ExtensibilityGlobals) = postSolution
		SolutionGuid = {C834AE26-AF25-4F73-A96E-7DEBC581E864}
	EndGlobalSection
EndGlobal
