
Microsoft Visual Studio Solution File, Format Version 12.00
# Visual Studio Version 17
VisualStudioVersion = 17.10.35122.118
MinimumVisualStudioVersion = 15.0.26124.0
Project("{2150E333-8FDC-42A3-9474-1A3956D46DE8}") = "API", "API", "{A93ABC7D-17EC-4D7E-B8CF-94F11D94910D}"
EndProject
Project("{9A19103F-16F7-4668-BE54-9A1E7A4F7556}") = "xxAMIDOxx.xxSTACKSxx.Infrastructure", "src\cqrs\src\api\xxAMIDOxx.xxSTACKSxx.Infrastructure\xxAMIDOxx.xxSTACKSxx.Infrastructure.csproj", "{4470AD41-8982-4248-9DB6-688E95664CDA}"
EndProject
Project("{9A19103F-16F7-4668-BE54-9A1E7A4F7556}") = "xxAMIDOxx.xxSTACKSxx.Domain", "src\cqrs\src\api\xxAMIDOxx.xxSTACKSxx.Domain\xxAMIDOxx.xxSTACKSxx.Domain.csproj", "{EB2EC4D5-7DBF-4EB5-9BB8-8FA5D85087CE}"
EndProject
Project("{2150E333-8FDC-42A3-9474-1A3956D46DE8}") = "Shared", "Shared", "{5C2EF365-4E4D-4446-A3C6-325168F0531F}"
EndProject
Project("{9A19103F-16F7-4668-BE54-9A1E7A4F7556}") = "xxAMIDOxx.xxSTACKSxx.CQRS", "src\cqrs\src\api\xxAMIDOxx.xxSTACKSxx.CQRS\xxAMIDOxx.xxSTACKSxx.CQRS.csproj", "{199D0800-147E-41BC-ACF0-39F9F87A2B57}"
EndProject
Project("{9A19103F-16F7-4668-BE54-9A1E7A4F7556}") = "xxAMIDOxx.xxSTACKSxx.Common", "src\cqrs\src\api\xxAMIDOxx.xxSTACKSxx.Common\xxAMIDOxx.xxSTACKSxx.Common.csproj", "{FF124C60-974B-4E9B-AC7F-51B454FDAAA3}"
EndProject
Project("{9A19103F-16F7-4668-BE54-9A1E7A4F7556}") = "xxAMIDOxx.xxSTACKSxx.API.ComponentTests", "src\cqrs\src\api\xxAMIDOxx.xxSTACKSxx.API.ComponentTests\xxAMIDOxx.xxSTACKSxx.API.ComponentTests.csproj", "{9A89022F-BBDF-43D3-B748-EF344824A1E6}"
EndProject
Project("{9A19103F-16F7-4668-BE54-9A1E7A4F7556}") = "xxAMIDOxx.xxSTACKSxx.Common.UnitTests", "src\cqrs\src\api\xxAMIDOxx.xxSTACKSxx.Common.UnitTests\xxAMIDOxx.xxSTACKSxx.Common.UnitTests.csproj", "{31A84D6F-6918-4B9B-9CB9-A8D8984B5DBC}"
EndProject
Project("{9A19103F-16F7-4668-BE54-9A1E7A4F7556}") = "xxAMIDOxx.xxSTACKSxx.Domain.UnitTests", "src\cqrs\src\api\xxAMIDOxx.xxSTACKSxx.Domain.UnitTests\xxAMIDOxx.xxSTACKSxx.Domain.UnitTests.csproj", "{81434893-86D2-4E21-A58F-7545E7B6E5F1}"
EndProject
Project("{9A19103F-16F7-4668-BE54-9A1E7A4F7556}") = "xxAMIDOxx.xxSTACKSxx.Infrastructure.IntegrationTests", "src\cqrs\src\api\xxAMIDOxx.xxSTACKSxx.Infrastructure.IntegrationTests\xxAMIDOxx.xxSTACKSxx.Infrastructure.IntegrationTests.csproj", "{EE4B77E0-52AF-4F98-814D-088922686BDB}"
EndProject
Project("{9A19103F-16F7-4668-BE54-9A1E7A4F7556}") = "xxAMIDOxx.xxSTACKSxx.Application.CommandHandlers", "src\cqrs\src\api\xxAMIDOxx.xxSTACKSxx.Application.CommandHandlers\xxAMIDOxx.xxSTACKSxx.Application.CommandHandlers.csproj", "{E8F8A3CE-B76F-4676-A6CA-46C6B92C6F87}"
EndProject
Project("{9A19103F-16F7-4668-BE54-9A1E7A4F7556}") = "xxAMIDOxx.xxSTACKSxx.Application.QueryHandlers", "src\cqrs\src\api\xxAMIDOxx.xxSTACKSxx.Application.QueryHandlers\xxAMIDOxx.xxSTACKSxx.Application.QueryHandlers.csproj", "{116067F7-C697-469E-B83E-CB1FA3D99994}"
EndProject
Project("{9A19103F-16F7-4668-BE54-9A1E7A4F7556}") = "xxAMIDOxx.xxSTACKSxx.Application.Integration", "src\cqrs\src\api\xxAMIDOxx.xxSTACKSxx.Application.Integration\xxAMIDOxx.xxSTACKSxx.Application.Integration.csproj", "{64880416-DDE8-47D1-9D2F-AB3C16F1A3A4}"
EndProject
Project("{9A19103F-16F7-4668-BE54-9A1E7A4F7556}") = "xxAMIDOxx.xxSTACKSxx.CQRS.UnitTests", "src\cqrs\src\api\xxAMIDOxx.xxSTACKSxx.CQRS.UnitTests\xxAMIDOxx.xxSTACKSxx.CQRS.UnitTests.csproj", "{89EB85B0-211D-4E7A-B6F7-80158996F209}"
EndProject
Project("{9A19103F-16F7-4668-BE54-9A1E7A4F7556}") = "xxAMIDOxx.xxSTACKSxx.API", "src\cqrs\src\api\xxAMIDOxx.xxSTACKSxx.API\xxAMIDOxx.xxSTACKSxx.API.csproj", "{EEDF6DBD-2E45-4E41-B027-B88F8293C56F}"
EndProject
Project("{9A19103F-16F7-4668-BE54-9A1E7A4F7556}") = "xxAMIDOxx.xxSTACKSxx.API.UnitTests", "src\cqrs\src\api\xxAMIDOxx.xxSTACKSxx.API.UnitTests\xxAMIDOxx.xxSTACKSxx.API.UnitTests.csproj", "{ADA636E5-76CF-4B43-87C2-F53E37150A8B}"
EndProject
Project("{9A19103F-16F7-4668-BE54-9A1E7A4F7556}") = "xxAMIDOxx.xxSTACKSxx.Infrastructure.UnitTests", "src\cqrs\src\api\xxAMIDOxx.xxSTACKSxx.Infrastructure.UnitTests\xxAMIDOxx.xxSTACKSxx.Infrastructure.UnitTests.csproj", "{BEE416A3-8EB2-4415-9518-0D0D58EDA7B3}"
EndProject
Project("{9A19103F-16F7-4668-BE54-9A1E7A4F7556}") = "xxAMIDOxx.xxSTACKSxx.Shared.API", "src\shared\xxAMIDOxx.xxSTACKSxx.Shared.API\xxAMIDOxx.xxSTACKSxx.Shared.API.csproj", "{78EA9F72-72DA-4F0C-A647-B315CF9DBD72}"
EndProject
Project("{9A19103F-16F7-4668-BE54-9A1E7A4F7556}") = "xxAMIDOxx.xxSTACKSxx.Shared.API.Tests", "src\shared\xxAMIDOxx.xxSTACKSxx.Shared.API.Tests\xxAMIDOxx.xxSTACKSxx.Shared.API.Tests.csproj", "{F4B072C7-1AF9-4ADE-A055-7C0E4257035C}"
EndProject
Project("{9A19103F-16F7-4668-BE54-9A1E7A4F7556}") = "xxAMIDOxx.xxSTACKSxx.Shared.API.Swagger", "src\shared\xxAMIDOxx.xxSTACKSxx.Shared.API.Swagger\xxAMIDOxx.xxSTACKSxx.Shared.API.Swagger.csproj", "{CCF4C321-DB1D-41D6-AE84-BEA10B1FC967}"
EndProject
Project("{9A19103F-16F7-4668-BE54-9A1E7A4F7556}") = "xxAMIDOxx.xxSTACKSxx.Shared.Testing", "src\shared\xxAMIDOxx.xxSTACKSxx.Shared.Testing\xxAMIDOxx.xxSTACKSxx.Shared.Testing.csproj", "{5375FD38-BB3F-45B6-A42C-E62D7F4C3834}"
EndProject
Project("{9A19103F-16F7-4668-BE54-9A1E7A4F7556}") = "xxAMIDOxx.xxSTACKSxx.Shared.Testing.Tests", "src\shared\xxAMIDOxx.xxSTACKSxx.Shared.Testing.Tests\xxAMIDOxx.xxSTACKSxx.Shared.Testing.Tests.csproj", "{6D545555-2426-4478-82A9-D756A00F1E39}"
EndProject
Project("{9A19103F-16F7-4668-BE54-9A1E7A4F7556}") = "xxAMIDOxx.xxSTACKSxx.Shared.Messaging.Azure.ServiceBus", "src\shared\xxAMIDOxx.xxSTACKSxx.Shared.Messaging.Azure.ServiceBus\xxAMIDOxx.xxSTACKSxx.Shared.Messaging.Azure.ServiceBus.csproj", "{DAA32E63-80B5-49B6-890E-7A11FDA6A85B}"
EndProject
Project("{9A19103F-16F7-4668-BE54-9A1E7A4F7556}") = "xxAMIDOxx.xxSTACKSxx.Shared.Messaging.Azure.ServiceBus.Tests", "src\shared\xxAMIDOxx.xxSTACKSxx.Shared.Messaging.Azure.ServiceBus.Tests\xxAMIDOxx.xxSTACKSxx.Shared.Messaging.Azure.ServiceBus.Tests.csproj", "{4D619C55-D348-464D-A0D2-F18427DCAA49}"
EndProject
Project("{9A19103F-16F7-4668-BE54-9A1E7A4F7556}") = "xxAMIDOxx.xxSTACKSxx.Shared.Messaging.Commands", "src\shared\xxAMIDOxx.xxSTACKSxx.Shared.Messaging.Commands\xxAMIDOxx.xxSTACKSxx.Shared.Messaging.Commands.csproj", "{7290B15D-B0DB-48FA-9A2A-1E8E15447CD2}"
EndProject
Project("{9A19103F-16F7-4668-BE54-9A1E7A4F7556}") = "xxAMIDOxx.xxSTACKSxx.Shared.Messaging.Events", "src\shared\xxAMIDOxx.xxSTACKSxx.Shared.Messaging.Events\xxAMIDOxx.xxSTACKSxx.Shared.Messaging.Events.csproj", "{51D0C76D-9F7F-4213-9BC1-0D7DE060E4AF}"
EndProject
Project("{9A19103F-16F7-4668-BE54-9A1E7A4F7556}") = "xxAMIDOxx.xxSTACKSxx.Shared.Messaging.Handlers", "src\shared\xxAMIDOxx.xxSTACKSxx.Shared.Messaging.Handlers\xxAMIDOxx.xxSTACKSxx.Shared.Messaging.Handlers.csproj", "{6C460E51-98B2-4DD7-B4FC-C25C6C3F739E}"
EndProject
Project("{9A19103F-16F7-4668-BE54-9A1E7A4F7556}") = "xxAMIDOxx.xxSTACKSxx.Shared.DynamoDB", "src\shared\xxAMIDOxx.xxSTACKSxx.Shared.DynamoDB\xxAMIDOxx.xxSTACKSxx.Shared.DynamoDB.csproj", "{3F45C828-B6C2-4D16-90DA-F8D034EC11D5}"
EndProject
Project("{9A19103F-16F7-4668-BE54-9A1E7A4F7556}") = "xxAMIDOxx.xxSTACKSxx.Shared.DynamoDB.Tests", "src\shared\xxAMIDOxx.xxSTACKSxx.Shared.DynamoDB.Tests\xxAMIDOxx.xxSTACKSxx.Shared.DynamoDB.Tests.csproj", "{8D556317-7C2B-445A-AE5E-92FF04969031}"
EndProject
Project("{9A19103F-16F7-4668-BE54-9A1E7A4F7556}") = "xxAMIDOxx.xxSTACKSxx.Shared.Data.Documents.Abstractions", "src\shared\xxAMIDOxx.xxSTACKSxx.Shared.Data.Documents.Abstractions\xxAMIDOxx.xxSTACKSxx.Shared.Data.Documents.Abstractions.csproj", "{7B827585-4F7A-473B-B994-681BE96B0C04}"
EndProject
Project("{9A19103F-16F7-4668-BE54-9A1E7A4F7556}") = "xxAMIDOxx.xxSTACKSxx.Shared.Core", "src\shared\xxAMIDOxx.xxSTACKSxx.Shared.Core\xxAMIDOxx.xxSTACKSxx.Shared.Core.csproj", "{3F133394-CF28-4110-BA3D-EBF404208A81}"
EndProject
Project("{9A19103F-16F7-4668-BE54-9A1E7A4F7556}") = "xxAMIDOxx.xxSTACKSxx.Shared.Core.Tests", "src\shared\xxAMIDOxx.xxSTACKSxx.Shared.Core.Tests\xxAMIDOxx.xxSTACKSxx.Shared.Core.Tests.csproj", "{06DE9A76-034B-4975-8365-A7F88EF7954E}"
EndProject
Project("{9A19103F-16F7-4668-BE54-9A1E7A4F7556}") = "xxAMIDOxx.xxSTACKSxx.Shared.DependencyInjection", "src\shared\xxAMIDOxx.xxSTACKSxx.Shared.DependencyInjection\xxAMIDOxx.xxSTACKSxx.Shared.DependencyInjection.csproj", "{2E79D304-47AE-4D7F-8E32-C08A106C5F72}"
EndProject
Project("{9A19103F-16F7-4668-BE54-9A1E7A4F7556}") = "xxAMIDOxx.xxSTACKSxx.Shared.Domain", "src\shared\xxAMIDOxx.xxSTACKSxx.Shared.Domain\xxAMIDOxx.xxSTACKSxx.Shared.Domain.csproj", "{7DD7AD0F-07EE-438F-8032-B0BB40F26E85}"
EndProject
Project("{9A19103F-16F7-4668-BE54-9A1E7A4F7556}") = "xxAMIDOxx.xxSTACKSxx.Shared.Data.Documents.CosmosDB", "src\shared\xxAMIDOxx.xxSTACKSxx.Shared.Data.Documents.CosmosDB\xxAMIDOxx.xxSTACKSxx.Shared.Data.Documents.CosmosDB.csproj", "{4856749F-880C-4F3E-B9C9-4E79ADAD09A6}"
EndProject
Project("{9A19103F-16F7-4668-BE54-9A1E7A4F7556}") = "xxAMIDOxx.xxSTACKSxx.Shared.Data.Documents.CosmosDB.Tests", "src\shared\xxAMIDOxx.xxSTACKSxx.Shared.Data.Documents.CosmosDB.Tests\xxAMIDOxx.xxSTACKSxx.Shared.Data.Documents.CosmosDB.Tests.csproj", "{688708D6-CF24-452C-BBFD-59161F982AA0}"
EndProject
Project("{9A19103F-16F7-4668-BE54-9A1E7A4F7556}") = "xxAMIDOxx.xxSTACKSxx.Shared.Messaging.AWS.SNS", "src\shared\xxAMIDOxx.xxSTACKSxx.Shared.Messaging.AWS.SNS\xxAMIDOxx.xxSTACKSxx.Shared.Messaging.AWS.SNS.csproj", "{7BEFAEE8-4F24-434B-ABEA-4E904804266C}"
EndProject
Project("{9A19103F-16F7-4668-BE54-9A1E7A4F7556}") = "xxAMIDOxx.xxSTACKSxx.Shared.Messaging.AWS.SNS.Tests", "src\shared\xxAMIDOxx.xxSTACKSxx.Shared.Messaging.AWS.SNS.Tests\xxAMIDOxx.xxSTACKSxx.Shared.Messaging.AWS.SNS.Tests.csproj", "{C63011EA-2C53-495B-96F8-71124DB6236C}"
EndProject
Project("{9A19103F-16F7-4668-BE54-9A1E7A4F7556}") = "xxAMIDOxx.xxSTACKSxx.Shared.Messaging.Azure.EventHub", "src\shared\xxAMIDOxx.xxSTACKSxx.Shared.Messaging.Azure.EventHub\xxAMIDOxx.xxSTACKSxx.Shared.Messaging.Azure.EventHub.csproj", "{52FCB145-BC6E-4B50-AE2A-C51C3466EB92}"
EndProject
Project("{9A19103F-16F7-4668-BE54-9A1E7A4F7556}") = "xxAMIDOxx.xxSTACKSxx.Shared.Messaging.Azure.EventHub.Tests", "src\shared\xxAMIDOxx.xxSTACKSxx.Shared.Messaging.Azure.EventHub.Tests\xxAMIDOxx.xxSTACKSxx.Shared.Messaging.Azure.EventHub.Tests.csproj", "{70705814-2618-48A3-AD93-EF77089BE7B3}"
EndProject
Project("{9A19103F-16F7-4668-BE54-9A1E7A4F7556}") = "xxAMIDOxx.xxSTACKSxx.Shared.Application.CQRS.Abstractions", "src\shared\xxAMIDOxx.xxSTACKSxx.Shared.Application.CQRS.Abstractions\xxAMIDOxx.xxSTACKSxx.Shared.Application.CQRS.Abstractions.csproj", "{AF0ACDAF-CE5D-4D1E-BD7F-D05397931B90}"
EndProject
Project("{9A19103F-16F7-4668-BE54-9A1E7A4F7556}") = "xxAMIDOxx.xxSTACKSxx.Shared.Configuration", "src\shared\xxAMIDOxx.xxSTACKSxx.Shared.Configuration\xxAMIDOxx.xxSTACKSxx.Shared.Configuration.csproj", "{BFE98A28-8B88-4CC6-BECF-324D0D4CD760}"
EndProject
Project("{9A19103F-16F7-4668-BE54-9A1E7A4F7556}") = "xxAMIDOxx.xxSTACKSxx.Shared.Configuration.Tests", "src\shared\xxAMIDOxx.xxSTACKSxx.Shared.Configuration.Tests\xxAMIDOxx.xxSTACKSxx.Shared.Configuration.Tests.csproj", "{80757BB7-48FF-4EE0-9CBF-AF49B20D07E4}"
EndProject
Project("{2150E333-8FDC-42A3-9474-1A3956D46DE8}") = "Cqrs", "Cqrs", "{38EFEB59-64CB-44BD-994D-FC43E183F4B2}"
EndProject
Project("{2150E333-8FDC-42A3-9474-1A3956D46DE8}") = "Background Worker", "Background Worker", "{F166B39A-86DB-4F9B-981E-8466876574D4}"
EndProject
Project("{2150E333-8FDC-42A3-9474-1A3956D46DE8}") = "Azure Event Hub Listenener", "Azure Event Hub Listenener", "{3B25E9BF-4907-48FB-9704-8604F691DBD1}"
EndProject
Project("{2150E333-8FDC-42A3-9474-1A3956D46DE8}") = "Azure Service Bus Listener", "Azure Service Bus Listener", "{C6A68CF8-14AE-4C35-998E-0CEEEBCCF5D2}"
EndProject
Project("{9A19103F-16F7-4668-BE54-9A1E7A4F7556}") = "xxAMIDOxx.xxSTACKSxx.BackgroundWorker", "src\cqrs\src\worker\xxAMIDOxx.xxSTACKSxx.BackgroundWorker\xxAMIDOxx.xxSTACKSxx.BackgroundWorker.csproj", "{32843515-FAED-4839-AC7E-F9CD7DAAA790}"
EndProject
Project("{9A19103F-16F7-4668-BE54-9A1E7A4F7556}") = "xxAMIDOxx.xxSTACKSxx.Application.CQRS.Events", "src\cqrs\src\worker\xxAMIDOxx.xxSTACKSxx.Application.CQRS.Events\xxAMIDOxx.xxSTACKSxx.Application.CQRS.Events.csproj", "{8EAF4EA2-9A3C-460F-9833-048CAACC4B03}"
EndProject
Project("{9A19103F-16F7-4668-BE54-9A1E7A4F7556}") = "xxAMIDOxx.xxSTACKSxx.Application.CQRS.Events", "src\cqrs\src\functions\func-asb-listener\xxAMIDOxx.xxSTACKSxx.Application.CQRS.Events\xxAMIDOxx.xxSTACKSxx.Application.CQRS.Events.csproj", "{9C53738D-7046-489E-8CFC-378CD7E9FA5A}"
EndProject
Project("{2150E333-8FDC-42A3-9474-1A3956D46DE8}") = "Azure Cosmos Background Worker", "Azure Cosmos Background Worker", "{2938BBE1-5BAF-405E-8A2B-272CF49B4F99}"
EndProject
Project("{9A19103F-16F7-4668-BE54-9A1E7A4F7556}") = "xxAMIDOxx.xxSTACKSxx.Listener", "src\cqrs\src\functions\func-asb-listener\xxAMIDOxx.xxSTACKSxx.Listener\xxAMIDOxx.xxSTACKSxx.Listener.csproj", "{9E6BBE46-3BA6-4CC6-8F3D-58FCBF3AA946}"
EndProject
Project("{9A19103F-16F7-4668-BE54-9A1E7A4F7556}") = "xxAMIDOxx.xxSTACKSxx.Listener.UnitTests", "src\cqrs\src\functions\func-asb-listener\xxAMIDOxx.xxSTACKSxx.Listener.UnitTests\xxAMIDOxx.xxSTACKSxx.Listener.UnitTests.csproj", "{8702472A-D791-4ADA-83A4-2A272E90F162}"
EndProject
Project("{9A19103F-16F7-4668-BE54-9A1E7A4F7556}") = "xxAMIDOxx.xxSTACKSxx.Application.CQRS.Events", "src\cqrs\src\functions\func-aeh-listener\xxAMIDOxx.xxSTACKSxx.Application.CQRS.Events\xxAMIDOxx.xxSTACKSxx.Application.CQRS.Events.csproj", "{86432CF1-F12B-488F-8F03-DA7978ACBDBB}"
EndProject
Project("{9A19103F-16F7-4668-BE54-9A1E7A4F7556}") = "xxAMIDOxx.xxSTACKSxx.Listener", "src\cqrs\src\functions\func-aeh-listener\xxAMIDOxx.xxSTACKSxx.Listener\xxAMIDOxx.xxSTACKSxx.Listener.csproj", "{E92BEDC6-49F4-44FD-8B7A-6ED6AC921FD2}"
EndProject
Project("{9A19103F-16F7-4668-BE54-9A1E7A4F7556}") = "xxAMIDOxx.xxSTACKSxx.Listener.UnitTests", "src\cqrs\src\functions\func-aeh-listener\xxAMIDOxx.xxSTACKSxx.Listener.UnitTests\xxAMIDOxx.xxSTACKSxx.Listener.UnitTests.csproj", "{5FE23DA4-70CD-4151-BC8A-2A4B020ECF90}"
EndProject
Project("{9A19103F-16F7-4668-BE54-9A1E7A4F7556}") = "xxAMIDOxx.xxSTACKSxx.Application.CQRS.Events", "src\cqrs\src\functions\func-cosmosdb-worker\xxAMIDOxx.xxSTACKSxx.Application.CQRS.Events\xxAMIDOxx.xxSTACKSxx.Application.CQRS.Events.csproj", "{8D26B4E8-B88D-4468-A466-B4002859C85E}"
EndProject
Project("{9A19103F-16F7-4668-BE54-9A1E7A4F7556}") = "xxAMIDOxx.xxSTACKSxx.Worker", "src\cqrs\src\functions\func-cosmosdb-worker\xxAMIDOxx.xxSTACKSxx.Worker\xxAMIDOxx.xxSTACKSxx.Worker.csproj", "{55D5EA28-8C71-4694-B519-35CD1296DDF8}"
EndProject
Project("{9A19103F-16F7-4668-BE54-9A1E7A4F7556}") = "xxAMIDOxx.xxSTACKSxx.Worker.UnitTests", "src\cqrs\src\functions\func-cosmosdb-worker\xxAMIDOxx.xxSTACKSxx.Worker.UnitTests\xxAMIDOxx.xxSTACKSxx.Worker.UnitTests.csproj", "{322F8383-2A1C-4C99-B98E-B87E4772C5B9}"
EndProject
Project("{2150E333-8FDC-42A3-9474-1A3956D46DE8}") = "SimpleApi", "SimpleApi", "{3DE09585-B4C5-4785-ADF0-77C88C27FFA6}"
EndProject
Project("{2150E333-8FDC-42A3-9474-1A3956D46DE8}") = "Api", "Api", "{A2D6176C-6612-449A-A5C7-F62BB01E71A6}"
EndProject
Project("{9A19103F-16F7-4668-BE54-9A1E7A4F7556}") = "xxAMIDOxx.xxSTACKSxx.API.Models", "src\simple-api\src\api\xxAMIDOxx.xxSTACKSxx.API.Models\xxAMIDOxx.xxSTACKSxx.API.Models.csproj", "{F4582FCB-F2EA-464F-A7F1-425C66FCB14F}"
EndProject
Project("{9A19103F-16F7-4668-BE54-9A1E7A4F7556}") = "xxAMIDOxx.xxSTACKSxx.API", "src\simple-api\src\api\xxAMIDOxx.xxSTACKSxx.API\xxAMIDOxx.xxSTACKSxx.API.csproj", "{40D71C63-03F3-44C9-995A-148AB6F4799F}"
EndProject
Project("{9A19103F-16F7-4668-BE54-9A1E7A4F7556}") = "xxAMIDOxx.xxSTACKSxx.API.UnitTests", "src\simple-api\src\api\xxAMIDOxx.xxSTACKSxx.API.UnitTests\xxAMIDOxx.xxSTACKSxx.API.UnitTests.csproj", "{009F0053-4C76-43A1-9FF3-D3C6E2068D31}"
EndProject
Project("{2150E333-8FDC-42A3-9474-1A3956D46DE8}") = "Tests", "Tests", "{9C70EADB-C416-43D9-BA98-FE1E01883EE5}"
EndProject
Project("{9A19103F-16F7-4668-BE54-9A1E7A4F7556}") = "xxAMIDOxx.xxSTACKSxx.API.FunctionalTests", "src\cqrs\src\tests\Functional\xxAMIDOxx.xxSTACKSxx.API.FunctionalTests\xxAMIDOxx.xxSTACKSxx.API.FunctionalTests.csproj", "{6DEE2FB6-263D-494F-90CB-FCD0512DACC2}"
EndProject
Project("{2150E333-8FDC-42A3-9474-1A3956D46DE8}") = "Tests", "Tests", "{F074C5D6-A81E-4412-A59C-255B6DC9609F}"
EndProject
Project("{9A19103F-16F7-4668-BE54-9A1E7A4F7556}") = "xxAMIDOxx.xxSTACKSxx.API.FunctionalTests", "src\simple-api\src\tests\Functional\xxAMIDOxx.xxSTACKSxx.API.FunctionalTests\xxAMIDOxx.xxSTACKSxx.API.FunctionalTests.csproj", "{2DCB81C5-1C56-4EE4-81E1-F5DCB91DC11B}"
EndProject
Global
	GlobalSection(SolutionConfigurationPlatforms) = preSolution
		Debug|Any CPU = Debug|Any CPU
		Debug|x64 = Debug|x64
		Debug|x86 = Debug|x86
		Release|Any CPU = Release|Any CPU
		Release|x64 = Release|x64
		Release|x86 = Release|x86
	EndGlobalSection
	GlobalSection(ProjectConfigurationPlatforms) = postSolution
		{4470AD41-8982-4248-9DB6-688E95664CDA}.Debug|Any CPU.ActiveCfg = Debug|Any CPU
		{4470AD41-8982-4248-9DB6-688E95664CDA}.Debug|Any CPU.Build.0 = Debug|Any CPU
		{4470AD41-8982-4248-9DB6-688E95664CDA}.Debug|x64.ActiveCfg = Debug|Any CPU
		{4470AD41-8982-4248-9DB6-688E95664CDA}.Debug|x64.Build.0 = Debug|Any CPU
		{4470AD41-8982-4248-9DB6-688E95664CDA}.Debug|x86.ActiveCfg = Debug|Any CPU
		{4470AD41-8982-4248-9DB6-688E95664CDA}.Debug|x86.Build.0 = Debug|Any CPU
		{4470AD41-8982-4248-9DB6-688E95664CDA}.Release|Any CPU.ActiveCfg = Release|Any CPU
		{4470AD41-8982-4248-9DB6-688E95664CDA}.Release|Any CPU.Build.0 = Release|Any CPU
		{4470AD41-8982-4248-9DB6-688E95664CDA}.Release|x64.ActiveCfg = Release|Any CPU
		{4470AD41-8982-4248-9DB6-688E95664CDA}.Release|x64.Build.0 = Release|Any CPU
		{4470AD41-8982-4248-9DB6-688E95664CDA}.Release|x86.ActiveCfg = Release|Any CPU
		{4470AD41-8982-4248-9DB6-688E95664CDA}.Release|x86.Build.0 = Release|Any CPU
		{EB2EC4D5-7DBF-4EB5-9BB8-8FA5D85087CE}.Debug|Any CPU.ActiveCfg = Debug|Any CPU
		{EB2EC4D5-7DBF-4EB5-9BB8-8FA5D85087CE}.Debug|Any CPU.Build.0 = Debug|Any CPU
		{EB2EC4D5-7DBF-4EB5-9BB8-8FA5D85087CE}.Debug|x64.ActiveCfg = Debug|Any CPU
		{EB2EC4D5-7DBF-4EB5-9BB8-8FA5D85087CE}.Debug|x64.Build.0 = Debug|Any CPU
		{EB2EC4D5-7DBF-4EB5-9BB8-8FA5D85087CE}.Debug|x86.ActiveCfg = Debug|Any CPU
		{EB2EC4D5-7DBF-4EB5-9BB8-8FA5D85087CE}.Debug|x86.Build.0 = Debug|Any CPU
		{EB2EC4D5-7DBF-4EB5-9BB8-8FA5D85087CE}.Release|Any CPU.ActiveCfg = Release|Any CPU
		{EB2EC4D5-7DBF-4EB5-9BB8-8FA5D85087CE}.Release|Any CPU.Build.0 = Release|Any CPU
		{EB2EC4D5-7DBF-4EB5-9BB8-8FA5D85087CE}.Release|x64.ActiveCfg = Release|Any CPU
		{EB2EC4D5-7DBF-4EB5-9BB8-8FA5D85087CE}.Release|x64.Build.0 = Release|Any CPU
		{EB2EC4D5-7DBF-4EB5-9BB8-8FA5D85087CE}.Release|x86.ActiveCfg = Release|Any CPU
		{EB2EC4D5-7DBF-4EB5-9BB8-8FA5D85087CE}.Release|x86.Build.0 = Release|Any CPU
		{199D0800-147E-41BC-ACF0-39F9F87A2B57}.Debug|Any CPU.ActiveCfg = Debug|Any CPU
		{199D0800-147E-41BC-ACF0-39F9F87A2B57}.Debug|Any CPU.Build.0 = Debug|Any CPU
		{199D0800-147E-41BC-ACF0-39F9F87A2B57}.Debug|x64.ActiveCfg = Debug|Any CPU
		{199D0800-147E-41BC-ACF0-39F9F87A2B57}.Debug|x64.Build.0 = Debug|Any CPU
		{199D0800-147E-41BC-ACF0-39F9F87A2B57}.Debug|x86.ActiveCfg = Debug|Any CPU
		{199D0800-147E-41BC-ACF0-39F9F87A2B57}.Debug|x86.Build.0 = Debug|Any CPU
		{199D0800-147E-41BC-ACF0-39F9F87A2B57}.Release|Any CPU.ActiveCfg = Release|Any CPU
		{199D0800-147E-41BC-ACF0-39F9F87A2B57}.Release|Any CPU.Build.0 = Release|Any CPU
		{199D0800-147E-41BC-ACF0-39F9F87A2B57}.Release|x64.ActiveCfg = Release|Any CPU
		{199D0800-147E-41BC-ACF0-39F9F87A2B57}.Release|x64.Build.0 = Release|Any CPU
		{199D0800-147E-41BC-ACF0-39F9F87A2B57}.Release|x86.ActiveCfg = Release|Any CPU
		{199D0800-147E-41BC-ACF0-39F9F87A2B57}.Release|x86.Build.0 = Release|Any CPU
		{FF124C60-974B-4E9B-AC7F-51B454FDAAA3}.Debug|Any CPU.ActiveCfg = Debug|Any CPU
		{FF124C60-974B-4E9B-AC7F-51B454FDAAA3}.Debug|Any CPU.Build.0 = Debug|Any CPU
		{FF124C60-974B-4E9B-AC7F-51B454FDAAA3}.Debug|x64.ActiveCfg = Debug|Any CPU
		{FF124C60-974B-4E9B-AC7F-51B454FDAAA3}.Debug|x64.Build.0 = Debug|Any CPU
		{FF124C60-974B-4E9B-AC7F-51B454FDAAA3}.Debug|x86.ActiveCfg = Debug|Any CPU
		{FF124C60-974B-4E9B-AC7F-51B454FDAAA3}.Debug|x86.Build.0 = Debug|Any CPU
		{FF124C60-974B-4E9B-AC7F-51B454FDAAA3}.Release|Any CPU.ActiveCfg = Release|Any CPU
		{FF124C60-974B-4E9B-AC7F-51B454FDAAA3}.Release|Any CPU.Build.0 = Release|Any CPU
		{FF124C60-974B-4E9B-AC7F-51B454FDAAA3}.Release|x64.ActiveCfg = Release|Any CPU
		{FF124C60-974B-4E9B-AC7F-51B454FDAAA3}.Release|x64.Build.0 = Release|Any CPU
		{FF124C60-974B-4E9B-AC7F-51B454FDAAA3}.Release|x86.ActiveCfg = Release|Any CPU
		{FF124C60-974B-4E9B-AC7F-51B454FDAAA3}.Release|x86.Build.0 = Release|Any CPU
		{9A89022F-BBDF-43D3-B748-EF344824A1E6}.Debug|Any CPU.ActiveCfg = Debug|Any CPU
		{9A89022F-BBDF-43D3-B748-EF344824A1E6}.Debug|Any CPU.Build.0 = Debug|Any CPU
		{9A89022F-BBDF-43D3-B748-EF344824A1E6}.Debug|x64.ActiveCfg = Debug|Any CPU
		{9A89022F-BBDF-43D3-B748-EF344824A1E6}.Debug|x64.Build.0 = Debug|Any CPU
		{9A89022F-BBDF-43D3-B748-EF344824A1E6}.Debug|x86.ActiveCfg = Debug|Any CPU
		{9A89022F-BBDF-43D3-B748-EF344824A1E6}.Debug|x86.Build.0 = Debug|Any CPU
		{9A89022F-BBDF-43D3-B748-EF344824A1E6}.Release|Any CPU.ActiveCfg = Release|Any CPU
		{9A89022F-BBDF-43D3-B748-EF344824A1E6}.Release|Any CPU.Build.0 = Release|Any CPU
		{9A89022F-BBDF-43D3-B748-EF344824A1E6}.Release|x64.ActiveCfg = Release|Any CPU
		{9A89022F-BBDF-43D3-B748-EF344824A1E6}.Release|x64.Build.0 = Release|Any CPU
		{9A89022F-BBDF-43D3-B748-EF344824A1E6}.Release|x86.ActiveCfg = Release|Any CPU
		{9A89022F-BBDF-43D3-B748-EF344824A1E6}.Release|x86.Build.0 = Release|Any CPU
		{31A84D6F-6918-4B9B-9CB9-A8D8984B5DBC}.Debug|Any CPU.ActiveCfg = Debug|Any CPU
		{31A84D6F-6918-4B9B-9CB9-A8D8984B5DBC}.Debug|Any CPU.Build.0 = Debug|Any CPU
		{31A84D6F-6918-4B9B-9CB9-A8D8984B5DBC}.Debug|x64.ActiveCfg = Debug|Any CPU
		{31A84D6F-6918-4B9B-9CB9-A8D8984B5DBC}.Debug|x64.Build.0 = Debug|Any CPU
		{31A84D6F-6918-4B9B-9CB9-A8D8984B5DBC}.Debug|x86.ActiveCfg = Debug|Any CPU
		{31A84D6F-6918-4B9B-9CB9-A8D8984B5DBC}.Debug|x86.Build.0 = Debug|Any CPU
		{31A84D6F-6918-4B9B-9CB9-A8D8984B5DBC}.Release|Any CPU.ActiveCfg = Release|Any CPU
		{31A84D6F-6918-4B9B-9CB9-A8D8984B5DBC}.Release|Any CPU.Build.0 = Release|Any CPU
		{31A84D6F-6918-4B9B-9CB9-A8D8984B5DBC}.Release|x64.ActiveCfg = Release|Any CPU
		{31A84D6F-6918-4B9B-9CB9-A8D8984B5DBC}.Release|x64.Build.0 = Release|Any CPU
		{31A84D6F-6918-4B9B-9CB9-A8D8984B5DBC}.Release|x86.ActiveCfg = Release|Any CPU
		{31A84D6F-6918-4B9B-9CB9-A8D8984B5DBC}.Release|x86.Build.0 = Release|Any CPU
		{81434893-86D2-4E21-A58F-7545E7B6E5F1}.Debug|Any CPU.ActiveCfg = Debug|Any CPU
		{81434893-86D2-4E21-A58F-7545E7B6E5F1}.Debug|Any CPU.Build.0 = Debug|Any CPU
		{81434893-86D2-4E21-A58F-7545E7B6E5F1}.Debug|x64.ActiveCfg = Debug|Any CPU
		{81434893-86D2-4E21-A58F-7545E7B6E5F1}.Debug|x64.Build.0 = Debug|Any CPU
		{81434893-86D2-4E21-A58F-7545E7B6E5F1}.Debug|x86.ActiveCfg = Debug|Any CPU
		{81434893-86D2-4E21-A58F-7545E7B6E5F1}.Debug|x86.Build.0 = Debug|Any CPU
		{81434893-86D2-4E21-A58F-7545E7B6E5F1}.Release|Any CPU.ActiveCfg = Release|Any CPU
		{81434893-86D2-4E21-A58F-7545E7B6E5F1}.Release|Any CPU.Build.0 = Release|Any CPU
		{81434893-86D2-4E21-A58F-7545E7B6E5F1}.Release|x64.ActiveCfg = Release|Any CPU
		{81434893-86D2-4E21-A58F-7545E7B6E5F1}.Release|x64.Build.0 = Release|Any CPU
		{81434893-86D2-4E21-A58F-7545E7B6E5F1}.Release|x86.ActiveCfg = Release|Any CPU
		{81434893-86D2-4E21-A58F-7545E7B6E5F1}.Release|x86.Build.0 = Release|Any CPU
		{EE4B77E0-52AF-4F98-814D-088922686BDB}.Debug|Any CPU.ActiveCfg = Debug|Any CPU
		{EE4B77E0-52AF-4F98-814D-088922686BDB}.Debug|Any CPU.Build.0 = Debug|Any CPU
		{EE4B77E0-52AF-4F98-814D-088922686BDB}.Debug|x64.ActiveCfg = Debug|Any CPU
		{EE4B77E0-52AF-4F98-814D-088922686BDB}.Debug|x64.Build.0 = Debug|Any CPU
		{EE4B77E0-52AF-4F98-814D-088922686BDB}.Debug|x86.ActiveCfg = Debug|Any CPU
		{EE4B77E0-52AF-4F98-814D-088922686BDB}.Debug|x86.Build.0 = Debug|Any CPU
		{EE4B77E0-52AF-4F98-814D-088922686BDB}.Release|Any CPU.ActiveCfg = Release|Any CPU
		{EE4B77E0-52AF-4F98-814D-088922686BDB}.Release|Any CPU.Build.0 = Release|Any CPU
		{EE4B77E0-52AF-4F98-814D-088922686BDB}.Release|x64.ActiveCfg = Release|Any CPU
		{EE4B77E0-52AF-4F98-814D-088922686BDB}.Release|x64.Build.0 = Release|Any CPU
		{EE4B77E0-52AF-4F98-814D-088922686BDB}.Release|x86.ActiveCfg = Release|Any CPU
		{EE4B77E0-52AF-4F98-814D-088922686BDB}.Release|x86.Build.0 = Release|Any CPU
		{E8F8A3CE-B76F-4676-A6CA-46C6B92C6F87}.Debug|Any CPU.ActiveCfg = Debug|Any CPU
		{E8F8A3CE-B76F-4676-A6CA-46C6B92C6F87}.Debug|Any CPU.Build.0 = Debug|Any CPU
		{E8F8A3CE-B76F-4676-A6CA-46C6B92C6F87}.Debug|x64.ActiveCfg = Debug|Any CPU
		{E8F8A3CE-B76F-4676-A6CA-46C6B92C6F87}.Debug|x64.Build.0 = Debug|Any CPU
		{E8F8A3CE-B76F-4676-A6CA-46C6B92C6F87}.Debug|x86.ActiveCfg = Debug|Any CPU
		{E8F8A3CE-B76F-4676-A6CA-46C6B92C6F87}.Debug|x86.Build.0 = Debug|Any CPU
		{E8F8A3CE-B76F-4676-A6CA-46C6B92C6F87}.Release|Any CPU.ActiveCfg = Release|Any CPU
		{E8F8A3CE-B76F-4676-A6CA-46C6B92C6F87}.Release|Any CPU.Build.0 = Release|Any CPU
		{E8F8A3CE-B76F-4676-A6CA-46C6B92C6F87}.Release|x64.ActiveCfg = Release|Any CPU
		{E8F8A3CE-B76F-4676-A6CA-46C6B92C6F87}.Release|x64.Build.0 = Release|Any CPU
		{E8F8A3CE-B76F-4676-A6CA-46C6B92C6F87}.Release|x86.ActiveCfg = Release|Any CPU
		{E8F8A3CE-B76F-4676-A6CA-46C6B92C6F87}.Release|x86.Build.0 = Release|Any CPU
		{116067F7-C697-469E-B83E-CB1FA3D99994}.Debug|Any CPU.ActiveCfg = Debug|Any CPU
		{116067F7-C697-469E-B83E-CB1FA3D99994}.Debug|Any CPU.Build.0 = Debug|Any CPU
		{116067F7-C697-469E-B83E-CB1FA3D99994}.Debug|x64.ActiveCfg = Debug|Any CPU
		{116067F7-C697-469E-B83E-CB1FA3D99994}.Debug|x64.Build.0 = Debug|Any CPU
		{116067F7-C697-469E-B83E-CB1FA3D99994}.Debug|x86.ActiveCfg = Debug|Any CPU
		{116067F7-C697-469E-B83E-CB1FA3D99994}.Debug|x86.Build.0 = Debug|Any CPU
		{116067F7-C697-469E-B83E-CB1FA3D99994}.Release|Any CPU.ActiveCfg = Release|Any CPU
		{116067F7-C697-469E-B83E-CB1FA3D99994}.Release|Any CPU.Build.0 = Release|Any CPU
		{116067F7-C697-469E-B83E-CB1FA3D99994}.Release|x64.ActiveCfg = Release|Any CPU
		{116067F7-C697-469E-B83E-CB1FA3D99994}.Release|x64.Build.0 = Release|Any CPU
		{116067F7-C697-469E-B83E-CB1FA3D99994}.Release|x86.ActiveCfg = Release|Any CPU
		{116067F7-C697-469E-B83E-CB1FA3D99994}.Release|x86.Build.0 = Release|Any CPU
		{64880416-DDE8-47D1-9D2F-AB3C16F1A3A4}.Debug|Any CPU.ActiveCfg = Debug|Any CPU
		{64880416-DDE8-47D1-9D2F-AB3C16F1A3A4}.Debug|Any CPU.Build.0 = Debug|Any CPU
		{64880416-DDE8-47D1-9D2F-AB3C16F1A3A4}.Debug|x64.ActiveCfg = Debug|Any CPU
		{64880416-DDE8-47D1-9D2F-AB3C16F1A3A4}.Debug|x64.Build.0 = Debug|Any CPU
		{64880416-DDE8-47D1-9D2F-AB3C16F1A3A4}.Debug|x86.ActiveCfg = Debug|Any CPU
		{64880416-DDE8-47D1-9D2F-AB3C16F1A3A4}.Debug|x86.Build.0 = Debug|Any CPU
		{64880416-DDE8-47D1-9D2F-AB3C16F1A3A4}.Release|Any CPU.ActiveCfg = Release|Any CPU
		{64880416-DDE8-47D1-9D2F-AB3C16F1A3A4}.Release|Any CPU.Build.0 = Release|Any CPU
		{64880416-DDE8-47D1-9D2F-AB3C16F1A3A4}.Release|x64.ActiveCfg = Release|Any CPU
		{64880416-DDE8-47D1-9D2F-AB3C16F1A3A4}.Release|x64.Build.0 = Release|Any CPU
		{64880416-DDE8-47D1-9D2F-AB3C16F1A3A4}.Release|x86.ActiveCfg = Release|Any CPU
		{64880416-DDE8-47D1-9D2F-AB3C16F1A3A4}.Release|x86.Build.0 = Release|Any CPU
		{89EB85B0-211D-4E7A-B6F7-80158996F209}.Debug|Any CPU.ActiveCfg = Debug|Any CPU
		{89EB85B0-211D-4E7A-B6F7-80158996F209}.Debug|Any CPU.Build.0 = Debug|Any CPU
		{89EB85B0-211D-4E7A-B6F7-80158996F209}.Debug|x64.ActiveCfg = Debug|Any CPU
		{89EB85B0-211D-4E7A-B6F7-80158996F209}.Debug|x64.Build.0 = Debug|Any CPU
		{89EB85B0-211D-4E7A-B6F7-80158996F209}.Debug|x86.ActiveCfg = Debug|Any CPU
		{89EB85B0-211D-4E7A-B6F7-80158996F209}.Debug|x86.Build.0 = Debug|Any CPU
		{89EB85B0-211D-4E7A-B6F7-80158996F209}.Release|Any CPU.ActiveCfg = Release|Any CPU
		{89EB85B0-211D-4E7A-B6F7-80158996F209}.Release|Any CPU.Build.0 = Release|Any CPU
		{89EB85B0-211D-4E7A-B6F7-80158996F209}.Release|x64.ActiveCfg = Release|Any CPU
		{89EB85B0-211D-4E7A-B6F7-80158996F209}.Release|x64.Build.0 = Release|Any CPU
		{89EB85B0-211D-4E7A-B6F7-80158996F209}.Release|x86.ActiveCfg = Release|Any CPU
		{89EB85B0-211D-4E7A-B6F7-80158996F209}.Release|x86.Build.0 = Release|Any CPU
		{EEDF6DBD-2E45-4E41-B027-B88F8293C56F}.Debug|Any CPU.ActiveCfg = Debug|Any CPU
		{EEDF6DBD-2E45-4E41-B027-B88F8293C56F}.Debug|Any CPU.Build.0 = Debug|Any CPU
		{EEDF6DBD-2E45-4E41-B027-B88F8293C56F}.Debug|x64.ActiveCfg = Debug|Any CPU
		{EEDF6DBD-2E45-4E41-B027-B88F8293C56F}.Debug|x64.Build.0 = Debug|Any CPU
		{EEDF6DBD-2E45-4E41-B027-B88F8293C56F}.Debug|x86.ActiveCfg = Debug|Any CPU
		{EEDF6DBD-2E45-4E41-B027-B88F8293C56F}.Debug|x86.Build.0 = Debug|Any CPU
		{EEDF6DBD-2E45-4E41-B027-B88F8293C56F}.Release|Any CPU.ActiveCfg = Release|Any CPU
		{EEDF6DBD-2E45-4E41-B027-B88F8293C56F}.Release|Any CPU.Build.0 = Release|Any CPU
		{EEDF6DBD-2E45-4E41-B027-B88F8293C56F}.Release|x64.ActiveCfg = Release|Any CPU
		{EEDF6DBD-2E45-4E41-B027-B88F8293C56F}.Release|x64.Build.0 = Release|Any CPU
		{EEDF6DBD-2E45-4E41-B027-B88F8293C56F}.Release|x86.ActiveCfg = Release|Any CPU
		{EEDF6DBD-2E45-4E41-B027-B88F8293C56F}.Release|x86.Build.0 = Release|Any CPU
		{ADA636E5-76CF-4B43-87C2-F53E37150A8B}.Debug|Any CPU.ActiveCfg = Debug|Any CPU
		{ADA636E5-76CF-4B43-87C2-F53E37150A8B}.Debug|Any CPU.Build.0 = Debug|Any CPU
		{ADA636E5-76CF-4B43-87C2-F53E37150A8B}.Debug|x64.ActiveCfg = Debug|Any CPU
		{ADA636E5-76CF-4B43-87C2-F53E37150A8B}.Debug|x64.Build.0 = Debug|Any CPU
		{ADA636E5-76CF-4B43-87C2-F53E37150A8B}.Debug|x86.ActiveCfg = Debug|Any CPU
		{ADA636E5-76CF-4B43-87C2-F53E37150A8B}.Debug|x86.Build.0 = Debug|Any CPU
		{ADA636E5-76CF-4B43-87C2-F53E37150A8B}.Release|Any CPU.ActiveCfg = Release|Any CPU
		{ADA636E5-76CF-4B43-87C2-F53E37150A8B}.Release|Any CPU.Build.0 = Release|Any CPU
		{ADA636E5-76CF-4B43-87C2-F53E37150A8B}.Release|x64.ActiveCfg = Release|Any CPU
		{ADA636E5-76CF-4B43-87C2-F53E37150A8B}.Release|x64.Build.0 = Release|Any CPU
		{ADA636E5-76CF-4B43-87C2-F53E37150A8B}.Release|x86.ActiveCfg = Release|Any CPU
		{ADA636E5-76CF-4B43-87C2-F53E37150A8B}.Release|x86.Build.0 = Release|Any CPU
		{BEE416A3-8EB2-4415-9518-0D0D58EDA7B3}.Debug|Any CPU.ActiveCfg = Debug|Any CPU
		{BEE416A3-8EB2-4415-9518-0D0D58EDA7B3}.Debug|Any CPU.Build.0 = Debug|Any CPU
		{BEE416A3-8EB2-4415-9518-0D0D58EDA7B3}.Debug|x64.ActiveCfg = Debug|Any CPU
		{BEE416A3-8EB2-4415-9518-0D0D58EDA7B3}.Debug|x64.Build.0 = Debug|Any CPU
		{BEE416A3-8EB2-4415-9518-0D0D58EDA7B3}.Debug|x86.ActiveCfg = Debug|Any CPU
		{BEE416A3-8EB2-4415-9518-0D0D58EDA7B3}.Debug|x86.Build.0 = Debug|Any CPU
		{BEE416A3-8EB2-4415-9518-0D0D58EDA7B3}.Release|Any CPU.ActiveCfg = Release|Any CPU
		{BEE416A3-8EB2-4415-9518-0D0D58EDA7B3}.Release|Any CPU.Build.0 = Release|Any CPU
		{BEE416A3-8EB2-4415-9518-0D0D58EDA7B3}.Release|x64.ActiveCfg = Release|Any CPU
		{BEE416A3-8EB2-4415-9518-0D0D58EDA7B3}.Release|x64.Build.0 = Release|Any CPU
		{BEE416A3-8EB2-4415-9518-0D0D58EDA7B3}.Release|x86.ActiveCfg = Release|Any CPU
		{BEE416A3-8EB2-4415-9518-0D0D58EDA7B3}.Release|x86.Build.0 = Release|Any CPU
		{78EA9F72-72DA-4F0C-A647-B315CF9DBD72}.Debug|Any CPU.ActiveCfg = Debug|Any CPU
		{78EA9F72-72DA-4F0C-A647-B315CF9DBD72}.Debug|Any CPU.Build.0 = Debug|Any CPU
		{78EA9F72-72DA-4F0C-A647-B315CF9DBD72}.Debug|x64.ActiveCfg = Debug|Any CPU
		{78EA9F72-72DA-4F0C-A647-B315CF9DBD72}.Debug|x64.Build.0 = Debug|Any CPU
		{78EA9F72-72DA-4F0C-A647-B315CF9DBD72}.Debug|x86.ActiveCfg = Debug|Any CPU
		{78EA9F72-72DA-4F0C-A647-B315CF9DBD72}.Debug|x86.Build.0 = Debug|Any CPU
		{78EA9F72-72DA-4F0C-A647-B315CF9DBD72}.Release|Any CPU.ActiveCfg = Release|Any CPU
		{78EA9F72-72DA-4F0C-A647-B315CF9DBD72}.Release|Any CPU.Build.0 = Release|Any CPU
		{78EA9F72-72DA-4F0C-A647-B315CF9DBD72}.Release|x64.ActiveCfg = Release|Any CPU
		{78EA9F72-72DA-4F0C-A647-B315CF9DBD72}.Release|x64.Build.0 = Release|Any CPU
		{78EA9F72-72DA-4F0C-A647-B315CF9DBD72}.Release|x86.ActiveCfg = Release|Any CPU
		{78EA9F72-72DA-4F0C-A647-B315CF9DBD72}.Release|x86.Build.0 = Release|Any CPU
		{F4B072C7-1AF9-4ADE-A055-7C0E4257035C}.Debug|Any CPU.ActiveCfg = Debug|Any CPU
		{F4B072C7-1AF9-4ADE-A055-7C0E4257035C}.Debug|Any CPU.Build.0 = Debug|Any CPU
		{F4B072C7-1AF9-4ADE-A055-7C0E4257035C}.Debug|x64.ActiveCfg = Debug|Any CPU
		{F4B072C7-1AF9-4ADE-A055-7C0E4257035C}.Debug|x64.Build.0 = Debug|Any CPU
		{F4B072C7-1AF9-4ADE-A055-7C0E4257035C}.Debug|x86.ActiveCfg = Debug|Any CPU
		{F4B072C7-1AF9-4ADE-A055-7C0E4257035C}.Debug|x86.Build.0 = Debug|Any CPU
		{F4B072C7-1AF9-4ADE-A055-7C0E4257035C}.Release|Any CPU.ActiveCfg = Release|Any CPU
		{F4B072C7-1AF9-4ADE-A055-7C0E4257035C}.Release|Any CPU.Build.0 = Release|Any CPU
		{F4B072C7-1AF9-4ADE-A055-7C0E4257035C}.Release|x64.ActiveCfg = Release|Any CPU
		{F4B072C7-1AF9-4ADE-A055-7C0E4257035C}.Release|x64.Build.0 = Release|Any CPU
		{F4B072C7-1AF9-4ADE-A055-7C0E4257035C}.Release|x86.ActiveCfg = Release|Any CPU
		{F4B072C7-1AF9-4ADE-A055-7C0E4257035C}.Release|x86.Build.0 = Release|Any CPU
		{CCF4C321-DB1D-41D6-AE84-BEA10B1FC967}.Debug|Any CPU.ActiveCfg = Debug|Any CPU
		{CCF4C321-DB1D-41D6-AE84-BEA10B1FC967}.Debug|Any CPU.Build.0 = Debug|Any CPU
		{CCF4C321-DB1D-41D6-AE84-BEA10B1FC967}.Debug|x64.ActiveCfg = Debug|Any CPU
		{CCF4C321-DB1D-41D6-AE84-BEA10B1FC967}.Debug|x64.Build.0 = Debug|Any CPU
		{CCF4C321-DB1D-41D6-AE84-BEA10B1FC967}.Debug|x86.ActiveCfg = Debug|Any CPU
		{CCF4C321-DB1D-41D6-AE84-BEA10B1FC967}.Debug|x86.Build.0 = Debug|Any CPU
		{CCF4C321-DB1D-41D6-AE84-BEA10B1FC967}.Release|Any CPU.ActiveCfg = Release|Any CPU
		{CCF4C321-DB1D-41D6-AE84-BEA10B1FC967}.Release|Any CPU.Build.0 = Release|Any CPU
		{CCF4C321-DB1D-41D6-AE84-BEA10B1FC967}.Release|x64.ActiveCfg = Release|Any CPU
		{CCF4C321-DB1D-41D6-AE84-BEA10B1FC967}.Release|x64.Build.0 = Release|Any CPU
		{CCF4C321-DB1D-41D6-AE84-BEA10B1FC967}.Release|x86.ActiveCfg = Release|Any CPU
		{CCF4C321-DB1D-41D6-AE84-BEA10B1FC967}.Release|x86.Build.0 = Release|Any CPU
		{5375FD38-BB3F-45B6-A42C-E62D7F4C3834}.Debug|Any CPU.ActiveCfg = Debug|Any CPU
		{5375FD38-BB3F-45B6-A42C-E62D7F4C3834}.Debug|Any CPU.Build.0 = Debug|Any CPU
		{5375FD38-BB3F-45B6-A42C-E62D7F4C3834}.Debug|x64.ActiveCfg = Debug|Any CPU
		{5375FD38-BB3F-45B6-A42C-E62D7F4C3834}.Debug|x64.Build.0 = Debug|Any CPU
		{5375FD38-BB3F-45B6-A42C-E62D7F4C3834}.Debug|x86.ActiveCfg = Debug|Any CPU
		{5375FD38-BB3F-45B6-A42C-E62D7F4C3834}.Debug|x86.Build.0 = Debug|Any CPU
		{5375FD38-BB3F-45B6-A42C-E62D7F4C3834}.Release|Any CPU.ActiveCfg = Release|Any CPU
		{5375FD38-BB3F-45B6-A42C-E62D7F4C3834}.Release|Any CPU.Build.0 = Release|Any CPU
		{5375FD38-BB3F-45B6-A42C-E62D7F4C3834}.Release|x64.ActiveCfg = Release|Any CPU
		{5375FD38-BB3F-45B6-A42C-E62D7F4C3834}.Release|x64.Build.0 = Release|Any CPU
		{5375FD38-BB3F-45B6-A42C-E62D7F4C3834}.Release|x86.ActiveCfg = Release|Any CPU
		{5375FD38-BB3F-45B6-A42C-E62D7F4C3834}.Release|x86.Build.0 = Release|Any CPU
		{6D545555-2426-4478-82A9-D756A00F1E39}.Debug|Any CPU.ActiveCfg = Debug|Any CPU
		{6D545555-2426-4478-82A9-D756A00F1E39}.Debug|Any CPU.Build.0 = Debug|Any CPU
		{6D545555-2426-4478-82A9-D756A00F1E39}.Debug|x64.ActiveCfg = Debug|Any CPU
		{6D545555-2426-4478-82A9-D756A00F1E39}.Debug|x64.Build.0 = Debug|Any CPU
		{6D545555-2426-4478-82A9-D756A00F1E39}.Debug|x86.ActiveCfg = Debug|Any CPU
		{6D545555-2426-4478-82A9-D756A00F1E39}.Debug|x86.Build.0 = Debug|Any CPU
		{6D545555-2426-4478-82A9-D756A00F1E39}.Release|Any CPU.ActiveCfg = Release|Any CPU
		{6D545555-2426-4478-82A9-D756A00F1E39}.Release|Any CPU.Build.0 = Release|Any CPU
		{6D545555-2426-4478-82A9-D756A00F1E39}.Release|x64.ActiveCfg = Release|Any CPU
		{6D545555-2426-4478-82A9-D756A00F1E39}.Release|x64.Build.0 = Release|Any CPU
		{6D545555-2426-4478-82A9-D756A00F1E39}.Release|x86.ActiveCfg = Release|Any CPU
		{6D545555-2426-4478-82A9-D756A00F1E39}.Release|x86.Build.0 = Release|Any CPU
		{DAA32E63-80B5-49B6-890E-7A11FDA6A85B}.Debug|Any CPU.ActiveCfg = Debug|Any CPU
		{DAA32E63-80B5-49B6-890E-7A11FDA6A85B}.Debug|Any CPU.Build.0 = Debug|Any CPU
		{DAA32E63-80B5-49B6-890E-7A11FDA6A85B}.Debug|x64.ActiveCfg = Debug|Any CPU
		{DAA32E63-80B5-49B6-890E-7A11FDA6A85B}.Debug|x64.Build.0 = Debug|Any CPU
		{DAA32E63-80B5-49B6-890E-7A11FDA6A85B}.Debug|x86.ActiveCfg = Debug|Any CPU
		{DAA32E63-80B5-49B6-890E-7A11FDA6A85B}.Debug|x86.Build.0 = Debug|Any CPU
		{DAA32E63-80B5-49B6-890E-7A11FDA6A85B}.Release|Any CPU.ActiveCfg = Release|Any CPU
		{DAA32E63-80B5-49B6-890E-7A11FDA6A85B}.Release|Any CPU.Build.0 = Release|Any CPU
		{DAA32E63-80B5-49B6-890E-7A11FDA6A85B}.Release|x64.ActiveCfg = Release|Any CPU
		{DAA32E63-80B5-49B6-890E-7A11FDA6A85B}.Release|x64.Build.0 = Release|Any CPU
		{DAA32E63-80B5-49B6-890E-7A11FDA6A85B}.Release|x86.ActiveCfg = Release|Any CPU
		{DAA32E63-80B5-49B6-890E-7A11FDA6A85B}.Release|x86.Build.0 = Release|Any CPU
		{4D619C55-D348-464D-A0D2-F18427DCAA49}.Debug|Any CPU.ActiveCfg = Debug|Any CPU
		{4D619C55-D348-464D-A0D2-F18427DCAA49}.Debug|Any CPU.Build.0 = Debug|Any CPU
		{4D619C55-D348-464D-A0D2-F18427DCAA49}.Debug|x64.ActiveCfg = Debug|Any CPU
		{4D619C55-D348-464D-A0D2-F18427DCAA49}.Debug|x64.Build.0 = Debug|Any CPU
		{4D619C55-D348-464D-A0D2-F18427DCAA49}.Debug|x86.ActiveCfg = Debug|Any CPU
		{4D619C55-D348-464D-A0D2-F18427DCAA49}.Debug|x86.Build.0 = Debug|Any CPU
		{4D619C55-D348-464D-A0D2-F18427DCAA49}.Release|Any CPU.ActiveCfg = Release|Any CPU
		{4D619C55-D348-464D-A0D2-F18427DCAA49}.Release|Any CPU.Build.0 = Release|Any CPU
		{4D619C55-D348-464D-A0D2-F18427DCAA49}.Release|x64.ActiveCfg = Release|Any CPU
		{4D619C55-D348-464D-A0D2-F18427DCAA49}.Release|x64.Build.0 = Release|Any CPU
		{4D619C55-D348-464D-A0D2-F18427DCAA49}.Release|x86.ActiveCfg = Release|Any CPU
		{4D619C55-D348-464D-A0D2-F18427DCAA49}.Release|x86.Build.0 = Release|Any CPU
		{7290B15D-B0DB-48FA-9A2A-1E8E15447CD2}.Debug|Any CPU.ActiveCfg = Debug|Any CPU
		{7290B15D-B0DB-48FA-9A2A-1E8E15447CD2}.Debug|Any CPU.Build.0 = Debug|Any CPU
		{7290B15D-B0DB-48FA-9A2A-1E8E15447CD2}.Debug|x64.ActiveCfg = Debug|Any CPU
		{7290B15D-B0DB-48FA-9A2A-1E8E15447CD2}.Debug|x64.Build.0 = Debug|Any CPU
		{7290B15D-B0DB-48FA-9A2A-1E8E15447CD2}.Debug|x86.ActiveCfg = Debug|Any CPU
		{7290B15D-B0DB-48FA-9A2A-1E8E15447CD2}.Debug|x86.Build.0 = Debug|Any CPU
		{7290B15D-B0DB-48FA-9A2A-1E8E15447CD2}.Release|Any CPU.ActiveCfg = Release|Any CPU
		{7290B15D-B0DB-48FA-9A2A-1E8E15447CD2}.Release|Any CPU.Build.0 = Release|Any CPU
		{7290B15D-B0DB-48FA-9A2A-1E8E15447CD2}.Release|x64.ActiveCfg = Release|Any CPU
		{7290B15D-B0DB-48FA-9A2A-1E8E15447CD2}.Release|x64.Build.0 = Release|Any CPU
		{7290B15D-B0DB-48FA-9A2A-1E8E15447CD2}.Release|x86.ActiveCfg = Release|Any CPU
		{7290B15D-B0DB-48FA-9A2A-1E8E15447CD2}.Release|x86.Build.0 = Release|Any CPU
		{51D0C76D-9F7F-4213-9BC1-0D7DE060E4AF}.Debug|Any CPU.ActiveCfg = Debug|Any CPU
		{51D0C76D-9F7F-4213-9BC1-0D7DE060E4AF}.Debug|Any CPU.Build.0 = Debug|Any CPU
		{51D0C76D-9F7F-4213-9BC1-0D7DE060E4AF}.Debug|x64.ActiveCfg = Debug|Any CPU
		{51D0C76D-9F7F-4213-9BC1-0D7DE060E4AF}.Debug|x64.Build.0 = Debug|Any CPU
		{51D0C76D-9F7F-4213-9BC1-0D7DE060E4AF}.Debug|x86.ActiveCfg = Debug|Any CPU
		{51D0C76D-9F7F-4213-9BC1-0D7DE060E4AF}.Debug|x86.Build.0 = Debug|Any CPU
		{51D0C76D-9F7F-4213-9BC1-0D7DE060E4AF}.Release|Any CPU.ActiveCfg = Release|Any CPU
		{51D0C76D-9F7F-4213-9BC1-0D7DE060E4AF}.Release|Any CPU.Build.0 = Release|Any CPU
		{51D0C76D-9F7F-4213-9BC1-0D7DE060E4AF}.Release|x64.ActiveCfg = Release|Any CPU
		{51D0C76D-9F7F-4213-9BC1-0D7DE060E4AF}.Release|x64.Build.0 = Release|Any CPU
		{51D0C76D-9F7F-4213-9BC1-0D7DE060E4AF}.Release|x86.ActiveCfg = Release|Any CPU
		{51D0C76D-9F7F-4213-9BC1-0D7DE060E4AF}.Release|x86.Build.0 = Release|Any CPU
		{6C460E51-98B2-4DD7-B4FC-C25C6C3F739E}.Debug|Any CPU.ActiveCfg = Debug|Any CPU
		{6C460E51-98B2-4DD7-B4FC-C25C6C3F739E}.Debug|Any CPU.Build.0 = Debug|Any CPU
		{6C460E51-98B2-4DD7-B4FC-C25C6C3F739E}.Debug|x64.ActiveCfg = Debug|Any CPU
		{6C460E51-98B2-4DD7-B4FC-C25C6C3F739E}.Debug|x64.Build.0 = Debug|Any CPU
		{6C460E51-98B2-4DD7-B4FC-C25C6C3F739E}.Debug|x86.ActiveCfg = Debug|Any CPU
		{6C460E51-98B2-4DD7-B4FC-C25C6C3F739E}.Debug|x86.Build.0 = Debug|Any CPU
		{6C460E51-98B2-4DD7-B4FC-C25C6C3F739E}.Release|Any CPU.ActiveCfg = Release|Any CPU
		{6C460E51-98B2-4DD7-B4FC-C25C6C3F739E}.Release|Any CPU.Build.0 = Release|Any CPU
		{6C460E51-98B2-4DD7-B4FC-C25C6C3F739E}.Release|x64.ActiveCfg = Release|Any CPU
		{6C460E51-98B2-4DD7-B4FC-C25C6C3F739E}.Release|x64.Build.0 = Release|Any CPU
		{6C460E51-98B2-4DD7-B4FC-C25C6C3F739E}.Release|x86.ActiveCfg = Release|Any CPU
		{6C460E51-98B2-4DD7-B4FC-C25C6C3F739E}.Release|x86.Build.0 = Release|Any CPU
		{3F45C828-B6C2-4D16-90DA-F8D034EC11D5}.Debug|Any CPU.ActiveCfg = Debug|Any CPU
		{3F45C828-B6C2-4D16-90DA-F8D034EC11D5}.Debug|Any CPU.Build.0 = Debug|Any CPU
		{3F45C828-B6C2-4D16-90DA-F8D034EC11D5}.Debug|x64.ActiveCfg = Debug|Any CPU
		{3F45C828-B6C2-4D16-90DA-F8D034EC11D5}.Debug|x64.Build.0 = Debug|Any CPU
		{3F45C828-B6C2-4D16-90DA-F8D034EC11D5}.Debug|x86.ActiveCfg = Debug|Any CPU
		{3F45C828-B6C2-4D16-90DA-F8D034EC11D5}.Debug|x86.Build.0 = Debug|Any CPU
		{3F45C828-B6C2-4D16-90DA-F8D034EC11D5}.Release|Any CPU.ActiveCfg = Release|Any CPU
		{3F45C828-B6C2-4D16-90DA-F8D034EC11D5}.Release|Any CPU.Build.0 = Release|Any CPU
		{3F45C828-B6C2-4D16-90DA-F8D034EC11D5}.Release|x64.ActiveCfg = Release|Any CPU
		{3F45C828-B6C2-4D16-90DA-F8D034EC11D5}.Release|x64.Build.0 = Release|Any CPU
		{3F45C828-B6C2-4D16-90DA-F8D034EC11D5}.Release|x86.ActiveCfg = Release|Any CPU
		{3F45C828-B6C2-4D16-90DA-F8D034EC11D5}.Release|x86.Build.0 = Release|Any CPU
		{8D556317-7C2B-445A-AE5E-92FF04969031}.Debug|Any CPU.ActiveCfg = Debug|Any CPU
		{8D556317-7C2B-445A-AE5E-92FF04969031}.Debug|Any CPU.Build.0 = Debug|Any CPU
		{8D556317-7C2B-445A-AE5E-92FF04969031}.Debug|x64.ActiveCfg = Debug|Any CPU
		{8D556317-7C2B-445A-AE5E-92FF04969031}.Debug|x64.Build.0 = Debug|Any CPU
		{8D556317-7C2B-445A-AE5E-92FF04969031}.Debug|x86.ActiveCfg = Debug|Any CPU
		{8D556317-7C2B-445A-AE5E-92FF04969031}.Debug|x86.Build.0 = Debug|Any CPU
		{8D556317-7C2B-445A-AE5E-92FF04969031}.Release|Any CPU.ActiveCfg = Release|Any CPU
		{8D556317-7C2B-445A-AE5E-92FF04969031}.Release|Any CPU.Build.0 = Release|Any CPU
		{8D556317-7C2B-445A-AE5E-92FF04969031}.Release|x64.ActiveCfg = Release|Any CPU
		{8D556317-7C2B-445A-AE5E-92FF04969031}.Release|x64.Build.0 = Release|Any CPU
		{8D556317-7C2B-445A-AE5E-92FF04969031}.Release|x86.ActiveCfg = Release|Any CPU
		{8D556317-7C2B-445A-AE5E-92FF04969031}.Release|x86.Build.0 = Release|Any CPU
		{7B827585-4F7A-473B-B994-681BE96B0C04}.Debug|Any CPU.ActiveCfg = Debug|Any CPU
		{7B827585-4F7A-473B-B994-681BE96B0C04}.Debug|Any CPU.Build.0 = Debug|Any CPU
		{7B827585-4F7A-473B-B994-681BE96B0C04}.Debug|x64.ActiveCfg = Debug|Any CPU
		{7B827585-4F7A-473B-B994-681BE96B0C04}.Debug|x64.Build.0 = Debug|Any CPU
		{7B827585-4F7A-473B-B994-681BE96B0C04}.Debug|x86.ActiveCfg = Debug|Any CPU
		{7B827585-4F7A-473B-B994-681BE96B0C04}.Debug|x86.Build.0 = Debug|Any CPU
		{7B827585-4F7A-473B-B994-681BE96B0C04}.Release|Any CPU.ActiveCfg = Release|Any CPU
		{7B827585-4F7A-473B-B994-681BE96B0C04}.Release|Any CPU.Build.0 = Release|Any CPU
		{7B827585-4F7A-473B-B994-681BE96B0C04}.Release|x64.ActiveCfg = Release|Any CPU
		{7B827585-4F7A-473B-B994-681BE96B0C04}.Release|x64.Build.0 = Release|Any CPU
		{7B827585-4F7A-473B-B994-681BE96B0C04}.Release|x86.ActiveCfg = Release|Any CPU
		{7B827585-4F7A-473B-B994-681BE96B0C04}.Release|x86.Build.0 = Release|Any CPU
		{3F133394-CF28-4110-BA3D-EBF404208A81}.Debug|Any CPU.ActiveCfg = Debug|Any CPU
		{3F133394-CF28-4110-BA3D-EBF404208A81}.Debug|Any CPU.Build.0 = Debug|Any CPU
		{3F133394-CF28-4110-BA3D-EBF404208A81}.Debug|x64.ActiveCfg = Debug|Any CPU
		{3F133394-CF28-4110-BA3D-EBF404208A81}.Debug|x64.Build.0 = Debug|Any CPU
		{3F133394-CF28-4110-BA3D-EBF404208A81}.Debug|x86.ActiveCfg = Debug|Any CPU
		{3F133394-CF28-4110-BA3D-EBF404208A81}.Debug|x86.Build.0 = Debug|Any CPU
		{3F133394-CF28-4110-BA3D-EBF404208A81}.Release|Any CPU.ActiveCfg = Release|Any CPU
		{3F133394-CF28-4110-BA3D-EBF404208A81}.Release|Any CPU.Build.0 = Release|Any CPU
		{3F133394-CF28-4110-BA3D-EBF404208A81}.Release|x64.ActiveCfg = Release|Any CPU
		{3F133394-CF28-4110-BA3D-EBF404208A81}.Release|x64.Build.0 = Release|Any CPU
		{3F133394-CF28-4110-BA3D-EBF404208A81}.Release|x86.ActiveCfg = Release|Any CPU
		{3F133394-CF28-4110-BA3D-EBF404208A81}.Release|x86.Build.0 = Release|Any CPU
		{06DE9A76-034B-4975-8365-A7F88EF7954E}.Debug|Any CPU.ActiveCfg = Debug|Any CPU
		{06DE9A76-034B-4975-8365-A7F88EF7954E}.Debug|Any CPU.Build.0 = Debug|Any CPU
		{06DE9A76-034B-4975-8365-A7F88EF7954E}.Debug|x64.ActiveCfg = Debug|Any CPU
		{06DE9A76-034B-4975-8365-A7F88EF7954E}.Debug|x64.Build.0 = Debug|Any CPU
		{06DE9A76-034B-4975-8365-A7F88EF7954E}.Debug|x86.ActiveCfg = Debug|Any CPU
		{06DE9A76-034B-4975-8365-A7F88EF7954E}.Debug|x86.Build.0 = Debug|Any CPU
		{06DE9A76-034B-4975-8365-A7F88EF7954E}.Release|Any CPU.ActiveCfg = Release|Any CPU
		{06DE9A76-034B-4975-8365-A7F88EF7954E}.Release|Any CPU.Build.0 = Release|Any CPU
		{06DE9A76-034B-4975-8365-A7F88EF7954E}.Release|x64.ActiveCfg = Release|Any CPU
		{06DE9A76-034B-4975-8365-A7F88EF7954E}.Release|x64.Build.0 = Release|Any CPU
		{06DE9A76-034B-4975-8365-A7F88EF7954E}.Release|x86.ActiveCfg = Release|Any CPU
		{06DE9A76-034B-4975-8365-A7F88EF7954E}.Release|x86.Build.0 = Release|Any CPU
		{2E79D304-47AE-4D7F-8E32-C08A106C5F72}.Debug|Any CPU.ActiveCfg = Debug|Any CPU
		{2E79D304-47AE-4D7F-8E32-C08A106C5F72}.Debug|Any CPU.Build.0 = Debug|Any CPU
		{2E79D304-47AE-4D7F-8E32-C08A106C5F72}.Debug|x64.ActiveCfg = Debug|Any CPU
		{2E79D304-47AE-4D7F-8E32-C08A106C5F72}.Debug|x64.Build.0 = Debug|Any CPU
		{2E79D304-47AE-4D7F-8E32-C08A106C5F72}.Debug|x86.ActiveCfg = Debug|Any CPU
		{2E79D304-47AE-4D7F-8E32-C08A106C5F72}.Debug|x86.Build.0 = Debug|Any CPU
		{2E79D304-47AE-4D7F-8E32-C08A106C5F72}.Release|Any CPU.ActiveCfg = Release|Any CPU
		{2E79D304-47AE-4D7F-8E32-C08A106C5F72}.Release|Any CPU.Build.0 = Release|Any CPU
		{2E79D304-47AE-4D7F-8E32-C08A106C5F72}.Release|x64.ActiveCfg = Release|Any CPU
		{2E79D304-47AE-4D7F-8E32-C08A106C5F72}.Release|x64.Build.0 = Release|Any CPU
		{2E79D304-47AE-4D7F-8E32-C08A106C5F72}.Release|x86.ActiveCfg = Release|Any CPU
		{2E79D304-47AE-4D7F-8E32-C08A106C5F72}.Release|x86.Build.0 = Release|Any CPU
		{7DD7AD0F-07EE-438F-8032-B0BB40F26E85}.Debug|Any CPU.ActiveCfg = Debug|Any CPU
		{7DD7AD0F-07EE-438F-8032-B0BB40F26E85}.Debug|Any CPU.Build.0 = Debug|Any CPU
		{7DD7AD0F-07EE-438F-8032-B0BB40F26E85}.Debug|x64.ActiveCfg = Debug|Any CPU
		{7DD7AD0F-07EE-438F-8032-B0BB40F26E85}.Debug|x64.Build.0 = Debug|Any CPU
		{7DD7AD0F-07EE-438F-8032-B0BB40F26E85}.Debug|x86.ActiveCfg = Debug|Any CPU
		{7DD7AD0F-07EE-438F-8032-B0BB40F26E85}.Debug|x86.Build.0 = Debug|Any CPU
		{7DD7AD0F-07EE-438F-8032-B0BB40F26E85}.Release|Any CPU.ActiveCfg = Release|Any CPU
		{7DD7AD0F-07EE-438F-8032-B0BB40F26E85}.Release|Any CPU.Build.0 = Release|Any CPU
		{7DD7AD0F-07EE-438F-8032-B0BB40F26E85}.Release|x64.ActiveCfg = Release|Any CPU
		{7DD7AD0F-07EE-438F-8032-B0BB40F26E85}.Release|x64.Build.0 = Release|Any CPU
		{7DD7AD0F-07EE-438F-8032-B0BB40F26E85}.Release|x86.ActiveCfg = Release|Any CPU
		{7DD7AD0F-07EE-438F-8032-B0BB40F26E85}.Release|x86.Build.0 = Release|Any CPU
		{4856749F-880C-4F3E-B9C9-4E79ADAD09A6}.Debug|Any CPU.ActiveCfg = Debug|Any CPU
		{4856749F-880C-4F3E-B9C9-4E79ADAD09A6}.Debug|Any CPU.Build.0 = Debug|Any CPU
		{4856749F-880C-4F3E-B9C9-4E79ADAD09A6}.Debug|x64.ActiveCfg = Debug|Any CPU
		{4856749F-880C-4F3E-B9C9-4E79ADAD09A6}.Debug|x64.Build.0 = Debug|Any CPU
		{4856749F-880C-4F3E-B9C9-4E79ADAD09A6}.Debug|x86.ActiveCfg = Debug|Any CPU
		{4856749F-880C-4F3E-B9C9-4E79ADAD09A6}.Debug|x86.Build.0 = Debug|Any CPU
		{4856749F-880C-4F3E-B9C9-4E79ADAD09A6}.Release|Any CPU.ActiveCfg = Release|Any CPU
		{4856749F-880C-4F3E-B9C9-4E79ADAD09A6}.Release|Any CPU.Build.0 = Release|Any CPU
		{4856749F-880C-4F3E-B9C9-4E79ADAD09A6}.Release|x64.ActiveCfg = Release|Any CPU
		{4856749F-880C-4F3E-B9C9-4E79ADAD09A6}.Release|x64.Build.0 = Release|Any CPU
		{4856749F-880C-4F3E-B9C9-4E79ADAD09A6}.Release|x86.ActiveCfg = Release|Any CPU
		{4856749F-880C-4F3E-B9C9-4E79ADAD09A6}.Release|x86.Build.0 = Release|Any CPU
		{688708D6-CF24-452C-BBFD-59161F982AA0}.Debug|Any CPU.ActiveCfg = Debug|Any CPU
		{688708D6-CF24-452C-BBFD-59161F982AA0}.Debug|Any CPU.Build.0 = Debug|Any CPU
		{688708D6-CF24-452C-BBFD-59161F982AA0}.Debug|x64.ActiveCfg = Debug|Any CPU
		{688708D6-CF24-452C-BBFD-59161F982AA0}.Debug|x64.Build.0 = Debug|Any CPU
		{688708D6-CF24-452C-BBFD-59161F982AA0}.Debug|x86.ActiveCfg = Debug|Any CPU
		{688708D6-CF24-452C-BBFD-59161F982AA0}.Debug|x86.Build.0 = Debug|Any CPU
		{688708D6-CF24-452C-BBFD-59161F982AA0}.Release|Any CPU.ActiveCfg = Release|Any CPU
		{688708D6-CF24-452C-BBFD-59161F982AA0}.Release|Any CPU.Build.0 = Release|Any CPU
		{688708D6-CF24-452C-BBFD-59161F982AA0}.Release|x64.ActiveCfg = Release|Any CPU
		{688708D6-CF24-452C-BBFD-59161F982AA0}.Release|x64.Build.0 = Release|Any CPU
		{688708D6-CF24-452C-BBFD-59161F982AA0}.Release|x86.ActiveCfg = Release|Any CPU
		{688708D6-CF24-452C-BBFD-59161F982AA0}.Release|x86.Build.0 = Release|Any CPU
		{7BEFAEE8-4F24-434B-ABEA-4E904804266C}.Debug|Any CPU.ActiveCfg = Debug|Any CPU
		{7BEFAEE8-4F24-434B-ABEA-4E904804266C}.Debug|Any CPU.Build.0 = Debug|Any CPU
		{7BEFAEE8-4F24-434B-ABEA-4E904804266C}.Debug|x64.ActiveCfg = Debug|Any CPU
		{7BEFAEE8-4F24-434B-ABEA-4E904804266C}.Debug|x64.Build.0 = Debug|Any CPU
		{7BEFAEE8-4F24-434B-ABEA-4E904804266C}.Debug|x86.ActiveCfg = Debug|Any CPU
		{7BEFAEE8-4F24-434B-ABEA-4E904804266C}.Debug|x86.Build.0 = Debug|Any CPU
		{7BEFAEE8-4F24-434B-ABEA-4E904804266C}.Release|Any CPU.ActiveCfg = Release|Any CPU
		{7BEFAEE8-4F24-434B-ABEA-4E904804266C}.Release|Any CPU.Build.0 = Release|Any CPU
		{7BEFAEE8-4F24-434B-ABEA-4E904804266C}.Release|x64.ActiveCfg = Release|Any CPU
		{7BEFAEE8-4F24-434B-ABEA-4E904804266C}.Release|x64.Build.0 = Release|Any CPU
		{7BEFAEE8-4F24-434B-ABEA-4E904804266C}.Release|x86.ActiveCfg = Release|Any CPU
		{7BEFAEE8-4F24-434B-ABEA-4E904804266C}.Release|x86.Build.0 = Release|Any CPU
		{C63011EA-2C53-495B-96F8-71124DB6236C}.Debug|Any CPU.ActiveCfg = Debug|Any CPU
		{C63011EA-2C53-495B-96F8-71124DB6236C}.Debug|Any CPU.Build.0 = Debug|Any CPU
		{C63011EA-2C53-495B-96F8-71124DB6236C}.Debug|x64.ActiveCfg = Debug|Any CPU
		{C63011EA-2C53-495B-96F8-71124DB6236C}.Debug|x64.Build.0 = Debug|Any CPU
		{C63011EA-2C53-495B-96F8-71124DB6236C}.Debug|x86.ActiveCfg = Debug|Any CPU
		{C63011EA-2C53-495B-96F8-71124DB6236C}.Debug|x86.Build.0 = Debug|Any CPU
		{C63011EA-2C53-495B-96F8-71124DB6236C}.Release|Any CPU.ActiveCfg = Release|Any CPU
		{C63011EA-2C53-495B-96F8-71124DB6236C}.Release|Any CPU.Build.0 = Release|Any CPU
		{C63011EA-2C53-495B-96F8-71124DB6236C}.Release|x64.ActiveCfg = Release|Any CPU
		{C63011EA-2C53-495B-96F8-71124DB6236C}.Release|x64.Build.0 = Release|Any CPU
		{C63011EA-2C53-495B-96F8-71124DB6236C}.Release|x86.ActiveCfg = Release|Any CPU
		{C63011EA-2C53-495B-96F8-71124DB6236C}.Release|x86.Build.0 = Release|Any CPU
		{52FCB145-BC6E-4B50-AE2A-C51C3466EB92}.Debug|Any CPU.ActiveCfg = Debug|Any CPU
		{52FCB145-BC6E-4B50-AE2A-C51C3466EB92}.Debug|Any CPU.Build.0 = Debug|Any CPU
		{52FCB145-BC6E-4B50-AE2A-C51C3466EB92}.Debug|x64.ActiveCfg = Debug|Any CPU
		{52FCB145-BC6E-4B50-AE2A-C51C3466EB92}.Debug|x64.Build.0 = Debug|Any CPU
		{52FCB145-BC6E-4B50-AE2A-C51C3466EB92}.Debug|x86.ActiveCfg = Debug|Any CPU
		{52FCB145-BC6E-4B50-AE2A-C51C3466EB92}.Debug|x86.Build.0 = Debug|Any CPU
		{52FCB145-BC6E-4B50-AE2A-C51C3466EB92}.Release|Any CPU.ActiveCfg = Release|Any CPU
		{52FCB145-BC6E-4B50-AE2A-C51C3466EB92}.Release|Any CPU.Build.0 = Release|Any CPU
		{52FCB145-BC6E-4B50-AE2A-C51C3466EB92}.Release|x64.ActiveCfg = Release|Any CPU
		{52FCB145-BC6E-4B50-AE2A-C51C3466EB92}.Release|x64.Build.0 = Release|Any CPU
		{52FCB145-BC6E-4B50-AE2A-C51C3466EB92}.Release|x86.ActiveCfg = Release|Any CPU
		{52FCB145-BC6E-4B50-AE2A-C51C3466EB92}.Release|x86.Build.0 = Release|Any CPU
		{70705814-2618-48A3-AD93-EF77089BE7B3}.Debug|Any CPU.ActiveCfg = Debug|Any CPU
		{70705814-2618-48A3-AD93-EF77089BE7B3}.Debug|Any CPU.Build.0 = Debug|Any CPU
		{70705814-2618-48A3-AD93-EF77089BE7B3}.Debug|x64.ActiveCfg = Debug|Any CPU
		{70705814-2618-48A3-AD93-EF77089BE7B3}.Debug|x64.Build.0 = Debug|Any CPU
		{70705814-2618-48A3-AD93-EF77089BE7B3}.Debug|x86.ActiveCfg = Debug|Any CPU
		{70705814-2618-48A3-AD93-EF77089BE7B3}.Debug|x86.Build.0 = Debug|Any CPU
		{70705814-2618-48A3-AD93-EF77089BE7B3}.Release|Any CPU.ActiveCfg = Release|Any CPU
		{70705814-2618-48A3-AD93-EF77089BE7B3}.Release|Any CPU.Build.0 = Release|Any CPU
		{70705814-2618-48A3-AD93-EF77089BE7B3}.Release|x64.ActiveCfg = Release|Any CPU
		{70705814-2618-48A3-AD93-EF77089BE7B3}.Release|x64.Build.0 = Release|Any CPU
		{70705814-2618-48A3-AD93-EF77089BE7B3}.Release|x86.ActiveCfg = Release|Any CPU
		{70705814-2618-48A3-AD93-EF77089BE7B3}.Release|x86.Build.0 = Release|Any CPU
		{AF0ACDAF-CE5D-4D1E-BD7F-D05397931B90}.Debug|Any CPU.ActiveCfg = Debug|Any CPU
		{AF0ACDAF-CE5D-4D1E-BD7F-D05397931B90}.Debug|Any CPU.Build.0 = Debug|Any CPU
		{AF0ACDAF-CE5D-4D1E-BD7F-D05397931B90}.Debug|x64.ActiveCfg = Debug|Any CPU
		{AF0ACDAF-CE5D-4D1E-BD7F-D05397931B90}.Debug|x64.Build.0 = Debug|Any CPU
		{AF0ACDAF-CE5D-4D1E-BD7F-D05397931B90}.Debug|x86.ActiveCfg = Debug|Any CPU
		{AF0ACDAF-CE5D-4D1E-BD7F-D05397931B90}.Debug|x86.Build.0 = Debug|Any CPU
		{AF0ACDAF-CE5D-4D1E-BD7F-D05397931B90}.Release|Any CPU.ActiveCfg = Release|Any CPU
		{AF0ACDAF-CE5D-4D1E-BD7F-D05397931B90}.Release|Any CPU.Build.0 = Release|Any CPU
		{AF0ACDAF-CE5D-4D1E-BD7F-D05397931B90}.Release|x64.ActiveCfg = Release|Any CPU
		{AF0ACDAF-CE5D-4D1E-BD7F-D05397931B90}.Release|x64.Build.0 = Release|Any CPU
		{AF0ACDAF-CE5D-4D1E-BD7F-D05397931B90}.Release|x86.ActiveCfg = Release|Any CPU
		{AF0ACDAF-CE5D-4D1E-BD7F-D05397931B90}.Release|x86.Build.0 = Release|Any CPU
		{BFE98A28-8B88-4CC6-BECF-324D0D4CD760}.Debug|Any CPU.ActiveCfg = Debug|Any CPU
		{BFE98A28-8B88-4CC6-BECF-324D0D4CD760}.Debug|Any CPU.Build.0 = Debug|Any CPU
		{BFE98A28-8B88-4CC6-BECF-324D0D4CD760}.Debug|x64.ActiveCfg = Debug|Any CPU
		{BFE98A28-8B88-4CC6-BECF-324D0D4CD760}.Debug|x64.Build.0 = Debug|Any CPU
		{BFE98A28-8B88-4CC6-BECF-324D0D4CD760}.Debug|x86.ActiveCfg = Debug|Any CPU
		{BFE98A28-8B88-4CC6-BECF-324D0D4CD760}.Debug|x86.Build.0 = Debug|Any CPU
		{BFE98A28-8B88-4CC6-BECF-324D0D4CD760}.Release|Any CPU.ActiveCfg = Release|Any CPU
		{BFE98A28-8B88-4CC6-BECF-324D0D4CD760}.Release|Any CPU.Build.0 = Release|Any CPU
		{BFE98A28-8B88-4CC6-BECF-324D0D4CD760}.Release|x64.ActiveCfg = Release|Any CPU
		{BFE98A28-8B88-4CC6-BECF-324D0D4CD760}.Release|x64.Build.0 = Release|Any CPU
		{BFE98A28-8B88-4CC6-BECF-324D0D4CD760}.Release|x86.ActiveCfg = Release|Any CPU
		{BFE98A28-8B88-4CC6-BECF-324D0D4CD760}.Release|x86.Build.0 = Release|Any CPU
		{80757BB7-48FF-4EE0-9CBF-AF49B20D07E4}.Debug|Any CPU.ActiveCfg = Debug|Any CPU
		{80757BB7-48FF-4EE0-9CBF-AF49B20D07E4}.Debug|Any CPU.Build.0 = Debug|Any CPU
		{80757BB7-48FF-4EE0-9CBF-AF49B20D07E4}.Debug|x64.ActiveCfg = Debug|Any CPU
		{80757BB7-48FF-4EE0-9CBF-AF49B20D07E4}.Debug|x64.Build.0 = Debug|Any CPU
		{80757BB7-48FF-4EE0-9CBF-AF49B20D07E4}.Debug|x86.ActiveCfg = Debug|Any CPU
		{80757BB7-48FF-4EE0-9CBF-AF49B20D07E4}.Debug|x86.Build.0 = Debug|Any CPU
		{80757BB7-48FF-4EE0-9CBF-AF49B20D07E4}.Release|Any CPU.ActiveCfg = Release|Any CPU
		{80757BB7-48FF-4EE0-9CBF-AF49B20D07E4}.Release|Any CPU.Build.0 = Release|Any CPU
		{80757BB7-48FF-4EE0-9CBF-AF49B20D07E4}.Release|x64.ActiveCfg = Release|Any CPU
		{80757BB7-48FF-4EE0-9CBF-AF49B20D07E4}.Release|x64.Build.0 = Release|Any CPU
		{80757BB7-48FF-4EE0-9CBF-AF49B20D07E4}.Release|x86.ActiveCfg = Release|Any CPU
		{80757BB7-48FF-4EE0-9CBF-AF49B20D07E4}.Release|x86.Build.0 = Release|Any CPU
		{32843515-FAED-4839-AC7E-F9CD7DAAA790}.Debug|Any CPU.ActiveCfg = Debug|Any CPU
		{32843515-FAED-4839-AC7E-F9CD7DAAA790}.Debug|Any CPU.Build.0 = Debug|Any CPU
		{32843515-FAED-4839-AC7E-F9CD7DAAA790}.Debug|x64.ActiveCfg = Debug|Any CPU
		{32843515-FAED-4839-AC7E-F9CD7DAAA790}.Debug|x64.Build.0 = Debug|Any CPU
		{32843515-FAED-4839-AC7E-F9CD7DAAA790}.Debug|x86.ActiveCfg = Debug|Any CPU
		{32843515-FAED-4839-AC7E-F9CD7DAAA790}.Debug|x86.Build.0 = Debug|Any CPU
		{32843515-FAED-4839-AC7E-F9CD7DAAA790}.Release|Any CPU.ActiveCfg = Release|Any CPU
		{32843515-FAED-4839-AC7E-F9CD7DAAA790}.Release|Any CPU.Build.0 = Release|Any CPU
		{32843515-FAED-4839-AC7E-F9CD7DAAA790}.Release|x64.ActiveCfg = Release|Any CPU
		{32843515-FAED-4839-AC7E-F9CD7DAAA790}.Release|x64.Build.0 = Release|Any CPU
		{32843515-FAED-4839-AC7E-F9CD7DAAA790}.Release|x86.ActiveCfg = Release|Any CPU
		{32843515-FAED-4839-AC7E-F9CD7DAAA790}.Release|x86.Build.0 = Release|Any CPU
		{8EAF4EA2-9A3C-460F-9833-048CAACC4B03}.Debug|Any CPU.ActiveCfg = Debug|Any CPU
		{8EAF4EA2-9A3C-460F-9833-048CAACC4B03}.Debug|Any CPU.Build.0 = Debug|Any CPU
		{8EAF4EA2-9A3C-460F-9833-048CAACC4B03}.Debug|x64.ActiveCfg = Debug|Any CPU
		{8EAF4EA2-9A3C-460F-9833-048CAACC4B03}.Debug|x64.Build.0 = Debug|Any CPU
		{8EAF4EA2-9A3C-460F-9833-048CAACC4B03}.Debug|x86.ActiveCfg = Debug|Any CPU
		{8EAF4EA2-9A3C-460F-9833-048CAACC4B03}.Debug|x86.Build.0 = Debug|Any CPU
		{8EAF4EA2-9A3C-460F-9833-048CAACC4B03}.Release|Any CPU.ActiveCfg = Release|Any CPU
		{8EAF4EA2-9A3C-460F-9833-048CAACC4B03}.Release|Any CPU.Build.0 = Release|Any CPU
		{8EAF4EA2-9A3C-460F-9833-048CAACC4B03}.Release|x64.ActiveCfg = Release|Any CPU
		{8EAF4EA2-9A3C-460F-9833-048CAACC4B03}.Release|x64.Build.0 = Release|Any CPU
		{8EAF4EA2-9A3C-460F-9833-048CAACC4B03}.Release|x86.ActiveCfg = Release|Any CPU
		{8EAF4EA2-9A3C-460F-9833-048CAACC4B03}.Release|x86.Build.0 = Release|Any CPU
		{9C53738D-7046-489E-8CFC-378CD7E9FA5A}.Debug|Any CPU.ActiveCfg = Debug|Any CPU
		{9C53738D-7046-489E-8CFC-378CD7E9FA5A}.Debug|Any CPU.Build.0 = Debug|Any CPU
		{9C53738D-7046-489E-8CFC-378CD7E9FA5A}.Debug|x64.ActiveCfg = Debug|Any CPU
		{9C53738D-7046-489E-8CFC-378CD7E9FA5A}.Debug|x64.Build.0 = Debug|Any CPU
		{9C53738D-7046-489E-8CFC-378CD7E9FA5A}.Debug|x86.ActiveCfg = Debug|Any CPU
		{9C53738D-7046-489E-8CFC-378CD7E9FA5A}.Debug|x86.Build.0 = Debug|Any CPU
		{9C53738D-7046-489E-8CFC-378CD7E9FA5A}.Release|Any CPU.ActiveCfg = Release|Any CPU
		{9C53738D-7046-489E-8CFC-378CD7E9FA5A}.Release|Any CPU.Build.0 = Release|Any CPU
		{9C53738D-7046-489E-8CFC-378CD7E9FA5A}.Release|x64.ActiveCfg = Release|Any CPU
		{9C53738D-7046-489E-8CFC-378CD7E9FA5A}.Release|x64.Build.0 = Release|Any CPU
		{9C53738D-7046-489E-8CFC-378CD7E9FA5A}.Release|x86.ActiveCfg = Release|Any CPU
		{9C53738D-7046-489E-8CFC-378CD7E9FA5A}.Release|x86.Build.0 = Release|Any CPU
		{9E6BBE46-3BA6-4CC6-8F3D-58FCBF3AA946}.Debug|Any CPU.ActiveCfg = Debug|Any CPU
		{9E6BBE46-3BA6-4CC6-8F3D-58FCBF3AA946}.Debug|Any CPU.Build.0 = Debug|Any CPU
		{9E6BBE46-3BA6-4CC6-8F3D-58FCBF3AA946}.Debug|x64.ActiveCfg = Debug|Any CPU
		{9E6BBE46-3BA6-4CC6-8F3D-58FCBF3AA946}.Debug|x64.Build.0 = Debug|Any CPU
		{9E6BBE46-3BA6-4CC6-8F3D-58FCBF3AA946}.Debug|x86.ActiveCfg = Debug|Any CPU
		{9E6BBE46-3BA6-4CC6-8F3D-58FCBF3AA946}.Debug|x86.Build.0 = Debug|Any CPU
		{9E6BBE46-3BA6-4CC6-8F3D-58FCBF3AA946}.Release|Any CPU.ActiveCfg = Release|Any CPU
		{9E6BBE46-3BA6-4CC6-8F3D-58FCBF3AA946}.Release|Any CPU.Build.0 = Release|Any CPU
		{9E6BBE46-3BA6-4CC6-8F3D-58FCBF3AA946}.Release|x64.ActiveCfg = Release|Any CPU
		{9E6BBE46-3BA6-4CC6-8F3D-58FCBF3AA946}.Release|x64.Build.0 = Release|Any CPU
		{9E6BBE46-3BA6-4CC6-8F3D-58FCBF3AA946}.Release|x86.ActiveCfg = Release|Any CPU
		{9E6BBE46-3BA6-4CC6-8F3D-58FCBF3AA946}.Release|x86.Build.0 = Release|Any CPU
		{8702472A-D791-4ADA-83A4-2A272E90F162}.Debug|Any CPU.ActiveCfg = Debug|Any CPU
		{8702472A-D791-4ADA-83A4-2A272E90F162}.Debug|Any CPU.Build.0 = Debug|Any CPU
		{8702472A-D791-4ADA-83A4-2A272E90F162}.Debug|x64.ActiveCfg = Debug|Any CPU
		{8702472A-D791-4ADA-83A4-2A272E90F162}.Debug|x64.Build.0 = Debug|Any CPU
		{8702472A-D791-4ADA-83A4-2A272E90F162}.Debug|x86.ActiveCfg = Debug|Any CPU
		{8702472A-D791-4ADA-83A4-2A272E90F162}.Debug|x86.Build.0 = Debug|Any CPU
		{8702472A-D791-4ADA-83A4-2A272E90F162}.Release|Any CPU.ActiveCfg = Release|Any CPU
		{8702472A-D791-4ADA-83A4-2A272E90F162}.Release|Any CPU.Build.0 = Release|Any CPU
		{8702472A-D791-4ADA-83A4-2A272E90F162}.Release|x64.ActiveCfg = Release|Any CPU
		{8702472A-D791-4ADA-83A4-2A272E90F162}.Release|x64.Build.0 = Release|Any CPU
		{8702472A-D791-4ADA-83A4-2A272E90F162}.Release|x86.ActiveCfg = Release|Any CPU
		{8702472A-D791-4ADA-83A4-2A272E90F162}.Release|x86.Build.0 = Release|Any CPU
		{86432CF1-F12B-488F-8F03-DA7978ACBDBB}.Debug|Any CPU.ActiveCfg = Debug|Any CPU
		{86432CF1-F12B-488F-8F03-DA7978ACBDBB}.Debug|Any CPU.Build.0 = Debug|Any CPU
		{86432CF1-F12B-488F-8F03-DA7978ACBDBB}.Debug|x64.ActiveCfg = Debug|Any CPU
		{86432CF1-F12B-488F-8F03-DA7978ACBDBB}.Debug|x64.Build.0 = Debug|Any CPU
		{86432CF1-F12B-488F-8F03-DA7978ACBDBB}.Debug|x86.ActiveCfg = Debug|Any CPU
		{86432CF1-F12B-488F-8F03-DA7978ACBDBB}.Debug|x86.Build.0 = Debug|Any CPU
		{86432CF1-F12B-488F-8F03-DA7978ACBDBB}.Release|Any CPU.ActiveCfg = Release|Any CPU
		{86432CF1-F12B-488F-8F03-DA7978ACBDBB}.Release|Any CPU.Build.0 = Release|Any CPU
		{86432CF1-F12B-488F-8F03-DA7978ACBDBB}.Release|x64.ActiveCfg = Release|Any CPU
		{86432CF1-F12B-488F-8F03-DA7978ACBDBB}.Release|x64.Build.0 = Release|Any CPU
		{86432CF1-F12B-488F-8F03-DA7978ACBDBB}.Release|x86.ActiveCfg = Release|Any CPU
		{86432CF1-F12B-488F-8F03-DA7978ACBDBB}.Release|x86.Build.0 = Release|Any CPU
		{E92BEDC6-49F4-44FD-8B7A-6ED6AC921FD2}.Debug|Any CPU.ActiveCfg = Debug|Any CPU
		{E92BEDC6-49F4-44FD-8B7A-6ED6AC921FD2}.Debug|Any CPU.Build.0 = Debug|Any CPU
		{E92BEDC6-49F4-44FD-8B7A-6ED6AC921FD2}.Debug|x64.ActiveCfg = Debug|Any CPU
		{E92BEDC6-49F4-44FD-8B7A-6ED6AC921FD2}.Debug|x64.Build.0 = Debug|Any CPU
		{E92BEDC6-49F4-44FD-8B7A-6ED6AC921FD2}.Debug|x86.ActiveCfg = Debug|Any CPU
		{E92BEDC6-49F4-44FD-8B7A-6ED6AC921FD2}.Debug|x86.Build.0 = Debug|Any CPU
		{E92BEDC6-49F4-44FD-8B7A-6ED6AC921FD2}.Release|Any CPU.ActiveCfg = Release|Any CPU
		{E92BEDC6-49F4-44FD-8B7A-6ED6AC921FD2}.Release|Any CPU.Build.0 = Release|Any CPU
		{E92BEDC6-49F4-44FD-8B7A-6ED6AC921FD2}.Release|x64.ActiveCfg = Release|Any CPU
		{E92BEDC6-49F4-44FD-8B7A-6ED6AC921FD2}.Release|x64.Build.0 = Release|Any CPU
		{E92BEDC6-49F4-44FD-8B7A-6ED6AC921FD2}.Release|x86.ActiveCfg = Release|Any CPU
		{E92BEDC6-49F4-44FD-8B7A-6ED6AC921FD2}.Release|x86.Build.0 = Release|Any CPU
		{5FE23DA4-70CD-4151-BC8A-2A4B020ECF90}.Debug|Any CPU.ActiveCfg = Debug|Any CPU
		{5FE23DA4-70CD-4151-BC8A-2A4B020ECF90}.Debug|Any CPU.Build.0 = Debug|Any CPU
		{5FE23DA4-70CD-4151-BC8A-2A4B020ECF90}.Debug|x64.ActiveCfg = Debug|Any CPU
		{5FE23DA4-70CD-4151-BC8A-2A4B020ECF90}.Debug|x64.Build.0 = Debug|Any CPU
		{5FE23DA4-70CD-4151-BC8A-2A4B020ECF90}.Debug|x86.ActiveCfg = Debug|Any CPU
		{5FE23DA4-70CD-4151-BC8A-2A4B020ECF90}.Debug|x86.Build.0 = Debug|Any CPU
		{5FE23DA4-70CD-4151-BC8A-2A4B020ECF90}.Release|Any CPU.ActiveCfg = Release|Any CPU
		{5FE23DA4-70CD-4151-BC8A-2A4B020ECF90}.Release|Any CPU.Build.0 = Release|Any CPU
		{5FE23DA4-70CD-4151-BC8A-2A4B020ECF90}.Release|x64.ActiveCfg = Release|Any CPU
		{5FE23DA4-70CD-4151-BC8A-2A4B020ECF90}.Release|x64.Build.0 = Release|Any CPU
		{5FE23DA4-70CD-4151-BC8A-2A4B020ECF90}.Release|x86.ActiveCfg = Release|Any CPU
		{5FE23DA4-70CD-4151-BC8A-2A4B020ECF90}.Release|x86.Build.0 = Release|Any CPU
		{8D26B4E8-B88D-4468-A466-B4002859C85E}.Debug|Any CPU.ActiveCfg = Debug|Any CPU
		{8D26B4E8-B88D-4468-A466-B4002859C85E}.Debug|Any CPU.Build.0 = Debug|Any CPU
		{8D26B4E8-B88D-4468-A466-B4002859C85E}.Debug|x64.ActiveCfg = Debug|Any CPU
		{8D26B4E8-B88D-4468-A466-B4002859C85E}.Debug|x64.Build.0 = Debug|Any CPU
		{8D26B4E8-B88D-4468-A466-B4002859C85E}.Debug|x86.ActiveCfg = Debug|Any CPU
		{8D26B4E8-B88D-4468-A466-B4002859C85E}.Debug|x86.Build.0 = Debug|Any CPU
		{8D26B4E8-B88D-4468-A466-B4002859C85E}.Release|Any CPU.ActiveCfg = Release|Any CPU
		{8D26B4E8-B88D-4468-A466-B4002859C85E}.Release|Any CPU.Build.0 = Release|Any CPU
		{8D26B4E8-B88D-4468-A466-B4002859C85E}.Release|x64.ActiveCfg = Release|Any CPU
		{8D26B4E8-B88D-4468-A466-B4002859C85E}.Release|x64.Build.0 = Release|Any CPU
		{8D26B4E8-B88D-4468-A466-B4002859C85E}.Release|x86.ActiveCfg = Release|Any CPU
		{8D26B4E8-B88D-4468-A466-B4002859C85E}.Release|x86.Build.0 = Release|Any CPU
		{55D5EA28-8C71-4694-B519-35CD1296DDF8}.Debug|Any CPU.ActiveCfg = Debug|Any CPU
		{55D5EA28-8C71-4694-B519-35CD1296DDF8}.Debug|Any CPU.Build.0 = Debug|Any CPU
		{55D5EA28-8C71-4694-B519-35CD1296DDF8}.Debug|x64.ActiveCfg = Debug|Any CPU
		{55D5EA28-8C71-4694-B519-35CD1296DDF8}.Debug|x64.Build.0 = Debug|Any CPU
		{55D5EA28-8C71-4694-B519-35CD1296DDF8}.Debug|x86.ActiveCfg = Debug|Any CPU
		{55D5EA28-8C71-4694-B519-35CD1296DDF8}.Debug|x86.Build.0 = Debug|Any CPU
		{55D5EA28-8C71-4694-B519-35CD1296DDF8}.Release|Any CPU.ActiveCfg = Release|Any CPU
		{55D5EA28-8C71-4694-B519-35CD1296DDF8}.Release|Any CPU.Build.0 = Release|Any CPU
		{55D5EA28-8C71-4694-B519-35CD1296DDF8}.Release|x64.ActiveCfg = Release|Any CPU
		{55D5EA28-8C71-4694-B519-35CD1296DDF8}.Release|x64.Build.0 = Release|Any CPU
		{55D5EA28-8C71-4694-B519-35CD1296DDF8}.Release|x86.ActiveCfg = Release|Any CPU
		{55D5EA28-8C71-4694-B519-35CD1296DDF8}.Release|x86.Build.0 = Release|Any CPU
		{322F8383-2A1C-4C99-B98E-B87E4772C5B9}.Debug|Any CPU.ActiveCfg = Debug|Any CPU
		{322F8383-2A1C-4C99-B98E-B87E4772C5B9}.Debug|Any CPU.Build.0 = Debug|Any CPU
		{322F8383-2A1C-4C99-B98E-B87E4772C5B9}.Debug|x64.ActiveCfg = Debug|Any CPU
		{322F8383-2A1C-4C99-B98E-B87E4772C5B9}.Debug|x64.Build.0 = Debug|Any CPU
		{322F8383-2A1C-4C99-B98E-B87E4772C5B9}.Debug|x86.ActiveCfg = Debug|Any CPU
		{322F8383-2A1C-4C99-B98E-B87E4772C5B9}.Debug|x86.Build.0 = Debug|Any CPU
		{322F8383-2A1C-4C99-B98E-B87E4772C5B9}.Release|Any CPU.ActiveCfg = Release|Any CPU
		{322F8383-2A1C-4C99-B98E-B87E4772C5B9}.Release|Any CPU.Build.0 = Release|Any CPU
		{322F8383-2A1C-4C99-B98E-B87E4772C5B9}.Release|x64.ActiveCfg = Release|Any CPU
		{322F8383-2A1C-4C99-B98E-B87E4772C5B9}.Release|x64.Build.0 = Release|Any CPU
		{322F8383-2A1C-4C99-B98E-B87E4772C5B9}.Release|x86.ActiveCfg = Release|Any CPU
		{322F8383-2A1C-4C99-B98E-B87E4772C5B9}.Release|x86.Build.0 = Release|Any CPU
		{F4582FCB-F2EA-464F-A7F1-425C66FCB14F}.Debug|Any CPU.ActiveCfg = Debug|Any CPU
		{F4582FCB-F2EA-464F-A7F1-425C66FCB14F}.Debug|Any CPU.Build.0 = Debug|Any CPU
		{F4582FCB-F2EA-464F-A7F1-425C66FCB14F}.Debug|x64.ActiveCfg = Debug|Any CPU
		{F4582FCB-F2EA-464F-A7F1-425C66FCB14F}.Debug|x64.Build.0 = Debug|Any CPU
		{F4582FCB-F2EA-464F-A7F1-425C66FCB14F}.Debug|x86.ActiveCfg = Debug|Any CPU
		{F4582FCB-F2EA-464F-A7F1-425C66FCB14F}.Debug|x86.Build.0 = Debug|Any CPU
		{F4582FCB-F2EA-464F-A7F1-425C66FCB14F}.Release|Any CPU.ActiveCfg = Release|Any CPU
		{F4582FCB-F2EA-464F-A7F1-425C66FCB14F}.Release|Any CPU.Build.0 = Release|Any CPU
		{F4582FCB-F2EA-464F-A7F1-425C66FCB14F}.Release|x64.ActiveCfg = Release|Any CPU
		{F4582FCB-F2EA-464F-A7F1-425C66FCB14F}.Release|x64.Build.0 = Release|Any CPU
		{F4582FCB-F2EA-464F-A7F1-425C66FCB14F}.Release|x86.ActiveCfg = Release|Any CPU
		{F4582FCB-F2EA-464F-A7F1-425C66FCB14F}.Release|x86.Build.0 = Release|Any CPU
		{40D71C63-03F3-44C9-995A-148AB6F4799F}.Debug|Any CPU.ActiveCfg = Debug|Any CPU
		{40D71C63-03F3-44C9-995A-148AB6F4799F}.Debug|Any CPU.Build.0 = Debug|Any CPU
		{40D71C63-03F3-44C9-995A-148AB6F4799F}.Debug|x64.ActiveCfg = Debug|Any CPU
		{40D71C63-03F3-44C9-995A-148AB6F4799F}.Debug|x64.Build.0 = Debug|Any CPU
		{40D71C63-03F3-44C9-995A-148AB6F4799F}.Debug|x86.ActiveCfg = Debug|Any CPU
		{40D71C63-03F3-44C9-995A-148AB6F4799F}.Debug|x86.Build.0 = Debug|Any CPU
		{40D71C63-03F3-44C9-995A-148AB6F4799F}.Release|Any CPU.ActiveCfg = Release|Any CPU
		{40D71C63-03F3-44C9-995A-148AB6F4799F}.Release|Any CPU.Build.0 = Release|Any CPU
		{40D71C63-03F3-44C9-995A-148AB6F4799F}.Release|x64.ActiveCfg = Release|Any CPU
		{40D71C63-03F3-44C9-995A-148AB6F4799F}.Release|x64.Build.0 = Release|Any CPU
		{40D71C63-03F3-44C9-995A-148AB6F4799F}.Release|x86.ActiveCfg = Release|Any CPU
		{40D71C63-03F3-44C9-995A-148AB6F4799F}.Release|x86.Build.0 = Release|Any CPU
		{009F0053-4C76-43A1-9FF3-D3C6E2068D31}.Debug|Any CPU.ActiveCfg = Debug|Any CPU
		{009F0053-4C76-43A1-9FF3-D3C6E2068D31}.Debug|Any CPU.Build.0 = Debug|Any CPU
		{009F0053-4C76-43A1-9FF3-D3C6E2068D31}.Debug|x64.ActiveCfg = Debug|Any CPU
		{009F0053-4C76-43A1-9FF3-D3C6E2068D31}.Debug|x64.Build.0 = Debug|Any CPU
		{009F0053-4C76-43A1-9FF3-D3C6E2068D31}.Debug|x86.ActiveCfg = Debug|Any CPU
		{009F0053-4C76-43A1-9FF3-D3C6E2068D31}.Debug|x86.Build.0 = Debug|Any CPU
		{009F0053-4C76-43A1-9FF3-D3C6E2068D31}.Release|Any CPU.ActiveCfg = Release|Any CPU
		{009F0053-4C76-43A1-9FF3-D3C6E2068D31}.Release|Any CPU.Build.0 = Release|Any CPU
		{009F0053-4C76-43A1-9FF3-D3C6E2068D31}.Release|x64.ActiveCfg = Release|Any CPU
		{009F0053-4C76-43A1-9FF3-D3C6E2068D31}.Release|x64.Build.0 = Release|Any CPU
		{009F0053-4C76-43A1-9FF3-D3C6E2068D31}.Release|x86.ActiveCfg = Release|Any CPU
		{009F0053-4C76-43A1-9FF3-D3C6E2068D31}.Release|x86.Build.0 = Release|Any CPU
		{6DEE2FB6-263D-494F-90CB-FCD0512DACC2}.Debug|Any CPU.ActiveCfg = Debug|Any CPU
		{6DEE2FB6-263D-494F-90CB-FCD0512DACC2}.Debug|Any CPU.Build.0 = Debug|Any CPU
		{6DEE2FB6-263D-494F-90CB-FCD0512DACC2}.Debug|x64.ActiveCfg = Debug|Any CPU
		{6DEE2FB6-263D-494F-90CB-FCD0512DACC2}.Debug|x64.Build.0 = Debug|Any CPU
		{6DEE2FB6-263D-494F-90CB-FCD0512DACC2}.Debug|x86.ActiveCfg = Debug|Any CPU
		{6DEE2FB6-263D-494F-90CB-FCD0512DACC2}.Debug|x86.Build.0 = Debug|Any CPU
		{6DEE2FB6-263D-494F-90CB-FCD0512DACC2}.Release|Any CPU.ActiveCfg = Release|Any CPU
		{6DEE2FB6-263D-494F-90CB-FCD0512DACC2}.Release|Any CPU.Build.0 = Release|Any CPU
		{6DEE2FB6-263D-494F-90CB-FCD0512DACC2}.Release|x64.ActiveCfg = Release|Any CPU
		{6DEE2FB6-263D-494F-90CB-FCD0512DACC2}.Release|x64.Build.0 = Release|Any CPU
		{6DEE2FB6-263D-494F-90CB-FCD0512DACC2}.Release|x86.ActiveCfg = Release|Any CPU
		{6DEE2FB6-263D-494F-90CB-FCD0512DACC2}.Release|x86.Build.0 = Release|Any CPU
		{2DCB81C5-1C56-4EE4-81E1-F5DCB91DC11B}.Debug|Any CPU.ActiveCfg = Debug|Any CPU
		{2DCB81C5-1C56-4EE4-81E1-F5DCB91DC11B}.Debug|Any CPU.Build.0 = Debug|Any CPU
		{2DCB81C5-1C56-4EE4-81E1-F5DCB91DC11B}.Debug|x64.ActiveCfg = Debug|Any CPU
		{2DCB81C5-1C56-4EE4-81E1-F5DCB91DC11B}.Debug|x64.Build.0 = Debug|Any CPU
		{2DCB81C5-1C56-4EE4-81E1-F5DCB91DC11B}.Debug|x86.ActiveCfg = Debug|Any CPU
		{2DCB81C5-1C56-4EE4-81E1-F5DCB91DC11B}.Debug|x86.Build.0 = Debug|Any CPU
		{2DCB81C5-1C56-4EE4-81E1-F5DCB91DC11B}.Release|Any CPU.ActiveCfg = Release|Any CPU
		{2DCB81C5-1C56-4EE4-81E1-F5DCB91DC11B}.Release|Any CPU.Build.0 = Release|Any CPU
		{2DCB81C5-1C56-4EE4-81E1-F5DCB91DC11B}.Release|x64.ActiveCfg = Release|Any CPU
		{2DCB81C5-1C56-4EE4-81E1-F5DCB91DC11B}.Release|x64.Build.0 = Release|Any CPU
		{2DCB81C5-1C56-4EE4-81E1-F5DCB91DC11B}.Release|x86.ActiveCfg = Release|Any CPU
		{2DCB81C5-1C56-4EE4-81E1-F5DCB91DC11B}.Release|x86.Build.0 = Release|Any CPU
	EndGlobalSection
	GlobalSection(SolutionProperties) = preSolution
		HideSolutionNode = FALSE
	EndGlobalSection
	GlobalSection(NestedProjects) = preSolution
		{A93ABC7D-17EC-4D7E-B8CF-94F11D94910D} = {38EFEB59-64CB-44BD-994D-FC43E183F4B2}
		{4470AD41-8982-4248-9DB6-688E95664CDA} = {A93ABC7D-17EC-4D7E-B8CF-94F11D94910D}
		{EB2EC4D5-7DBF-4EB5-9BB8-8FA5D85087CE} = {A93ABC7D-17EC-4D7E-B8CF-94F11D94910D}
		{199D0800-147E-41BC-ACF0-39F9F87A2B57} = {5C2EF365-4E4D-4446-A3C6-325168F0531F}
		{FF124C60-974B-4E9B-AC7F-51B454FDAAA3} = {5C2EF365-4E4D-4446-A3C6-325168F0531F}
		{9A89022F-BBDF-43D3-B748-EF344824A1E6} = {A93ABC7D-17EC-4D7E-B8CF-94F11D94910D}
		{31A84D6F-6918-4B9B-9CB9-A8D8984B5DBC} = {A93ABC7D-17EC-4D7E-B8CF-94F11D94910D}
		{81434893-86D2-4E21-A58F-7545E7B6E5F1} = {A93ABC7D-17EC-4D7E-B8CF-94F11D94910D}
		{EE4B77E0-52AF-4F98-814D-088922686BDB} = {A93ABC7D-17EC-4D7E-B8CF-94F11D94910D}
		{E8F8A3CE-B76F-4676-A6CA-46C6B92C6F87} = {A93ABC7D-17EC-4D7E-B8CF-94F11D94910D}
		{116067F7-C697-469E-B83E-CB1FA3D99994} = {A93ABC7D-17EC-4D7E-B8CF-94F11D94910D}
		{64880416-DDE8-47D1-9D2F-AB3C16F1A3A4} = {A93ABC7D-17EC-4D7E-B8CF-94F11D94910D}
		{89EB85B0-211D-4E7A-B6F7-80158996F209} = {A93ABC7D-17EC-4D7E-B8CF-94F11D94910D}
		{EEDF6DBD-2E45-4E41-B027-B88F8293C56F} = {A93ABC7D-17EC-4D7E-B8CF-94F11D94910D}
		{ADA636E5-76CF-4B43-87C2-F53E37150A8B} = {A93ABC7D-17EC-4D7E-B8CF-94F11D94910D}
		{BEE416A3-8EB2-4415-9518-0D0D58EDA7B3} = {A93ABC7D-17EC-4D7E-B8CF-94F11D94910D}
		{78EA9F72-72DA-4F0C-A647-B315CF9DBD72} = {5C2EF365-4E4D-4446-A3C6-325168F0531F}
		{F4B072C7-1AF9-4ADE-A055-7C0E4257035C} = {5C2EF365-4E4D-4446-A3C6-325168F0531F}
		{CCF4C321-DB1D-41D6-AE84-BEA10B1FC967} = {5C2EF365-4E4D-4446-A3C6-325168F0531F}
		{5375FD38-BB3F-45B6-A42C-E62D7F4C3834} = {5C2EF365-4E4D-4446-A3C6-325168F0531F}
		{6D545555-2426-4478-82A9-D756A00F1E39} = {5C2EF365-4E4D-4446-A3C6-325168F0531F}
		{DAA32E63-80B5-49B6-890E-7A11FDA6A85B} = {5C2EF365-4E4D-4446-A3C6-325168F0531F}
		{4D619C55-D348-464D-A0D2-F18427DCAA49} = {5C2EF365-4E4D-4446-A3C6-325168F0531F}
		{7290B15D-B0DB-48FA-9A2A-1E8E15447CD2} = {5C2EF365-4E4D-4446-A3C6-325168F0531F}
		{51D0C76D-9F7F-4213-9BC1-0D7DE060E4AF} = {5C2EF365-4E4D-4446-A3C6-325168F0531F}
		{6C460E51-98B2-4DD7-B4FC-C25C6C3F739E} = {5C2EF365-4E4D-4446-A3C6-325168F0531F}
		{3F45C828-B6C2-4D16-90DA-F8D034EC11D5} = {5C2EF365-4E4D-4446-A3C6-325168F0531F}
		{8D556317-7C2B-445A-AE5E-92FF04969031} = {5C2EF365-4E4D-4446-A3C6-325168F0531F}
		{7B827585-4F7A-473B-B994-681BE96B0C04} = {5C2EF365-4E4D-4446-A3C6-325168F0531F}
		{3F133394-CF28-4110-BA3D-EBF404208A81} = {5C2EF365-4E4D-4446-A3C6-325168F0531F}
		{06DE9A76-034B-4975-8365-A7F88EF7954E} = {5C2EF365-4E4D-4446-A3C6-325168F0531F}
		{2E79D304-47AE-4D7F-8E32-C08A106C5F72} = {5C2EF365-4E4D-4446-A3C6-325168F0531F}
		{7DD7AD0F-07EE-438F-8032-B0BB40F26E85} = {5C2EF365-4E4D-4446-A3C6-325168F0531F}
		{4856749F-880C-4F3E-B9C9-4E79ADAD09A6} = {5C2EF365-4E4D-4446-A3C6-325168F0531F}
		{688708D6-CF24-452C-BBFD-59161F982AA0} = {5C2EF365-4E4D-4446-A3C6-325168F0531F}
		{7BEFAEE8-4F24-434B-ABEA-4E904804266C} = {5C2EF365-4E4D-4446-A3C6-325168F0531F}
		{C63011EA-2C53-495B-96F8-71124DB6236C} = {5C2EF365-4E4D-4446-A3C6-325168F0531F}
		{52FCB145-BC6E-4B50-AE2A-C51C3466EB92} = {5C2EF365-4E4D-4446-A3C6-325168F0531F}
		{70705814-2618-48A3-AD93-EF77089BE7B3} = {5C2EF365-4E4D-4446-A3C6-325168F0531F}
		{AF0ACDAF-CE5D-4D1E-BD7F-D05397931B90} = {5C2EF365-4E4D-4446-A3C6-325168F0531F}
		{BFE98A28-8B88-4CC6-BECF-324D0D4CD760} = {5C2EF365-4E4D-4446-A3C6-325168F0531F}
		{80757BB7-48FF-4EE0-9CBF-AF49B20D07E4} = {5C2EF365-4E4D-4446-A3C6-325168F0531F}
		{F166B39A-86DB-4F9B-981E-8466876574D4} = {38EFEB59-64CB-44BD-994D-FC43E183F4B2}
		{3B25E9BF-4907-48FB-9704-8604F691DBD1} = {38EFEB59-64CB-44BD-994D-FC43E183F4B2}
		{C6A68CF8-14AE-4C35-998E-0CEEEBCCF5D2} = {38EFEB59-64CB-44BD-994D-FC43E183F4B2}
		{32843515-FAED-4839-AC7E-F9CD7DAAA790} = {F166B39A-86DB-4F9B-981E-8466876574D4}
		{8EAF4EA2-9A3C-460F-9833-048CAACC4B03} = {F166B39A-86DB-4F9B-981E-8466876574D4}
		{9C53738D-7046-489E-8CFC-378CD7E9FA5A} = {C6A68CF8-14AE-4C35-998E-0CEEEBCCF5D2}
		{2938BBE1-5BAF-405E-8A2B-272CF49B4F99} = {38EFEB59-64CB-44BD-994D-FC43E183F4B2}
		{9E6BBE46-3BA6-4CC6-8F3D-58FCBF3AA946} = {C6A68CF8-14AE-4C35-998E-0CEEEBCCF5D2}
		{8702472A-D791-4ADA-83A4-2A272E90F162} = {C6A68CF8-14AE-4C35-998E-0CEEEBCCF5D2}
		{86432CF1-F12B-488F-8F03-DA7978ACBDBB} = {3B25E9BF-4907-48FB-9704-8604F691DBD1}
		{E92BEDC6-49F4-44FD-8B7A-6ED6AC921FD2} = {3B25E9BF-4907-48FB-9704-8604F691DBD1}
		{5FE23DA4-70CD-4151-BC8A-2A4B020ECF90} = {3B25E9BF-4907-48FB-9704-8604F691DBD1}
		{8D26B4E8-B88D-4468-A466-B4002859C85E} = {2938BBE1-5BAF-405E-8A2B-272CF49B4F99}
		{55D5EA28-8C71-4694-B519-35CD1296DDF8} = {2938BBE1-5BAF-405E-8A2B-272CF49B4F99}
		{322F8383-2A1C-4C99-B98E-B87E4772C5B9} = {2938BBE1-5BAF-405E-8A2B-272CF49B4F99}
		{A2D6176C-6612-449A-A5C7-F62BB01E71A6} = {3DE09585-B4C5-4785-ADF0-77C88C27FFA6}
		{F4582FCB-F2EA-464F-A7F1-425C66FCB14F} = {A2D6176C-6612-449A-A5C7-F62BB01E71A6}
		{40D71C63-03F3-44C9-995A-148AB6F4799F} = {A2D6176C-6612-449A-A5C7-F62BB01E71A6}
		{009F0053-4C76-43A1-9FF3-D3C6E2068D31} = {A2D6176C-6612-449A-A5C7-F62BB01E71A6}
		{9C70EADB-C416-43D9-BA98-FE1E01883EE5} = {38EFEB59-64CB-44BD-994D-FC43E183F4B2}
		{6DEE2FB6-263D-494F-90CB-FCD0512DACC2} = {9C70EADB-C416-43D9-BA98-FE1E01883EE5}
		{F074C5D6-A81E-4412-A59C-255B6DC9609F} = {3DE09585-B4C5-4785-ADF0-77C88C27FFA6}
		{2DCB81C5-1C56-4EE4-81E1-F5DCB91DC11B} = {F074C5D6-A81E-4412-A59C-255B6DC9609F}
	EndGlobalSection
	GlobalSection(ExtensibilityGlobals) = postSolution
		SolutionGuid = {720DC16E-7E6F-4249-8557-E4DC52A442BC}
	EndGlobalSection
EndGlobal
