Microsoft Visual Studio Solution File, Format Version 12.00
# Visual Studio Version 17
VisualStudioVersion = 17.7.34031.279
MinimumVisualStudioVersion = 15.0.26124.0
Project("{9A19103F-16F7-4668-BE54-9A1E7A4F7556}") = "Amido.Stacks.API", "Amido.Stacks.API\Amido.Stacks.API.csproj", "{78EA9F72-72DA-4F0C-A647-B315CF9DBD72}"
EndProject
Project("{9A19103F-16F7-4668-BE54-9A1E7A4F7556}") = "Amido.Stacks.API.Tests", "Amido.Stacks.API.Tests\Amido.Stacks.API.Tests.csproj", "{F4B072C7-1AF9-4ADE-A055-7C0E4257035C}"
EndProject
Project("{9A19103F-16F7-4668-BE54-9A1E7A4F7556}") = "Amido.Stacks.API.Swagger", "Amido.Stacks.API.Swagger\Amido.Stacks.API.Swagger.csproj", "{CCF4C321-DB1D-41D6-AE84-BEA10B1FC967}"
EndProject
Project("{9A19103F-16F7-4668-BE54-9A1E7A4F7556}") = "Amido.Stacks.Testing", "Amido.Stacks.Testing\Amido.Stacks.Testing.csproj", "{5375FD38-BB3F-45B6-A42C-E62D7F4C3834}"
EndProject
Project("{9A19103F-16F7-4668-BE54-9A1E7A4F7556}") = "Amido.Stacks.Testing.Tests", "Amido.Stacks.Testing.Tests\Amido.Stacks.Testing.Tests.csproj", "{6D545555-2426-4478-82A9-D756A00F1E39}"
EndProject
Project("{9A19103F-16F7-4668-BE54-9A1E7A4F7556}") = "Amido.Stacks.Messaging.Azure.ServiceBus", "Amido.Stacks.Messaging.Azure.ServiceBus\Amido.Stacks.Messaging.Azure.ServiceBus.csproj", "{DAA32E63-80B5-49B6-890E-7A11FDA6A85B}"
EndProject
Project("{2150E333-8FDC-42A3-9474-1A3956D46DE8}") = "TestingResources", "TestingResources", "{BCB11287-5713-4A3B-B4C0-88CEFFCA412D}"
EndProject
Project("{9A19103F-16F7-4668-BE54-9A1E7A4F7556}") = "Amido.Stacks.Messaging.Azure.ServiceBus.Tests", "Amido.Stacks.Messaging.Azure.ServiceBus.Tests\Amido.Stacks.Messaging.Azure.ServiceBus.Tests.csproj", "{4D619C55-D348-464D-A0D2-F18427DCAA49}"
EndProject
Project("{2150E333-8FDC-42A3-9474-1A3956D46DE8}") = "Amido.Stacks.Messaging.Azure.ServiceBus", "Amido.Stacks.Messaging.Azure.ServiceBus", "{5CB0D9F6-B749-4FF1-9571-431396D80860}"
EndProject
Project("{9A19103F-16F7-4668-BE54-9A1E7A4F7556}") = "Amido.Stacks.Messaging.Commands", "Amido.Stacks.Messaging.Commands\Amido.Stacks.Messaging.Commands.csproj", "{7290B15D-B0DB-48FA-9A2A-1E8E15447CD2}"
EndProject
Project("{9A19103F-16F7-4668-BE54-9A1E7A4F7556}") = "Amido.Stacks.Messaging.Events", "Amido.Stacks.Messaging.Events\Amido.Stacks.Messaging.Events.csproj", "{51D0C76D-9F7F-4213-9BC1-0D7DE060E4AF}"
EndProject
Project("{9A19103F-16F7-4668-BE54-9A1E7A4F7556}") = "Amido.Stacks.Messaging.Handlers", "Amido.Stacks.Messaging.Handlers\Amido.Stacks.Messaging.Handlers.csproj", "{6C460E51-98B2-4DD7-B4FC-C25C6C3F739E}"
EndProject
Project("{9A19103F-16F7-4668-BE54-9A1E7A4F7556}") = "Amido.Stacks.DynamoDB", "Amido.Stacks.DynamoDB\Amido.Stacks.DynamoDB.csproj", "{3F45C828-B6C2-4D16-90DA-F8D034EC11D5}"
EndProject
Project("{9A19103F-16F7-4668-BE54-9A1E7A4F7556}") = "Amido.Stacks.DynamoDB.Tests", "Amido.Stacks.DynamoDB.Tests\Amido.Stacks.DynamoDB.Tests.csproj", "{8D556317-7C2B-445A-AE5E-92FF04969031}"
EndProject
Global
	GlobalSection(SolutionConfigurationPlatforms) = preSolution
		Debug|Any CPU = Debug|Any CPU
		Debug|x64 = Debug|x64
		Debug|x86 = Debug|x86
		Release|Any CPU = Release|Any CPU
		Release|x64 = Release|x64
		Release|x86 = Release|x86
	EndGlobalSection
	GlobalSection(ProjectConfigurationPlatforms) = postSolution
		{78EA9F72-72DA-4F0C-A647-B315CF9DBD72}.Debug|Any CPU.ActiveCfg = Debug|Any CPU
		{78EA9F72-72DA-4F0C-A647-B315CF9DBD72}.Debug|Any CPU.Build.0 = Debug|Any CPU
		{78EA9F72-72DA-4F0C-A647-B315CF9DBD72}.Debug|x64.ActiveCfg = Debug|Any CPU
		{78EA9F72-72DA-4F0C-A647-B315CF9DBD72}.Debug|x64.Build.0 = Debug|Any CPU
		{78EA9F72-72DA-4F0C-A647-B315CF9DBD72}.Debug|x86.ActiveCfg = Debug|Any CPU
		{78EA9F72-72DA-4F0C-A647-B315CF9DBD72}.Debug|x86.Build.0 = Debug|Any CPU
		{78EA9F72-72DA-4F0C-A647-B315CF9DBD72}.Release|Any CPU.ActiveCfg = Release|Any CPU
		{78EA9F72-72DA-4F0C-A647-B315CF9DBD72}.Release|Any CPU.Build.0 = Release|Any CPU
		{78EA9F72-72DA-4F0C-A647-B315CF9DBD72}.Release|x64.ActiveCfg = Release|Any CPU
		{78EA9F72-72DA-4F0C-A647-B315CF9DBD72}.Release|x64.Build.0 = Release|Any CPU
		{78EA9F72-72DA-4F0C-A647-B315CF9DBD72}.Release|x86.ActiveCfg = Release|Any CPU
		{78EA9F72-72DA-4F0C-A647-B315CF9DBD72}.Release|x86.Build.0 = Release|Any CPU
		{F4B072C7-1AF9-4ADE-A055-7C0E4257035C}.Debug|Any CPU.ActiveCfg = Debug|Any CPU
		{F4B072C7-1AF9-4ADE-A055-7C0E4257035C}.Debug|Any CPU.Build.0 = Debug|Any CPU
		{F4B072C7-1AF9-4ADE-A055-7C0E4257035C}.Debug|x64.ActiveCfg = Debug|Any CPU
		{F4B072C7-1AF9-4ADE-A055-7C0E4257035C}.Debug|x64.Build.0 = Debug|Any CPU
		{F4B072C7-1AF9-4ADE-A055-7C0E4257035C}.Debug|x86.ActiveCfg = Debug|Any CPU
		{F4B072C7-1AF9-4ADE-A055-7C0E4257035C}.Debug|x86.Build.0 = Debug|Any CPU
		{F4B072C7-1AF9-4ADE-A055-7C0E4257035C}.Release|Any CPU.ActiveCfg = Release|Any CPU
		{F4B072C7-1AF9-4ADE-A055-7C0E4257035C}.Release|Any CPU.Build.0 = Release|Any CPU
		{F4B072C7-1AF9-4ADE-A055-7C0E4257035C}.Release|x64.ActiveCfg = Release|Any CPU
		{F4B072C7-1AF9-4ADE-A055-7C0E4257035C}.Release|x64.Build.0 = Release|Any CPU
		{F4B072C7-1AF9-4ADE-A055-7C0E4257035C}.Release|x86.ActiveCfg = Release|Any CPU
		{F4B072C7-1AF9-4ADE-A055-7C0E4257035C}.Release|x86.Build.0 = Release|Any CPU
		{CCF4C321-DB1D-41D6-AE84-BEA10B1FC967}.Debug|Any CPU.ActiveCfg = Debug|Any CPU
		{CCF4C321-DB1D-41D6-AE84-BEA10B1FC967}.Debug|Any CPU.Build.0 = Debug|Any CPU
		{CCF4C321-DB1D-41D6-AE84-BEA10B1FC967}.Debug|x64.ActiveCfg = Debug|Any CPU
		{CCF4C321-DB1D-41D6-AE84-BEA10B1FC967}.Debug|x64.Build.0 = Debug|Any CPU
		{CCF4C321-DB1D-41D6-AE84-BEA10B1FC967}.Debug|x86.ActiveCfg = Debug|Any CPU
		{CCF4C321-DB1D-41D6-AE84-BEA10B1FC967}.Debug|x86.Build.0 = Debug|Any CPU
		{CCF4C321-DB1D-41D6-AE84-BEA10B1FC967}.Release|Any CPU.ActiveCfg = Release|Any CPU
		{CCF4C321-DB1D-41D6-AE84-BEA10B1FC967}.Release|Any CPU.Build.0 = Release|Any CPU
		{CCF4C321-DB1D-41D6-AE84-BEA10B1FC967}.Release|x64.ActiveCfg = Release|Any CPU
		{CCF4C321-DB1D-41D6-AE84-BEA10B1FC967}.Release|x64.Build.0 = Release|Any CPU
		{CCF4C321-DB1D-41D6-AE84-BEA10B1FC967}.Release|x86.ActiveCfg = Release|Any CPU
		{CCF4C321-DB1D-41D6-AE84-BEA10B1FC967}.Release|x86.Build.0 = Release|Any CPU
		{5375FD38-BB3F-45B6-A42C-E62D7F4C3834}.Debug|Any CPU.ActiveCfg = Debug|Any CPU
		{5375FD38-BB3F-45B6-A42C-E62D7F4C3834}.Debug|Any CPU.Build.0 = Debug|Any CPU
		{5375FD38-BB3F-45B6-A42C-E62D7F4C3834}.Debug|x64.ActiveCfg = Debug|Any CPU
		{5375FD38-BB3F-45B6-A42C-E62D7F4C3834}.Debug|x64.Build.0 = Debug|Any CPU
		{5375FD38-BB3F-45B6-A42C-E62D7F4C3834}.Debug|x86.ActiveCfg = Debug|Any CPU
		{5375FD38-BB3F-45B6-A42C-E62D7F4C3834}.Debug|x86.Build.0 = Debug|Any CPU
		{5375FD38-BB3F-45B6-A42C-E62D7F4C3834}.Release|Any CPU.ActiveCfg = Release|Any CPU
		{5375FD38-BB3F-45B6-A42C-E62D7F4C3834}.Release|Any CPU.Build.0 = Release|Any CPU
		{5375FD38-BB3F-45B6-A42C-E62D7F4C3834}.Release|x64.ActiveCfg = Release|Any CPU
		{5375FD38-BB3F-45B6-A42C-E62D7F4C3834}.Release|x64.Build.0 = Release|Any CPU
		{5375FD38-BB3F-45B6-A42C-E62D7F4C3834}.Release|x86.ActiveCfg = Release|Any CPU
		{5375FD38-BB3F-45B6-A42C-E62D7F4C3834}.Release|x86.Build.0 = Release|Any CPU
		{6D545555-2426-4478-82A9-D756A00F1E39}.Debug|Any CPU.ActiveCfg = Debug|Any CPU
		{6D545555-2426-4478-82A9-D756A00F1E39}.Debug|Any CPU.Build.0 = Debug|Any CPU
		{6D545555-2426-4478-82A9-D756A00F1E39}.Debug|x64.ActiveCfg = Debug|Any CPU
		{6D545555-2426-4478-82A9-D756A00F1E39}.Debug|x64.Build.0 = Debug|Any CPU
		{6D545555-2426-4478-82A9-D756A00F1E39}.Debug|x86.ActiveCfg = Debug|Any CPU
		{6D545555-2426-4478-82A9-D756A00F1E39}.Debug|x86.Build.0 = Debug|Any CPU
		{6D545555-2426-4478-82A9-D756A00F1E39}.Release|Any CPU.ActiveCfg = Release|Any CPU
		{6D545555-2426-4478-82A9-D756A00F1E39}.Release|Any CPU.Build.0 = Release|Any CPU
		{6D545555-2426-4478-82A9-D756A00F1E39}.Release|x64.ActiveCfg = Release|Any CPU
		{6D545555-2426-4478-82A9-D756A00F1E39}.Release|x64.Build.0 = Release|Any CPU
		{6D545555-2426-4478-82A9-D756A00F1E39}.Release|x86.ActiveCfg = Release|Any CPU
		{6D545555-2426-4478-82A9-D756A00F1E39}.Release|x86.Build.0 = Release|Any CPU
		{DAA32E63-80B5-49B6-890E-7A11FDA6A85B}.Debug|Any CPU.ActiveCfg = Debug|Any CPU
		{DAA32E63-80B5-49B6-890E-7A11FDA6A85B}.Debug|Any CPU.Build.0 = Debug|Any CPU
		{DAA32E63-80B5-49B6-890E-7A11FDA6A85B}.Debug|x64.ActiveCfg = Debug|Any CPU
		{DAA32E63-80B5-49B6-890E-7A11FDA6A85B}.Debug|x64.Build.0 = Debug|Any CPU
		{DAA32E63-80B5-49B6-890E-7A11FDA6A85B}.Debug|x86.ActiveCfg = Debug|Any CPU
		{DAA32E63-80B5-49B6-890E-7A11FDA6A85B}.Debug|x86.Build.0 = Debug|Any CPU
		{DAA32E63-80B5-49B6-890E-7A11FDA6A85B}.Release|Any CPU.ActiveCfg = Release|Any CPU
		{DAA32E63-80B5-49B6-890E-7A11FDA6A85B}.Release|Any CPU.Build.0 = Release|Any CPU
		{DAA32E63-80B5-49B6-890E-7A11FDA6A85B}.Release|x64.ActiveCfg = Release|Any CPU
		{DAA32E63-80B5-49B6-890E-7A11FDA6A85B}.Release|x64.Build.0 = Release|Any CPU
		{DAA32E63-80B5-49B6-890E-7A11FDA6A85B}.Release|x86.ActiveCfg = Release|Any CPU
		{DAA32E63-80B5-49B6-890E-7A11FDA6A85B}.Release|x86.Build.0 = Release|Any CPU
		{4D619C55-D348-464D-A0D2-F18427DCAA49}.Debug|Any CPU.ActiveCfg = Debug|Any CPU
		{4D619C55-D348-464D-A0D2-F18427DCAA49}.Debug|Any CPU.Build.0 = Debug|Any CPU
		{4D619C55-D348-464D-A0D2-F18427DCAA49}.Debug|x64.ActiveCfg = Debug|Any CPU
		{4D619C55-D348-464D-A0D2-F18427DCAA49}.Debug|x64.Build.0 = Debug|Any CPU
		{4D619C55-D348-464D-A0D2-F18427DCAA49}.Debug|x86.ActiveCfg = Debug|Any CPU
		{4D619C55-D348-464D-A0D2-F18427DCAA49}.Debug|x86.Build.0 = Debug|Any CPU
		{4D619C55-D348-464D-A0D2-F18427DCAA49}.Release|Any CPU.ActiveCfg = Release|Any CPU
		{4D619C55-D348-464D-A0D2-F18427DCAA49}.Release|Any CPU.Build.0 = Release|Any CPU
		{4D619C55-D348-464D-A0D2-F18427DCAA49}.Release|x64.ActiveCfg = Release|Any CPU
		{4D619C55-D348-464D-A0D2-F18427DCAA49}.Release|x64.Build.0 = Release|Any CPU
		{4D619C55-D348-464D-A0D2-F18427DCAA49}.Release|x86.ActiveCfg = Release|Any CPU
		{4D619C55-D348-464D-A0D2-F18427DCAA49}.Release|x86.Build.0 = Release|Any CPU
		{7290B15D-B0DB-48FA-9A2A-1E8E15447CD2}.Debug|Any CPU.ActiveCfg = Debug|Any CPU
		{7290B15D-B0DB-48FA-9A2A-1E8E15447CD2}.Debug|Any CPU.Build.0 = Debug|Any CPU
		{7290B15D-B0DB-48FA-9A2A-1E8E15447CD2}.Debug|x64.ActiveCfg = Debug|Any CPU
		{7290B15D-B0DB-48FA-9A2A-1E8E15447CD2}.Debug|x64.Build.0 = Debug|Any CPU
		{7290B15D-B0DB-48FA-9A2A-1E8E15447CD2}.Debug|x86.ActiveCfg = Debug|Any CPU
		{7290B15D-B0DB-48FA-9A2A-1E8E15447CD2}.Debug|x86.Build.0 = Debug|Any CPU
		{7290B15D-B0DB-48FA-9A2A-1E8E15447CD2}.Release|Any CPU.ActiveCfg = Release|Any CPU
		{7290B15D-B0DB-48FA-9A2A-1E8E15447CD2}.Release|Any CPU.Build.0 = Release|Any CPU
		{7290B15D-B0DB-48FA-9A2A-1E8E15447CD2}.Release|x64.ActiveCfg = Release|Any CPU
		{7290B15D-B0DB-48FA-9A2A-1E8E15447CD2}.Release|x64.Build.0 = Release|Any CPU
		{7290B15D-B0DB-48FA-9A2A-1E8E15447CD2}.Release|x86.ActiveCfg = Release|Any CPU
		{7290B15D-B0DB-48FA-9A2A-1E8E15447CD2}.Release|x86.Build.0 = Release|Any CPU
		{51D0C76D-9F7F-4213-9BC1-0D7DE060E4AF}.Debug|Any CPU.ActiveCfg = Debug|Any CPU
		{51D0C76D-9F7F-4213-9BC1-0D7DE060E4AF}.Debug|Any CPU.Build.0 = Debug|Any CPU
		{51D0C76D-9F7F-4213-9BC1-0D7DE060E4AF}.Debug|x64.ActiveCfg = Debug|Any CPU
		{51D0C76D-9F7F-4213-9BC1-0D7DE060E4AF}.Debug|x64.Build.0 = Debug|Any CPU
		{51D0C76D-9F7F-4213-9BC1-0D7DE060E4AF}.Debug|x86.ActiveCfg = Debug|Any CPU
		{51D0C76D-9F7F-4213-9BC1-0D7DE060E4AF}.Debug|x86.Build.0 = Debug|Any CPU
		{51D0C76D-9F7F-4213-9BC1-0D7DE060E4AF}.Release|Any CPU.ActiveCfg = Release|Any CPU
		{51D0C76D-9F7F-4213-9BC1-0D7DE060E4AF}.Release|Any CPU.Build.0 = Release|Any CPU
		{51D0C76D-9F7F-4213-9BC1-0D7DE060E4AF}.Release|x64.ActiveCfg = Release|Any CPU
		{51D0C76D-9F7F-4213-9BC1-0D7DE060E4AF}.Release|x64.Build.0 = Release|Any CPU
		{51D0C76D-9F7F-4213-9BC1-0D7DE060E4AF}.Release|x86.ActiveCfg = Release|Any CPU
		{51D0C76D-9F7F-4213-9BC1-0D7DE060E4AF}.Release|x86.Build.0 = Release|Any CPU
		{6C460E51-98B2-4DD7-B4FC-C25C6C3F739E}.Debug|Any CPU.ActiveCfg = Debug|Any CPU
		{6C460E51-98B2-4DD7-B4FC-C25C6C3F739E}.Debug|Any CPU.Build.0 = Debug|Any CPU
		{6C460E51-98B2-4DD7-B4FC-C25C6C3F739E}.Debug|x64.ActiveCfg = Debug|Any CPU
		{6C460E51-98B2-4DD7-B4FC-C25C6C3F739E}.Debug|x64.Build.0 = Debug|Any CPU
		{6C460E51-98B2-4DD7-B4FC-C25C6C3F739E}.Debug|x86.ActiveCfg = Debug|Any CPU
		{6C460E51-98B2-4DD7-B4FC-C25C6C3F739E}.Debug|x86.Build.0 = Debug|Any CPU
		{6C460E51-98B2-4DD7-B4FC-C25C6C3F739E}.Release|Any CPU.ActiveCfg = Release|Any CPU
		{6C460E51-98B2-4DD7-B4FC-C25C6C3F739E}.Release|Any CPU.Build.0 = Release|Any CPU
		{6C460E51-98B2-4DD7-B4FC-C25C6C3F739E}.Release|x64.ActiveCfg = Release|Any CPU
		{6C460E51-98B2-4DD7-B4FC-C25C6C3F739E}.Release|x64.Build.0 = Release|Any CPU
		{6C460E51-98B2-4DD7-B4FC-C25C6C3F739E}.Release|x86.ActiveCfg = Release|Any CPU
		{6C460E51-98B2-4DD7-B4FC-C25C6C3F739E}.Release|x86.Build.0 = Release|Any CPU
		{3F45C828-B6C2-4D16-90DA-F8D034EC11D5}.Debug|Any CPU.ActiveCfg = Debug|Any CPU
		{3F45C828-B6C2-4D16-90DA-F8D034EC11D5}.Debug|Any CPU.Build.0 = Debug|Any CPU
		{3F45C828-B6C2-4D16-90DA-F8D034EC11D5}.Debug|x64.ActiveCfg = Debug|Any CPU
		{3F45C828-B6C2-4D16-90DA-F8D034EC11D5}.Debug|x64.Build.0 = Debug|Any CPU
		{3F45C828-B6C2-4D16-90DA-F8D034EC11D5}.Debug|x86.ActiveCfg = Debug|Any CPU
		{3F45C828-B6C2-4D16-90DA-F8D034EC11D5}.Debug|x86.Build.0 = Debug|Any CPU
		{3F45C828-B6C2-4D16-90DA-F8D034EC11D5}.Release|Any CPU.ActiveCfg = Release|Any CPU
		{3F45C828-B6C2-4D16-90DA-F8D034EC11D5}.Release|Any CPU.Build.0 = Release|Any CPU
		{3F45C828-B6C2-4D16-90DA-F8D034EC11D5}.Release|x64.ActiveCfg = Release|Any CPU
		{3F45C828-B6C2-4D16-90DA-F8D034EC11D5}.Release|x64.Build.0 = Release|Any CPU
		{3F45C828-B6C2-4D16-90DA-F8D034EC11D5}.Release|x86.ActiveCfg = Release|Any CPU
		{3F45C828-B6C2-4D16-90DA-F8D034EC11D5}.Release|x86.Build.0 = Release|Any CPU
		{8D556317-7C2B-445A-AE5E-92FF04969031}.Debug|Any CPU.ActiveCfg = Debug|Any CPU
		{8D556317-7C2B-445A-AE5E-92FF04969031}.Debug|Any CPU.Build.0 = Debug|Any CPU
		{8D556317-7C2B-445A-AE5E-92FF04969031}.Debug|x64.ActiveCfg = Debug|Any CPU
		{8D556317-7C2B-445A-AE5E-92FF04969031}.Debug|x64.Build.0 = Debug|Any CPU
		{8D556317-7C2B-445A-AE5E-92FF04969031}.Debug|x86.ActiveCfg = Debug|Any CPU
		{8D556317-7C2B-445A-AE5E-92FF04969031}.Debug|x86.Build.0 = Debug|Any CPU
		{8D556317-7C2B-445A-AE5E-92FF04969031}.Release|Any CPU.ActiveCfg = Release|Any CPU
		{8D556317-7C2B-445A-AE5E-92FF04969031}.Release|Any CPU.Build.0 = Release|Any CPU
		{8D556317-7C2B-445A-AE5E-92FF04969031}.Release|x64.ActiveCfg = Release|Any CPU
		{8D556317-7C2B-445A-AE5E-92FF04969031}.Release|x64.Build.0 = Release|Any CPU
		{8D556317-7C2B-445A-AE5E-92FF04969031}.Release|x86.ActiveCfg = Release|Any CPU
		{8D556317-7C2B-445A-AE5E-92FF04969031}.Release|x86.Build.0 = Release|Any CPU
	EndGlobalSection
	GlobalSection(SolutionProperties) = preSolution
		HideSolutionNode = FALSE
	EndGlobalSection
	GlobalSection(NestedProjects) = preSolution
		{5CB0D9F6-B749-4FF1-9571-431396D80860} = {BCB11287-5713-4A3B-B4C0-88CEFFCA412D}
		{7290B15D-B0DB-48FA-9A2A-1E8E15447CD2} = {5CB0D9F6-B749-4FF1-9571-431396D80860}
		{51D0C76D-9F7F-4213-9BC1-0D7DE060E4AF} = {5CB0D9F6-B749-4FF1-9571-431396D80860}
		{6C460E51-98B2-4DD7-B4FC-C25C6C3F739E} = {5CB0D9F6-B749-4FF1-9571-431396D80860}
	EndGlobalSection
	GlobalSection(ExtensibilityGlobals) = postSolution
		SolutionGuid = {F0726C2D-EDCD-4BCB-86B0-20A8C4094318}
	EndGlobalSection
EndGlobal
