Microsoft Visual Studio Solution File, Format Version 12.00
# Visual Studio Version 17
VisualStudioVersion = 17.7.34031.279
MinimumVisualStudioVersion = 15.0.26124.0
Project("{9A19103F-16F7-4668-BE54-9A1E7A4F7556}") = "xxENSONOxx.xxSTACKSxx.Shared.Messaging.Azure.ServiceBus", "xxENSONOxx.xxSTACKSxx.Shared.Messaging.Azure.ServiceBus\xxENSONOxx.xxSTACKSxx.Shared.Messaging.Azure.ServiceBus.csproj", "{DAA32E63-80B5-49B6-890E-7A11FDA6A85B}"
EndProject
Project("{2150E333-8FDC-42A3-9474-1A3956D46DE8}") = "TestingResources", "TestingResources", "{BCB11287-5713-4A3B-B4C0-88CEFFCA412D}"
EndProject
Project("{9A19103F-16F7-4668-BE54-9A1E7A4F7556}") = "xxENSONOxx.xxSTACKSxx.Shared.Messaging.Azure.ServiceBus.Tests", "xxENSONOxx.xxSTACKSxx.Shared.Messaging.Azure.ServiceBus.Tests\xxENSONOxx.xxSTACKSxx.Shared.Messaging.Azure.ServiceBus.Tests.csproj", "{4D619C55-D348-464D-A0D2-F18427DCAA49}"
EndProject
Project("{2150E333-8FDC-42A3-9474-1A3956D46DE8}") = "xxENSONOxx.xxSTACKSxx.Shared.Messaging.Azure.ServiceBus", "xxENSONOxx.xxSTACKSxx.Shared.Messaging.Azure.ServiceBus", "{5CB0D9F6-B749-4FF1-9571-431396D80860}"
EndProject
Global
	GlobalSection(SolutionConfigurationPlatforms) = preSolution
		Debug|Any CPU = Debug|Any CPU
		Debug|x64 = Debug|x64
		Debug|x86 = Debug|x86
		Release|Any CPU = Release|Any CPU
		Release|x64 = Release|x64
		Release|x86 = Release|x86
	EndGlobalSection
	GlobalSection(ProjectConfigurationPlatforms) = postSolution
		{DAA32E63-80B5-49B6-890E-7A11FDA6A85B}.Debug|Any CPU.ActiveCfg = Debug|Any CPU
		{DAA32E63-80B5-49B6-890E-7A11FDA6A85B}.Debug|Any CPU.Build.0 = Debug|Any CPU
		{DAA32E63-80B5-49B6-890E-7A11FDA6A85B}.Debug|x64.ActiveCfg = Debug|Any CPU
		{DAA32E63-80B5-49B6-890E-7A11FDA6A85B}.Debug|x64.Build.0 = Debug|Any CPU
		{DAA32E63-80B5-49B6-890E-7A11FDA6A85B}.Debug|x86.ActiveCfg = Debug|Any CPU
		{DAA32E63-80B5-49B6-890E-7A11FDA6A85B}.Debug|x86.Build.0 = Debug|Any CPU
		{DAA32E63-80B5-49B6-890E-7A11FDA6A85B}.Release|Any CPU.ActiveCfg = Release|Any CPU
		{DAA32E63-80B5-49B6-890E-7A11FDA6A85B}.Release|Any CPU.Build.0 = Release|Any CPU
		{DAA32E63-80B5-49B6-890E-7A11FDA6A85B}.Release|x64.ActiveCfg = Release|Any CPU
		{DAA32E63-80B5-49B6-890E-7A11FDA6A85B}.Release|x64.Build.0 = Release|Any CPU
		{DAA32E63-80B5-49B6-890E-7A11FDA6A85B}.Release|x86.ActiveCfg = Release|Any CPU
		{DAA32E63-80B5-49B6-890E-7A11FDA6A85B}.Release|x86.Build.0 = Release|Any CPU
		{4D619C55-D348-464D-A0D2-F18427DCAA49}.Debug|Any CPU.ActiveCfg = Debug|Any CPU
		{4D619C55-D348-464D-A0D2-F18427DCAA49}.Debug|Any CPU.Build.0 = Debug|Any CPU
		{4D619C55-D348-464D-A0D2-F18427DCAA49}.Debug|x64.ActiveCfg = Debug|Any CPU
		{4D619C55-D348-464D-A0D2-F18427DCAA49}.Debug|x64.Build.0 = Debug|Any CPU
		{4D619C55-D348-464D-A0D2-F18427DCAA49}.Debug|x86.ActiveCfg = Debug|Any CPU
		{4D619C55-D348-464D-A0D2-F18427DCAA49}.Debug|x86.Build.0 = Debug|Any CPU
		{4D619C55-D348-464D-A0D2-F18427DCAA49}.Release|Any CPU.ActiveCfg = Release|Any CPU
		{4D619C55-D348-464D-A0D2-F18427DCAA49}.Release|Any CPU.Build.0 = Release|Any CPU
		{4D619C55-D348-464D-A0D2-F18427DCAA49}.Release|x64.ActiveCfg = Release|Any CPU
		{4D619C55-D348-464D-A0D2-F18427DCAA49}.Release|x64.Build.0 = Release|Any CPU
		{4D619C55-D348-464D-A0D2-F18427DCAA49}.Release|x86.ActiveCfg = Release|Any CPU
		{4D619C55-D348-464D-A0D2-F18427DCAA49}.Release|x86.Build.0 = Release|Any CPU
		{7BEFAEE8-4F24-434B-ABEA-4E904804266C}.Debug|Any CPU.ActiveCfg = Debug|Any CPU
		{7BEFAEE8-4F24-434B-ABEA-4E904804266C}.Debug|Any CPU.Build.0 = Debug|Any CPU
		{7BEFAEE8-4F24-434B-ABEA-4E904804266C}.Debug|x64.ActiveCfg = Debug|Any CPU
		{7BEFAEE8-4F24-434B-ABEA-4E904804266C}.Debug|x64.Build.0 = Debug|Any CPU
		{7BEFAEE8-4F24-434B-ABEA-4E904804266C}.Debug|x86.ActiveCfg = Debug|Any CPU
		{7BEFAEE8-4F24-434B-ABEA-4E904804266C}.Debug|x86.Build.0 = Debug|Any CPU
		{7BEFAEE8-4F24-434B-ABEA-4E904804266C}.Release|Any CPU.ActiveCfg = Release|Any CPU
		{7BEFAEE8-4F24-434B-ABEA-4E904804266C}.Release|Any CPU.Build.0 = Release|Any CPU
		{7BEFAEE8-4F24-434B-ABEA-4E904804266C}.Release|x64.ActiveCfg = Release|Any CPU
		{7BEFAEE8-4F24-434B-ABEA-4E904804266C}.Release|x64.Build.0 = Release|Any CPU
		{7BEFAEE8-4F24-434B-ABEA-4E904804266C}.Release|x86.ActiveCfg = Release|Any CPU
		{7BEFAEE8-4F24-434B-ABEA-4E904804266C}.Release|x86.Build.0 = Release|Any CPU
		{C63011EA-2C53-495B-96F8-71124DB6236C}.Debug|Any CPU.ActiveCfg = Debug|Any CPU
		{C63011EA-2C53-495B-96F8-71124DB6236C}.Debug|Any CPU.Build.0 = Debug|Any CPU
		{C63011EA-2C53-495B-96F8-71124DB6236C}.Debug|x64.ActiveCfg = Debug|Any CPU
		{C63011EA-2C53-495B-96F8-71124DB6236C}.Debug|x64.Build.0 = Debug|Any CPU
		{C63011EA-2C53-495B-96F8-71124DB6236C}.Debug|x86.ActiveCfg = Debug|Any CPU
		{C63011EA-2C53-495B-96F8-71124DB6236C}.Debug|x86.Build.0 = Debug|Any CPU
		{C63011EA-2C53-495B-96F8-71124DB6236C}.Release|Any CPU.ActiveCfg = Release|Any CPU
		{C63011EA-2C53-495B-96F8-71124DB6236C}.Release|Any CPU.Build.0 = Release|Any CPU
		{C63011EA-2C53-495B-96F8-71124DB6236C}.Release|x64.ActiveCfg = Release|Any CPU
		{C63011EA-2C53-495B-96F8-71124DB6236C}.Release|x64.Build.0 = Release|Any CPU
		{C63011EA-2C53-495B-96F8-71124DB6236C}.Release|x86.ActiveCfg = Release|Any CPU
		{C63011EA-2C53-495B-96F8-71124DB6236C}.Release|x86.Build.0 = Release|Any CPU
	EndGlobalSection
	GlobalSection(SolutionProperties) = preSolution
		HideSolutionNode = FALSE
	EndGlobalSection
	GlobalSection(NestedProjects) = preSolution
		{5CB0D9F6-B749-4FF1-9571-431396D80860} = {BCB11287-5713-4A3B-B4C0-88CEFFCA412D}
	EndGlobalSection
	GlobalSection(ExtensibilityGlobals) = postSolution
		SolutionGuid = {F0726C2D-EDCD-4BCB-86B0-20A8C4094318}
	EndGlobalSection
EndGlobal
