
Microsoft Visual Studio Solution File, Format Version 12.00
# Visual Studio Version 17
VisualStudioVersion = 17.10.35122.118
MinimumVisualStudioVersion = 10.0.40219.1
Project("{9A19103F-16F7-4668-BE54-9A1E7A4F7556}") = "xxENSONOxx.xxSTACKSxx.Listener", "xxENSONOxx.xxSTACKSxx.Listener\xxENSONOxx.xxSTACKSxx.Listener.csproj", "{C02E845F-6033-4E04-A4AE-3123E18CCD77}"
EndProject
Project("{9A19103F-16F7-4668-BE54-9A1E7A4F7556}") = "xxENSONOxx.xxSTACKSxx.Listener.UnitTests", "xxENSONOxx.xxSTACKSxx.Listener.UnitTests\xxENSONOxx.xxSTACKSxx.Listener.UnitTests.csproj", "{70F9465D-4AB2-4D25-9492-8482DB7D6E2E}"
EndProject
Project("{2150E333-8FDC-42A3-9474-1A3956D46DE8}") = "Shared", "Shared", "{52AF9EDD-C4D9-4153-9B9C-88531667E386}"
EndProject
Project("{9A19103F-16F7-4668-BE54-9A1E7A4F7556}") = "xxENSONOxx.xxSTACKSxx.Application.CQRS.Events", "xxENSONOxx.xxSTACKSxx.Application.CQRS.Events\xxENSONOxx.xxSTACKSxx.Application.CQRS.Events.csproj", "{374DA101-5C6A-46CF-9C8F-04719403EEB7}"
EndProject
Project("{9A19103F-16F7-4668-BE54-9A1E7A4F7556}") = "xxENSONOxx.xxSTACKSxx.Shared.Application.CQRS.Abstractions", "..\..\..\shared\xxENSONOxx.xxSTACKSxx.Shared.Application.CQRS.Abstractions\xxENSONOxx.xxSTACKSxx.Shared.Application.CQRS.Abstractions.csproj", "{AF0ACDAF-CE5D-4D1E-BD7F-D05397931B90}"
EndProject
Project("{9A19103F-16F7-4668-BE54-9A1E7A4F7556}") = "xxENSONOxx.xxSTACKSxx.Shared.Core", "..\..\..\shared\xxENSONOxx.xxSTACKSxx.Shared.Core\xxENSONOxx.xxSTACKSxx.Shared.Core.csproj", "{0B0898CB-2A02-4FF2-AF5E-099180A6DBE3}"
EndProject
Project("{9A19103F-16F7-4668-BE54-9A1E7A4F7556}") = "xxENSONOxx.xxSTACKSxx.Shared.Core.Tests", "..\..\..\shared\xxENSONOxx.xxSTACKSxx.Shared.Core.Tests\xxENSONOxx.xxSTACKSxx.Shared.Core.Tests.csproj", "{4C6B0846-6035-4FCC-A380-7981BE7A4E02}"
EndProject
Project("{9A19103F-16F7-4668-BE54-9A1E7A4F7556}") = "xxENSONOxx.xxSTACKSxx.Shared.Configuration", "..\..\..\shared\xxENSONOxx.xxSTACKSxx.Shared.Configuration\xxENSONOxx.xxSTACKSxx.Shared.Configuration.csproj", "{7CA759F4-FA9F-4298-875F-AAF5F71F696F}"
EndProject
Project("{9A19103F-16F7-4668-BE54-9A1E7A4F7556}") = "xxENSONOxx.xxSTACKSxx.Shared.Configuration.Tests", "..\..\..\shared\xxENSONOxx.xxSTACKSxx.Shared.Configuration.Tests\xxENSONOxx.xxSTACKSxx.Shared.Configuration.Tests.csproj", "{242487A8-4535-4C64-9FF0-6230D14714F7}"
EndProject
Project("{9A19103F-16F7-4668-BE54-9A1E7A4F7556}") = "xxENSONOxx.xxSTACKSxx.Shared.Messaging.Commands", "..\..\..\shared\xxENSONOxx.xxSTACKSxx.Shared.Messaging.Commands\xxENSONOxx.xxSTACKSxx.Shared.Messaging.Commands.csproj", "{79D276A2-ABDF-437F-B380-5FBF4AF8E633}"
EndProject
Project("{9A19103F-16F7-4668-BE54-9A1E7A4F7556}") = "xxENSONOxx.xxSTACKSxx.Shared.Messaging.Handlers", "..\..\..\shared\xxENSONOxx.xxSTACKSxx.Shared.Messaging.Handlers\xxENSONOxx.xxSTACKSxx.Shared.Messaging.Handlers.csproj", "{683F6A30-12AE-4768-B769-B5E96398C168}"
EndProject
Project("{9A19103F-16F7-4668-BE54-9A1E7A4F7556}") = "xxENSONOxx.xxSTACKSxx.Shared.Messaging.Events", "..\..\..\shared\xxENSONOxx.xxSTACKSxx.Shared.Messaging.Events\xxENSONOxx.xxSTACKSxx.Shared.Messaging.Events.csproj", "{9F9C8D90-ABCE-4A70-9861-9B6F08D8B544}"
EndProject
Project("{9A19103F-16F7-4668-BE54-9A1E7A4F7556}") = "xxENSONOxx.xxSTACKSxx.Shared.Messaging.Azure.ServiceBus", "..\..\..\shared\xxENSONOxx.xxSTACKSxx.Shared.Messaging.Azure.ServiceBus\xxENSONOxx.xxSTACKSxx.Shared.Messaging.Azure.ServiceBus.csproj", "{DEB1054B-B244-419D-866B-19B7BD32A868}"
EndProject
Project("{9A19103F-16F7-4668-BE54-9A1E7A4F7556}") = "xxENSONOxx.xxSTACKSxx.Shared.Messaging.Azure.ServiceBus.Tests", "..\..\..\shared\xxENSONOxx.xxSTACKSxx.Shared.Messaging.Azure.ServiceBus.Tests\xxENSONOxx.xxSTACKSxx.Shared.Messaging.Azure.ServiceBus.Tests.csproj", "{B4B0D375-2655-4E4A-ACBC-FBEAE76E9B87}"
EndProject
Project("{9A19103F-16F7-4668-BE54-9A1E7A4F7556}") = "xxENSONOxx.xxSTACKSxx.Shared.Testing", "..\..\..\shared\xxENSONOxx.xxSTACKSxx.Shared.Testing\xxENSONOxx.xxSTACKSxx.Shared.Testing.csproj", "{C4481E6C-6825-43F9-A8AC-5162FF203485}"
EndProject
Project("{9A19103F-16F7-4668-BE54-9A1E7A4F7556}") = "xxENSONOxx.xxSTACKSxx.Shared.Testing.Tests", "..\..\..\shared\xxENSONOxx.xxSTACKSxx.Shared.Testing.Tests\xxENSONOxx.xxSTACKSxx.Shared.Testing.Tests.csproj", "{776AD9FB-EBEB-4221-9515-B955BEE8D973}"
EndProject
Global
	GlobalSection(SolutionConfigurationPlatforms) = preSolution
		Debug|Any CPU = Debug|Any CPU
		Release|Any CPU = Release|Any CPU
	EndGlobalSection
	GlobalSection(ProjectConfigurationPlatforms) = postSolution
		{C02E845F-6033-4E04-A4AE-3123E18CCD77}.Debug|Any CPU.ActiveCfg = Debug|Any CPU
		{C02E845F-6033-4E04-A4AE-3123E18CCD77}.Debug|Any CPU.Build.0 = Debug|Any CPU
		{C02E845F-6033-4E04-A4AE-3123E18CCD77}.Release|Any CPU.ActiveCfg = Release|Any CPU
		{C02E845F-6033-4E04-A4AE-3123E18CCD77}.Release|Any CPU.Build.0 = Release|Any CPU
		{70F9465D-4AB2-4D25-9492-8482DB7D6E2E}.Debug|Any CPU.ActiveCfg = Debug|Any CPU
		{70F9465D-4AB2-4D25-9492-8482DB7D6E2E}.Debug|Any CPU.Build.0 = Debug|Any CPU
		{70F9465D-4AB2-4D25-9492-8482DB7D6E2E}.Release|Any CPU.ActiveCfg = Release|Any CPU
		{70F9465D-4AB2-4D25-9492-8482DB7D6E2E}.Release|Any CPU.Build.0 = Release|Any CPU
		{374DA101-5C6A-46CF-9C8F-04719403EEB7}.Debug|Any CPU.ActiveCfg = Debug|Any CPU
		{374DA101-5C6A-46CF-9C8F-04719403EEB7}.Debug|Any CPU.Build.0 = Debug|Any CPU
		{374DA101-5C6A-46CF-9C8F-04719403EEB7}.Release|Any CPU.ActiveCfg = Release|Any CPU
		{374DA101-5C6A-46CF-9C8F-04719403EEB7}.Release|Any CPU.Build.0 = Release|Any CPU
		{AF0ACDAF-CE5D-4D1E-BD7F-D05397931B90}.Debug|Any CPU.ActiveCfg = Debug|Any CPU
		{AF0ACDAF-CE5D-4D1E-BD7F-D05397931B90}.Debug|Any CPU.Build.0 = Debug|Any CPU
		{AF0ACDAF-CE5D-4D1E-BD7F-D05397931B90}.Release|Any CPU.ActiveCfg = Release|Any CPU
		{AF0ACDAF-CE5D-4D1E-BD7F-D05397931B90}.Release|Any CPU.Build.0 = Release|Any CPU
		{0B0898CB-2A02-4FF2-AF5E-099180A6DBE3}.Debug|Any CPU.ActiveCfg = Debug|Any CPU
		{0B0898CB-2A02-4FF2-AF5E-099180A6DBE3}.Debug|Any CPU.Build.0 = Debug|Any CPU
		{0B0898CB-2A02-4FF2-AF5E-099180A6DBE3}.Release|Any CPU.ActiveCfg = Release|Any CPU
		{0B0898CB-2A02-4FF2-AF5E-099180A6DBE3}.Release|Any CPU.Build.0 = Release|Any CPU
		{4C6B0846-6035-4FCC-A380-7981BE7A4E02}.Debug|Any CPU.ActiveCfg = Debug|Any CPU
		{4C6B0846-6035-4FCC-A380-7981BE7A4E02}.Debug|Any CPU.Build.0 = Debug|Any CPU
		{4C6B0846-6035-4FCC-A380-7981BE7A4E02}.Release|Any CPU.ActiveCfg = Release|Any CPU
		{4C6B0846-6035-4FCC-A380-7981BE7A4E02}.Release|Any CPU.Build.0 = Release|Any CPU
		{7CA759F4-FA9F-4298-875F-AAF5F71F696F}.Debug|Any CPU.ActiveCfg = Debug|Any CPU
		{7CA759F4-FA9F-4298-875F-AAF5F71F696F}.Debug|Any CPU.Build.0 = Debug|Any CPU
		{7CA759F4-FA9F-4298-875F-AAF5F71F696F}.Release|Any CPU.ActiveCfg = Release|Any CPU
		{7CA759F4-FA9F-4298-875F-AAF5F71F696F}.Release|Any CPU.Build.0 = Release|Any CPU
		{242487A8-4535-4C64-9FF0-6230D14714F7}.Debug|Any CPU.ActiveCfg = Debug|Any CPU
		{242487A8-4535-4C64-9FF0-6230D14714F7}.Debug|Any CPU.Build.0 = Debug|Any CPU
		{242487A8-4535-4C64-9FF0-6230D14714F7}.Release|Any CPU.ActiveCfg = Release|Any CPU
		{242487A8-4535-4C64-9FF0-6230D14714F7}.Release|Any CPU.Build.0 = Release|Any CPU
		{79D276A2-ABDF-437F-B380-5FBF4AF8E633}.Debug|Any CPU.ActiveCfg = Debug|Any CPU
		{79D276A2-ABDF-437F-B380-5FBF4AF8E633}.Debug|Any CPU.Build.0 = Debug|Any CPU
		{79D276A2-ABDF-437F-B380-5FBF4AF8E633}.Release|Any CPU.ActiveCfg = Release|Any CPU
		{79D276A2-ABDF-437F-B380-5FBF4AF8E633}.Release|Any CPU.Build.0 = Release|Any CPU
		{683F6A30-12AE-4768-B769-B5E96398C168}.Debug|Any CPU.ActiveCfg = Debug|Any CPU
		{683F6A30-12AE-4768-B769-B5E96398C168}.Debug|Any CPU.Build.0 = Debug|Any CPU
		{683F6A30-12AE-4768-B769-B5E96398C168}.Release|Any CPU.ActiveCfg = Release|Any CPU
		{683F6A30-12AE-4768-B769-B5E96398C168}.Release|Any CPU.Build.0 = Release|Any CPU
		{9F9C8D90-ABCE-4A70-9861-9B6F08D8B544}.Debug|Any CPU.ActiveCfg = Debug|Any CPU
		{9F9C8D90-ABCE-4A70-9861-9B6F08D8B544}.Debug|Any CPU.Build.0 = Debug|Any CPU
		{9F9C8D90-ABCE-4A70-9861-9B6F08D8B544}.Release|Any CPU.ActiveCfg = Release|Any CPU
		{9F9C8D90-ABCE-4A70-9861-9B6F08D8B544}.Release|Any CPU.Build.0 = Release|Any CPU
		{DEB1054B-B244-419D-866B-19B7BD32A868}.Debug|Any CPU.ActiveCfg = Debug|Any CPU
		{DEB1054B-B244-419D-866B-19B7BD32A868}.Debug|Any CPU.Build.0 = Debug|Any CPU
		{DEB1054B-B244-419D-866B-19B7BD32A868}.Release|Any CPU.ActiveCfg = Release|Any CPU
		{DEB1054B-B244-419D-866B-19B7BD32A868}.Release|Any CPU.Build.0 = Release|Any CPU
		{B4B0D375-2655-4E4A-ACBC-FBEAE76E9B87}.Debug|Any CPU.ActiveCfg = Debug|Any CPU
		{B4B0D375-2655-4E4A-ACBC-FBEAE76E9B87}.Debug|Any CPU.Build.0 = Debug|Any CPU
		{B4B0D375-2655-4E4A-ACBC-FBEAE76E9B87}.Release|Any CPU.ActiveCfg = Release|Any CPU
		{B4B0D375-2655-4E4A-ACBC-FBEAE76E9B87}.Release|Any CPU.Build.0 = Release|Any CPU
		{C4481E6C-6825-43F9-A8AC-5162FF203485}.Debug|Any CPU.ActiveCfg = Debug|Any CPU
		{C4481E6C-6825-43F9-A8AC-5162FF203485}.Debug|Any CPU.Build.0 = Debug|Any CPU
		{C4481E6C-6825-43F9-A8AC-5162FF203485}.Release|Any CPU.ActiveCfg = Release|Any CPU
		{C4481E6C-6825-43F9-A8AC-5162FF203485}.Release|Any CPU.Build.0 = Release|Any CPU
		{776AD9FB-EBEB-4221-9515-B955BEE8D973}.Debug|Any CPU.ActiveCfg = Debug|Any CPU
		{776AD9FB-EBEB-4221-9515-B955BEE8D973}.Debug|Any CPU.Build.0 = Debug|Any CPU
		{776AD9FB-EBEB-4221-9515-B955BEE8D973}.Release|Any CPU.ActiveCfg = Release|Any CPU
		{776AD9FB-EBEB-4221-9515-B955BEE8D973}.Release|Any CPU.Build.0 = Release|Any CPU
	EndGlobalSection
	GlobalSection(SolutionProperties) = preSolution
		HideSolutionNode = FALSE
	EndGlobalSection
	GlobalSection(NestedProjects) = preSolution
		{AF0ACDAF-CE5D-4D1E-BD7F-D05397931B90} = {52AF9EDD-C4D9-4153-9B9C-88531667E386}
		{0B0898CB-2A02-4FF2-AF5E-099180A6DBE3} = {52AF9EDD-C4D9-4153-9B9C-88531667E386}
		{4C6B0846-6035-4FCC-A380-7981BE7A4E02} = {52AF9EDD-C4D9-4153-9B9C-88531667E386}
		{7CA759F4-FA9F-4298-875F-AAF5F71F696F} = {52AF9EDD-C4D9-4153-9B9C-88531667E386}
		{242487A8-4535-4C64-9FF0-6230D14714F7} = {52AF9EDD-C4D9-4153-9B9C-88531667E386}
		{79D276A2-ABDF-437F-B380-5FBF4AF8E633} = {52AF9EDD-C4D9-4153-9B9C-88531667E386}
		{683F6A30-12AE-4768-B769-B5E96398C168} = {52AF9EDD-C4D9-4153-9B9C-88531667E386}
		{9F9C8D90-ABCE-4A70-9861-9B6F08D8B544} = {52AF9EDD-C4D9-4153-9B9C-88531667E386}
		{DEB1054B-B244-419D-866B-19B7BD32A868} = {52AF9EDD-C4D9-4153-9B9C-88531667E386}
		{B4B0D375-2655-4E4A-ACBC-FBEAE76E9B87} = {52AF9EDD-C4D9-4153-9B9C-88531667E386}
		{C4481E6C-6825-43F9-A8AC-5162FF203485} = {52AF9EDD-C4D9-4153-9B9C-88531667E386}
		{776AD9FB-EBEB-4221-9515-B955BEE8D973} = {52AF9EDD-C4D9-4153-9B9C-88531667E386}
	EndGlobalSection
	GlobalSection(ExtensibilityGlobals) = postSolution
		SolutionGuid = {3546202A-0894-4AB2-BE97-62375FDA3AD9}
	EndGlobalSection
EndGlobal
