
Microsoft Visual Studio Solution File, Format Version 12.00
# Visual Studio Version 17
VisualStudioVersion = 17.0.31912.275
MinimumVisualStudioVersion = 15.0.26124.0
Project("{9A19103F-16F7-4668-BE54-9A1E7A4F7556}") = "xxENSONOxx.xxSTACKSxx.API", "xxENSONOxx.xxSTACKSxx.API\xxENSONOxx.xxSTACKSxx.API.csproj", "{1C8220AB-C7EE-4782-BE86-719F1457FECB}"
EndProject
Project("{2150E333-8FDC-42A3-9474-1A3956D46DE8}") = "API", "API", "{A93ABC7D-17EC-4D7E-B8CF-94F11D94910D}"
EndProject
Project("{9A19103F-16F7-4668-BE54-9A1E7A4F7556}") = "xxENSONOxx.xxSTACKSxx.API.Models", "xxENSONOxx.xxSTACKSxx.API.Models\xxENSONOxx.xxSTACKSxx.API.Models.csproj", "{E636A045-7299-4837-BC3B-77797E48CC4F}"
EndProject
Project("{2150E333-8FDC-42A3-9474-1A3956D46DE8}") = "Tests", "Tests", "{C5C3D541-865C-4FEB-84A6-39A5F4971DB5}"
EndProject
Project("{9A19103F-16F7-4668-BE54-9A1E7A4F7556}") = "xxENSONOxx.xxSTACKSxx.API.UnitTests", "xxENSONOxx.xxSTACKSxx.API.UnitTests\xxENSONOxx.xxSTACKSxx.API.UnitTests.csproj", "{A2A61542-0E8A-4F82-B6CE-E101A112B78F}"
EndProject
Project("{9A19103F-16F7-4668-BE54-9A1E7A4F7556}") = "xxENSONOxx.xxSTACKSxx.Shared.Testing", "..\..\..\shared\xxENSONOxx.xxSTACKSxx.Shared.Testing\xxENSONOxx.xxSTACKSxx.Shared.Testing.csproj", "{5375FD38-BB3F-45B6-A42C-E62D7F4C3834}"
EndProject
Project("{9A19103F-16F7-4668-BE54-9A1E7A4F7556}") = "xxENSONOxx.xxSTACKSxx.Shared.Testing.Tests", "..\..\..\shared\xxENSONOxx.xxSTACKSxx.Shared.Testing.Tests\xxENSONOxx.xxSTACKSxx.Shared.Testing.Tests.csproj", "{6D545555-2426-4478-82A9-D756A00F1E39}"
EndProject
Project("{9A19103F-16F7-4668-BE54-9A1E7A4F7556}") = "xxENSONOxx.xxSTACKSxx.Shared.Core", "..\..\..\shared\xxENSONOxx.xxSTACKSxx.Shared.Core\xxENSONOxx.xxSTACKSxx.Shared.Core.csproj", "{3F133394-CF28-4110-BA3D-EBF404208A81}"
EndProject
Project("{9A19103F-16F7-4668-BE54-9A1E7A4F7556}") = "xxENSONOxx.xxSTACKSxx.Shared.Core.Tests", "..\..\..\shared\xxENSONOxx.xxSTACKSxx.Shared.Core.Tests\xxENSONOxx.xxSTACKSxx.Shared.Core.Tests.csproj", "{06DE9A76-034B-4975-8365-A7F88EF7954E}"
EndProject
Project("{2150E333-8FDC-42A3-9474-1A3956D46DE8}") = "Shared", "Shared", "{BAA1B75A-6B07-42C1-972F-7CDBAE264F01}"
EndProject
Project("{FAE04EC0-301F-11D3-BF4B-00C04F79EFBC}") = "xxENSONOxx.xxSTACKSxx.AppHost", "xxENSONOxx.xxSTACKSxx.AppHost\xxENSONOxx.xxSTACKSxx.AppHost.csproj", "{F9DD0CF1-4071-421C-A2A1-CD7A1D82551A}"
EndProject
Global
	GlobalSection(SolutionConfigurationPlatforms) = preSolution
		Debug|Any CPU = Debug|Any CPU
		Debug|x64 = Debug|x64
		Debug|x86 = Debug|x86
		Release|Any CPU = Release|Any CPU
		Release|x64 = Release|x64
		Release|x86 = Release|x86
	EndGlobalSection
	GlobalSection(ProjectConfigurationPlatforms) = postSolution
		{1C8220AB-C7EE-4782-BE86-719F1457FECB}.Debug|Any CPU.ActiveCfg = Debug|Any CPU
		{1C8220AB-C7EE-4782-BE86-719F1457FECB}.Debug|Any CPU.Build.0 = Debug|Any CPU
		{1C8220AB-C7EE-4782-BE86-719F1457FECB}.Debug|x64.ActiveCfg = Debug|Any CPU
		{1C8220AB-C7EE-4782-BE86-719F1457FECB}.Debug|x64.Build.0 = Debug|Any CPU
		{1C8220AB-C7EE-4782-BE86-719F1457FECB}.Debug|x86.ActiveCfg = Debug|Any CPU
		{1C8220AB-C7EE-4782-BE86-719F1457FECB}.Debug|x86.Build.0 = Debug|Any CPU
		{1C8220AB-C7EE-4782-BE86-719F1457FECB}.Release|Any CPU.ActiveCfg = Release|Any CPU
		{1C8220AB-C7EE-4782-BE86-719F1457FECB}.Release|Any CPU.Build.0 = Release|Any CPU
		{1C8220AB-C7EE-4782-BE86-719F1457FECB}.Release|x64.ActiveCfg = Release|Any CPU
		{1C8220AB-C7EE-4782-BE86-719F1457FECB}.Release|x64.Build.0 = Release|Any CPU
		{1C8220AB-C7EE-4782-BE86-719F1457FECB}.Release|x86.ActiveCfg = Release|Any CPU
		{1C8220AB-C7EE-4782-BE86-719F1457FECB}.Release|x86.Build.0 = Release|Any CPU
		{E636A045-7299-4837-BC3B-77797E48CC4F}.Debug|Any CPU.ActiveCfg = Debug|Any CPU
		{E636A045-7299-4837-BC3B-77797E48CC4F}.Debug|Any CPU.Build.0 = Debug|Any CPU
		{E636A045-7299-4837-BC3B-77797E48CC4F}.Debug|x64.ActiveCfg = Debug|Any CPU
		{E636A045-7299-4837-BC3B-77797E48CC4F}.Debug|x64.Build.0 = Debug|Any CPU
		{E636A045-7299-4837-BC3B-77797E48CC4F}.Debug|x86.ActiveCfg = Debug|Any CPU
		{E636A045-7299-4837-BC3B-77797E48CC4F}.Debug|x86.Build.0 = Debug|Any CPU
		{E636A045-7299-4837-BC3B-77797E48CC4F}.Release|Any CPU.ActiveCfg = Release|Any CPU
		{E636A045-7299-4837-BC3B-77797E48CC4F}.Release|Any CPU.Build.0 = Release|Any CPU
		{E636A045-7299-4837-BC3B-77797E48CC4F}.Release|x64.ActiveCfg = Release|Any CPU
		{E636A045-7299-4837-BC3B-77797E48CC4F}.Release|x64.Build.0 = Release|Any CPU
		{E636A045-7299-4837-BC3B-77797E48CC4F}.Release|x86.ActiveCfg = Release|Any CPU
		{E636A045-7299-4837-BC3B-77797E48CC4F}.Release|x86.Build.0 = Release|Any CPU
		{A2A61542-0E8A-4F82-B6CE-E101A112B78F}.Debug|Any CPU.ActiveCfg = Debug|Any CPU
		{A2A61542-0E8A-4F82-B6CE-E101A112B78F}.Debug|Any CPU.Build.0 = Debug|Any CPU
		{A2A61542-0E8A-4F82-B6CE-E101A112B78F}.Debug|x64.ActiveCfg = Debug|Any CPU
		{A2A61542-0E8A-4F82-B6CE-E101A112B78F}.Debug|x64.Build.0 = Debug|Any CPU
		{A2A61542-0E8A-4F82-B6CE-E101A112B78F}.Debug|x86.ActiveCfg = Debug|Any CPU
		{A2A61542-0E8A-4F82-B6CE-E101A112B78F}.Debug|x86.Build.0 = Debug|Any CPU
		{A2A61542-0E8A-4F82-B6CE-E101A112B78F}.Release|Any CPU.ActiveCfg = Release|Any CPU
		{A2A61542-0E8A-4F82-B6CE-E101A112B78F}.Release|Any CPU.Build.0 = Release|Any CPU
		{A2A61542-0E8A-4F82-B6CE-E101A112B78F}.Release|x64.ActiveCfg = Release|Any CPU
		{A2A61542-0E8A-4F82-B6CE-E101A112B78F}.Release|x64.Build.0 = Release|Any CPU
		{A2A61542-0E8A-4F82-B6CE-E101A112B78F}.Release|x86.ActiveCfg = Release|Any CPU
		{A2A61542-0E8A-4F82-B6CE-E101A112B78F}.Release|x86.Build.0 = Release|Any CPU
		{5375FD38-BB3F-45B6-A42C-E62D7F4C3834}.Debug|Any CPU.ActiveCfg = Debug|Any CPU
		{5375FD38-BB3F-45B6-A42C-E62D7F4C3834}.Debug|Any CPU.Build.0 = Debug|Any CPU
		{5375FD38-BB3F-45B6-A42C-E62D7F4C3834}.Debug|x64.ActiveCfg = Debug|Any CPU
		{5375FD38-BB3F-45B6-A42C-E62D7F4C3834}.Debug|x64.Build.0 = Debug|Any CPU
		{5375FD38-BB3F-45B6-A42C-E62D7F4C3834}.Debug|x86.ActiveCfg = Debug|Any CPU
		{5375FD38-BB3F-45B6-A42C-E62D7F4C3834}.Debug|x86.Build.0 = Debug|Any CPU
		{5375FD38-BB3F-45B6-A42C-E62D7F4C3834}.Release|Any CPU.ActiveCfg = Release|Any CPU
		{5375FD38-BB3F-45B6-A42C-E62D7F4C3834}.Release|Any CPU.Build.0 = Release|Any CPU
		{5375FD38-BB3F-45B6-A42C-E62D7F4C3834}.Release|x64.ActiveCfg = Release|Any CPU
		{5375FD38-BB3F-45B6-A42C-E62D7F4C3834}.Release|x64.Build.0 = Release|Any CPU
		{5375FD38-BB3F-45B6-A42C-E62D7F4C3834}.Release|x86.ActiveCfg = Release|Any CPU
		{5375FD38-BB3F-45B6-A42C-E62D7F4C3834}.Release|x86.Build.0 = Release|Any CPU
		{6D545555-2426-4478-82A9-D756A00F1E39}.Debug|Any CPU.ActiveCfg = Debug|Any CPU
		{6D545555-2426-4478-82A9-D756A00F1E39}.Debug|Any CPU.Build.0 = Debug|Any CPU
		{6D545555-2426-4478-82A9-D756A00F1E39}.Debug|x64.ActiveCfg = Debug|Any CPU
		{6D545555-2426-4478-82A9-D756A00F1E39}.Debug|x64.Build.0 = Debug|Any CPU
		{6D545555-2426-4478-82A9-D756A00F1E39}.Debug|x86.ActiveCfg = Debug|Any CPU
		{6D545555-2426-4478-82A9-D756A00F1E39}.Debug|x86.Build.0 = Debug|Any CPU
		{6D545555-2426-4478-82A9-D756A00F1E39}.Release|Any CPU.ActiveCfg = Release|Any CPU
		{6D545555-2426-4478-82A9-D756A00F1E39}.Release|Any CPU.Build.0 = Release|Any CPU
		{6D545555-2426-4478-82A9-D756A00F1E39}.Release|x64.ActiveCfg = Release|Any CPU
		{6D545555-2426-4478-82A9-D756A00F1E39}.Release|x64.Build.0 = Release|Any CPU
		{6D545555-2426-4478-82A9-D756A00F1E39}.Release|x86.ActiveCfg = Release|Any CPU
		{6D545555-2426-4478-82A9-D756A00F1E39}.Release|x86.Build.0 = Release|Any CPU
		{3F133394-CF28-4110-BA3D-EBF404208A81}.Debug|Any CPU.ActiveCfg = Debug|Any CPU
		{3F133394-CF28-4110-BA3D-EBF404208A81}.Debug|Any CPU.Build.0 = Debug|Any CPU
		{3F133394-CF28-4110-BA3D-EBF404208A81}.Debug|x64.ActiveCfg = Debug|Any CPU
		{3F133394-CF28-4110-BA3D-EBF404208A81}.Debug|x64.Build.0 = Debug|Any CPU
		{3F133394-CF28-4110-BA3D-EBF404208A81}.Debug|x86.ActiveCfg = Debug|Any CPU
		{3F133394-CF28-4110-BA3D-EBF404208A81}.Debug|x86.Build.0 = Debug|Any CPU
		{3F133394-CF28-4110-BA3D-EBF404208A81}.Release|Any CPU.ActiveCfg = Release|Any CPU
		{3F133394-CF28-4110-BA3D-EBF404208A81}.Release|Any CPU.Build.0 = Release|Any CPU
		{3F133394-CF28-4110-BA3D-EBF404208A81}.Release|x64.ActiveCfg = Release|Any CPU
		{3F133394-CF28-4110-BA3D-EBF404208A81}.Release|x64.Build.0 = Release|Any CPU
		{3F133394-CF28-4110-BA3D-EBF404208A81}.Release|x86.ActiveCfg = Release|Any CPU
		{3F133394-CF28-4110-BA3D-EBF404208A81}.Release|x86.Build.0 = Release|Any CPU
		{06DE9A76-034B-4975-8365-A7F88EF7954E}.Debug|Any CPU.ActiveCfg = Debug|Any CPU
		{06DE9A76-034B-4975-8365-A7F88EF7954E}.Debug|Any CPU.Build.0 = Debug|Any CPU
		{06DE9A76-034B-4975-8365-A7F88EF7954E}.Debug|x64.ActiveCfg = Debug|Any CPU
		{06DE9A76-034B-4975-8365-A7F88EF7954E}.Debug|x64.Build.0 = Debug|Any CPU
		{06DE9A76-034B-4975-8365-A7F88EF7954E}.Debug|x86.ActiveCfg = Debug|Any CPU
		{06DE9A76-034B-4975-8365-A7F88EF7954E}.Debug|x86.Build.0 = Debug|Any CPU
		{06DE9A76-034B-4975-8365-A7F88EF7954E}.Release|Any CPU.ActiveCfg = Release|Any CPU
		{06DE9A76-034B-4975-8365-A7F88EF7954E}.Release|Any CPU.Build.0 = Release|Any CPU
		{06DE9A76-034B-4975-8365-A7F88EF7954E}.Release|x64.ActiveCfg = Release|Any CPU
		{06DE9A76-034B-4975-8365-A7F88EF7954E}.Release|x64.Build.0 = Release|Any CPU
		{06DE9A76-034B-4975-8365-A7F88EF7954E}.Release|x86.ActiveCfg = Release|Any CPU
		{06DE9A76-034B-4975-8365-A7F88EF7954E}.Release|x86.Build.0 = Release|Any CPU
		{F9DD0CF1-4071-421C-A2A1-CD7A1D82551A}.Debug|Any CPU.ActiveCfg = Debug|Any CPU
		{F9DD0CF1-4071-421C-A2A1-CD7A1D82551A}.Debug|Any CPU.Build.0 = Debug|Any CPU
		{F9DD0CF1-4071-421C-A2A1-CD7A1D82551A}.Debug|x64.ActiveCfg = Debug|Any CPU
		{F9DD0CF1-4071-421C-A2A1-CD7A1D82551A}.Debug|x64.Build.0 = Debug|Any CPU
		{F9DD0CF1-4071-421C-A2A1-CD7A1D82551A}.Debug|x86.ActiveCfg = Debug|Any CPU
		{F9DD0CF1-4071-421C-A2A1-CD7A1D82551A}.Debug|x86.Build.0 = Debug|Any CPU
		{F9DD0CF1-4071-421C-A2A1-CD7A1D82551A}.Release|Any CPU.ActiveCfg = Release|Any CPU
		{F9DD0CF1-4071-421C-A2A1-CD7A1D82551A}.Release|Any CPU.Build.0 = Release|Any CPU
		{F9DD0CF1-4071-421C-A2A1-CD7A1D82551A}.Release|x64.ActiveCfg = Release|Any CPU
		{F9DD0CF1-4071-421C-A2A1-CD7A1D82551A}.Release|x64.Build.0 = Release|Any CPU
		{F9DD0CF1-4071-421C-A2A1-CD7A1D82551A}.Release|x86.ActiveCfg = Release|Any CPU
		{F9DD0CF1-4071-421C-A2A1-CD7A1D82551A}.Release|x86.Build.0 = Release|Any CPU
	EndGlobalSection
	GlobalSection(SolutionProperties) = preSolution
		HideSolutionNode = FALSE
	EndGlobalSection
	GlobalSection(NestedProjects) = preSolution
		{1C8220AB-C7EE-4782-BE86-719F1457FECB} = {A93ABC7D-17EC-4D7E-B8CF-94F11D94910D}
		{E636A045-7299-4837-BC3B-77797E48CC4F} = {A93ABC7D-17EC-4D7E-B8CF-94F11D94910D}
		{A2A61542-0E8A-4F82-B6CE-E101A112B78F} = {C5C3D541-865C-4FEB-84A6-39A5F4971DB5}
		{5375FD38-BB3F-45B6-A42C-E62D7F4C3834} = {BAA1B75A-6B07-42C1-972F-7CDBAE264F01}
		{6D545555-2426-4478-82A9-D756A00F1E39} = {BAA1B75A-6B07-42C1-972F-7CDBAE264F01}
		{3F133394-CF28-4110-BA3D-EBF404208A81} = {BAA1B75A-6B07-42C1-972F-7CDBAE264F01}
		{06DE9A76-034B-4975-8365-A7F88EF7954E} = {BAA1B75A-6B07-42C1-972F-7CDBAE264F01}
	EndGlobalSection
	GlobalSection(ExtensibilityGlobals) = postSolution
		SolutionGuid = {720DC16E-7E6F-4249-8557-E4DC52A442BC}
	EndGlobalSection
EndGlobal
