
Microsoft Visual Studio Solution File, Format Version 12.00
# Visual Studio Version 16
VisualStudioVersion = 16.0.29001.49
MinimumVisualStudioVersion = 15.0.26124.0
Project("{9A19103F-16F7-4668-BE54-9A1E7A4F7556}") = "xxAMIDOxx.xxSTACKSxx.API", "xxAMIDOxx.xxSTACKSxx.API\xxAMIDOxx.xxSTACKSxx.API.csproj", "{1C8220AB-C7EE-4782-BE86-719F1457FECB}"
EndProject
Project("{2150E333-8FDC-42A3-9474-1A3956D46DE8}") = "API", "API", "{A93ABC7D-17EC-4D7E-B8CF-94F11D94910D}"
EndProject
Project("{2150E333-8FDC-42A3-9474-1A3956D46DE8}") = "Application", "Application", "{01D796D5-BB3F-411F-B48C-A8267CD20749}"
EndProject
Project("{2150E333-8FDC-42A3-9474-1A3956D46DE8}") = "zStacksPackages", "zStacksPackages", "{450E03B6-4844-4B70-9FF1-F291A1464F64}"
EndProject
Project("{9A19103F-16F7-4668-BE54-9A1E7A4F7556}") = "Amido.Stacks.Application.CQRS", "stacks\Amido.Stacks.Application.CQRS\Amido.Stacks.Application.CQRS.csproj", "{9A94426E-6F59-4704-B926-079BAA246D04}"
EndProject
Project("{9A19103F-16F7-4668-BE54-9A1E7A4F7556}") = "xxAMIDOxx.xxSTACKSxx.Infrastructure", "xxAMIDOxx.xxSTACKSxx.Infrastructure\xxAMIDOxx.xxSTACKSxx.Infrastructure.csproj", "{4470AD41-8982-4248-9DB6-688E95664CDA}"
EndProject
Project("{2150E333-8FDC-42A3-9474-1A3956D46DE8}") = "Domain", "Domain", "{BDCCC652-01CA-4AC4-848E-DA136C8E01EF}"
EndProject
Project("{9A19103F-16F7-4668-BE54-9A1E7A4F7556}") = "xxAMIDOxx.xxSTACKSxx.Domain", "xxAMIDOxx.xxSTACKSxx.Domain\xxAMIDOxx.xxSTACKSxx.Domain.csproj", "{EB2EC4D5-7DBF-4EB5-9BB8-8FA5D85087CE}"
EndProject
Project("{2150E333-8FDC-42A3-9474-1A3956D46DE8}") = "Tests", "Tests", "{5829769F-3B52-4C7A-A77E-2E03F57893A8}"
EndProject
Project("{2150E333-8FDC-42A3-9474-1A3956D46DE8}") = "Shared", "Shared", "{5C2EF365-4E4D-4446-A3C6-325168F0531F}"
EndProject
Project("{9A19103F-16F7-4668-BE54-9A1E7A4F7556}") = "Amido.Stacks.API.Swagger", "stacks\Amido.Stacks.API.Swagger\Amido.Stacks.API.Swagger.csproj", "{D3473E31-D37A-4AA8-B641-CC7D7E298193}"
EndProject
Project("{9A19103F-16F7-4668-BE54-9A1E7A4F7556}") = "Amido.Stacks.API", "stacks\Amido.Stacks.API\Amido.Stacks.API.csproj", "{B1450022-A8D1-469D-880C-B8314E6F500C}"
EndProject
Project("{9A19103F-16F7-4668-BE54-9A1E7A4F7556}") = "xxAMIDOxx.xxSTACKSxx.CQRS", "xxAMIDOxx.xxSTACKSxx.CQRS\xxAMIDOxx.xxSTACKSxx.CQRS.csproj", "{199D0800-147E-41BC-ACF0-39F9F87A2B57}"
EndProject
Project("{9A19103F-16F7-4668-BE54-9A1E7A4F7556}") = "Amido.Stacks.Domain", "stacks\Amido.Stacks.Domain\Amido.Stacks.Domain.csproj", "{0F97D6AF-B743-48AE-B349-04FACC967342}"
EndProject
Project("{9A19103F-16F7-4668-BE54-9A1E7A4F7556}") = "xxAMIDOxx.xxSTACKSxx.API.Models", "xxAMIDOxx.xxSTACKSxx.API.Models\xxAMIDOxx.xxSTACKSxx.API.Models.csproj", "{E636A045-7299-4837-BC3B-77797E48CC4F}"
EndProject
Project("{9A19103F-16F7-4668-BE54-9A1E7A4F7556}") = "Amido.Stacks.DependencyInjection", "stacks\Amido.Stacks.DependencyInjection\Amido.Stacks.DependencyInjection.csproj", "{D260213D-0C0B-4625-9CEC-CC33E5B7D238}"
EndProject
Project("{9A19103F-16F7-4668-BE54-9A1E7A4F7556}") = "xxAMIDOxx.xxSTACKSxx.Common", "xxAMIDOxx.xxSTACKSxx.Common\xxAMIDOxx.xxSTACKSxx.Common.csproj", "{FF124C60-974B-4E9B-AC7F-51B454FDAAA3}"
EndProject
Project("{9A19103F-16F7-4668-BE54-9A1E7A4F7556}") = "Amido.Stacks.Core", "stacks\Amido.Stacks.Core\Amido.Stacks.Core.csproj", "{36754D74-26C3-4752-8222-3710CADEB027}"
EndProject
Project("{9A19103F-16F7-4668-BE54-9A1E7A4F7556}") = "xxAMIDOxx.xxSTACKSxx.API.ComponentTests", "xxAMIDOxx.xxSTACKSxx.API.ComponentTests\xxAMIDOxx.xxSTACKSxx.API.ComponentTests.csproj", "{9A89022F-BBDF-43D3-B748-EF344824A1E6}"
EndProject
Project("{9A19103F-16F7-4668-BE54-9A1E7A4F7556}") = "xxAMIDOxx.xxSTACKSxx.Common.UnitTests", "xxAMIDOxx.xxSTACKSxx.Common.UnitTests\xxAMIDOxx.xxSTACKSxx.Common.UnitTests.csproj", "{31A84D6F-6918-4B9B-9CB9-A8D8984B5DBC}"
EndProject
Project("{9A19103F-16F7-4668-BE54-9A1E7A4F7556}") = "xxAMIDOxx.xxSTACKSxx.Domain.UnitTests", "xxAMIDOxx.xxSTACKSxx.Domain.UnitTests\xxAMIDOxx.xxSTACKSxx.Domain.UnitTests.csproj", "{81434893-86D2-4E21-A58F-7545E7B6E5F1}"
EndProject
Project("{9A19103F-16F7-4668-BE54-9A1E7A4F7556}") = "xxAMIDOxx.xxSTACKSxx.Infrastructure.IntegrationTests", "xxAMIDOxx.xxSTACKSxx.Infrastructure.IntegrationTests\xxAMIDOxx.xxSTACKSxx.Infrastructure.IntegrationTests.csproj", "{EE4B77E0-52AF-4F98-814D-088922686BDB}"
EndProject
Project("{2150E333-8FDC-42A3-9474-1A3956D46DE8}") = "External", "External", "{3C708046-3F68-42EB-B9C7-327C0EEAD235}"
EndProject
Project("{9A19103F-16F7-4668-BE54-9A1E7A4F7556}") = "xxAMIDOxx.xxSTACKSxx.Application.CommandHandlers", "xxAMIDOxx.xxSTACKSxx.Application.CommandHandlers\xxAMIDOxx.xxSTACKSxx.Application.CommandHandlers.csproj", "{E8F8A3CE-B76F-4676-A6CA-46C6B92C6F87}"
EndProject
Project("{9A19103F-16F7-4668-BE54-9A1E7A4F7556}") = "xxAMIDOxx.xxSTACKSxx.Application.QueryHandlers", "xxAMIDOxx.xxSTACKSxx.Application.QueryHandlers\xxAMIDOxx.xxSTACKSxx.Application.QueryHandlers.csproj", "{116067F7-C697-469E-B83E-CB1FA3D99994}"
EndProject
Project("{9A19103F-16F7-4668-BE54-9A1E7A4F7556}") = "xxAMIDOxx.xxSTACKSxx.Application.Integration", "xxAMIDOxx.xxSTACKSxx.Application.Integration\xxAMIDOxx.xxSTACKSxx.Application.Integration.csproj", "{64880416-DDE8-47D1-9D2F-AB3C16F1A3A4}"
EndProject
Global
	GlobalSection(SolutionConfigurationPlatforms) = preSolution
		Debug|Any CPU = Debug|Any CPU
		Debug|x64 = Debug|x64
		Debug|x86 = Debug|x86
		Release|Any CPU = Release|Any CPU
		Release|x64 = Release|x64
		Release|x86 = Release|x86
	EndGlobalSection
	GlobalSection(ProjectConfigurationPlatforms) = postSolution
		{1C8220AB-C7EE-4782-BE86-719F1457FECB}.Debug|Any CPU.ActiveCfg = Debug|Any CPU
		{1C8220AB-C7EE-4782-BE86-719F1457FECB}.Debug|Any CPU.Build.0 = Debug|Any CPU
		{1C8220AB-C7EE-4782-BE86-719F1457FECB}.Debug|x64.ActiveCfg = Debug|Any CPU
		{1C8220AB-C7EE-4782-BE86-719F1457FECB}.Debug|x64.Build.0 = Debug|Any CPU
		{1C8220AB-C7EE-4782-BE86-719F1457FECB}.Debug|x86.ActiveCfg = Debug|Any CPU
		{1C8220AB-C7EE-4782-BE86-719F1457FECB}.Debug|x86.Build.0 = Debug|Any CPU
		{1C8220AB-C7EE-4782-BE86-719F1457FECB}.Release|Any CPU.ActiveCfg = Release|Any CPU
		{1C8220AB-C7EE-4782-BE86-719F1457FECB}.Release|Any CPU.Build.0 = Release|Any CPU
		{1C8220AB-C7EE-4782-BE86-719F1457FECB}.Release|x64.ActiveCfg = Release|Any CPU
		{1C8220AB-C7EE-4782-BE86-719F1457FECB}.Release|x64.Build.0 = Release|Any CPU
		{1C8220AB-C7EE-4782-BE86-719F1457FECB}.Release|x86.ActiveCfg = Release|Any CPU
		{1C8220AB-C7EE-4782-BE86-719F1457FECB}.Release|x86.Build.0 = Release|Any CPU
		{9A94426E-6F59-4704-B926-079BAA246D04}.Debug|Any CPU.ActiveCfg = Debug|Any CPU
		{9A94426E-6F59-4704-B926-079BAA246D04}.Debug|Any CPU.Build.0 = Debug|Any CPU
		{9A94426E-6F59-4704-B926-079BAA246D04}.Debug|x64.ActiveCfg = Debug|Any CPU
		{9A94426E-6F59-4704-B926-079BAA246D04}.Debug|x64.Build.0 = Debug|Any CPU
		{9A94426E-6F59-4704-B926-079BAA246D04}.Debug|x86.ActiveCfg = Debug|Any CPU
		{9A94426E-6F59-4704-B926-079BAA246D04}.Debug|x86.Build.0 = Debug|Any CPU
		{9A94426E-6F59-4704-B926-079BAA246D04}.Release|Any CPU.ActiveCfg = Release|Any CPU
		{9A94426E-6F59-4704-B926-079BAA246D04}.Release|Any CPU.Build.0 = Release|Any CPU
		{9A94426E-6F59-4704-B926-079BAA246D04}.Release|x64.ActiveCfg = Release|Any CPU
		{9A94426E-6F59-4704-B926-079BAA246D04}.Release|x64.Build.0 = Release|Any CPU
		{9A94426E-6F59-4704-B926-079BAA246D04}.Release|x86.ActiveCfg = Release|Any CPU
		{9A94426E-6F59-4704-B926-079BAA246D04}.Release|x86.Build.0 = Release|Any CPU
		{4470AD41-8982-4248-9DB6-688E95664CDA}.Debug|Any CPU.ActiveCfg = Debug|Any CPU
		{4470AD41-8982-4248-9DB6-688E95664CDA}.Debug|Any CPU.Build.0 = Debug|Any CPU
		{4470AD41-8982-4248-9DB6-688E95664CDA}.Debug|x64.ActiveCfg = Debug|Any CPU
		{4470AD41-8982-4248-9DB6-688E95664CDA}.Debug|x64.Build.0 = Debug|Any CPU
		{4470AD41-8982-4248-9DB6-688E95664CDA}.Debug|x86.ActiveCfg = Debug|Any CPU
		{4470AD41-8982-4248-9DB6-688E95664CDA}.Debug|x86.Build.0 = Debug|Any CPU
		{4470AD41-8982-4248-9DB6-688E95664CDA}.Release|Any CPU.ActiveCfg = Release|Any CPU
		{4470AD41-8982-4248-9DB6-688E95664CDA}.Release|Any CPU.Build.0 = Release|Any CPU
		{4470AD41-8982-4248-9DB6-688E95664CDA}.Release|x64.ActiveCfg = Release|Any CPU
		{4470AD41-8982-4248-9DB6-688E95664CDA}.Release|x64.Build.0 = Release|Any CPU
		{4470AD41-8982-4248-9DB6-688E95664CDA}.Release|x86.ActiveCfg = Release|Any CPU
		{4470AD41-8982-4248-9DB6-688E95664CDA}.Release|x86.Build.0 = Release|Any CPU
		{EB2EC4D5-7DBF-4EB5-9BB8-8FA5D85087CE}.Debug|Any CPU.ActiveCfg = Debug|Any CPU
		{EB2EC4D5-7DBF-4EB5-9BB8-8FA5D85087CE}.Debug|Any CPU.Build.0 = Debug|Any CPU
		{EB2EC4D5-7DBF-4EB5-9BB8-8FA5D85087CE}.Debug|x64.ActiveCfg = Debug|Any CPU
		{EB2EC4D5-7DBF-4EB5-9BB8-8FA5D85087CE}.Debug|x64.Build.0 = Debug|Any CPU
		{EB2EC4D5-7DBF-4EB5-9BB8-8FA5D85087CE}.Debug|x86.ActiveCfg = Debug|Any CPU
		{EB2EC4D5-7DBF-4EB5-9BB8-8FA5D85087CE}.Debug|x86.Build.0 = Debug|Any CPU
		{EB2EC4D5-7DBF-4EB5-9BB8-8FA5D85087CE}.Release|Any CPU.ActiveCfg = Release|Any CPU
		{EB2EC4D5-7DBF-4EB5-9BB8-8FA5D85087CE}.Release|Any CPU.Build.0 = Release|Any CPU
		{EB2EC4D5-7DBF-4EB5-9BB8-8FA5D85087CE}.Release|x64.ActiveCfg = Release|Any CPU
		{EB2EC4D5-7DBF-4EB5-9BB8-8FA5D85087CE}.Release|x64.Build.0 = Release|Any CPU
		{EB2EC4D5-7DBF-4EB5-9BB8-8FA5D85087CE}.Release|x86.ActiveCfg = Release|Any CPU
		{EB2EC4D5-7DBF-4EB5-9BB8-8FA5D85087CE}.Release|x86.Build.0 = Release|Any CPU
		{D3473E31-D37A-4AA8-B641-CC7D7E298193}.Debug|Any CPU.ActiveCfg = Debug|Any CPU
		{D3473E31-D37A-4AA8-B641-CC7D7E298193}.Debug|Any CPU.Build.0 = Debug|Any CPU
		{D3473E31-D37A-4AA8-B641-CC7D7E298193}.Debug|x64.ActiveCfg = Debug|Any CPU
		{D3473E31-D37A-4AA8-B641-CC7D7E298193}.Debug|x64.Build.0 = Debug|Any CPU
		{D3473E31-D37A-4AA8-B641-CC7D7E298193}.Debug|x86.ActiveCfg = Debug|Any CPU
		{D3473E31-D37A-4AA8-B641-CC7D7E298193}.Debug|x86.Build.0 = Debug|Any CPU
		{D3473E31-D37A-4AA8-B641-CC7D7E298193}.Release|Any CPU.ActiveCfg = Release|Any CPU
		{D3473E31-D37A-4AA8-B641-CC7D7E298193}.Release|Any CPU.Build.0 = Release|Any CPU
		{D3473E31-D37A-4AA8-B641-CC7D7E298193}.Release|x64.ActiveCfg = Release|Any CPU
		{D3473E31-D37A-4AA8-B641-CC7D7E298193}.Release|x64.Build.0 = Release|Any CPU
		{D3473E31-D37A-4AA8-B641-CC7D7E298193}.Release|x86.ActiveCfg = Release|Any CPU
		{D3473E31-D37A-4AA8-B641-CC7D7E298193}.Release|x86.Build.0 = Release|Any CPU
		{B1450022-A8D1-469D-880C-B8314E6F500C}.Debug|Any CPU.ActiveCfg = Debug|Any CPU
		{B1450022-A8D1-469D-880C-B8314E6F500C}.Debug|Any CPU.Build.0 = Debug|Any CPU
		{B1450022-A8D1-469D-880C-B8314E6F500C}.Debug|x64.ActiveCfg = Debug|Any CPU
		{B1450022-A8D1-469D-880C-B8314E6F500C}.Debug|x64.Build.0 = Debug|Any CPU
		{B1450022-A8D1-469D-880C-B8314E6F500C}.Debug|x86.ActiveCfg = Debug|Any CPU
		{B1450022-A8D1-469D-880C-B8314E6F500C}.Debug|x86.Build.0 = Debug|Any CPU
		{B1450022-A8D1-469D-880C-B8314E6F500C}.Release|Any CPU.ActiveCfg = Release|Any CPU
		{B1450022-A8D1-469D-880C-B8314E6F500C}.Release|Any CPU.Build.0 = Release|Any CPU
		{B1450022-A8D1-469D-880C-B8314E6F500C}.Release|x64.ActiveCfg = Release|Any CPU
		{B1450022-A8D1-469D-880C-B8314E6F500C}.Release|x64.Build.0 = Release|Any CPU
		{B1450022-A8D1-469D-880C-B8314E6F500C}.Release|x86.ActiveCfg = Release|Any CPU
		{B1450022-A8D1-469D-880C-B8314E6F500C}.Release|x86.Build.0 = Release|Any CPU
		{199D0800-147E-41BC-ACF0-39F9F87A2B57}.Debug|Any CPU.ActiveCfg = Debug|Any CPU
		{199D0800-147E-41BC-ACF0-39F9F87A2B57}.Debug|Any CPU.Build.0 = Debug|Any CPU
		{199D0800-147E-41BC-ACF0-39F9F87A2B57}.Debug|x64.ActiveCfg = Debug|Any CPU
		{199D0800-147E-41BC-ACF0-39F9F87A2B57}.Debug|x64.Build.0 = Debug|Any CPU
		{199D0800-147E-41BC-ACF0-39F9F87A2B57}.Debug|x86.ActiveCfg = Debug|Any CPU
		{199D0800-147E-41BC-ACF0-39F9F87A2B57}.Debug|x86.Build.0 = Debug|Any CPU
		{199D0800-147E-41BC-ACF0-39F9F87A2B57}.Release|Any CPU.ActiveCfg = Release|Any CPU
		{199D0800-147E-41BC-ACF0-39F9F87A2B57}.Release|Any CPU.Build.0 = Release|Any CPU
		{199D0800-147E-41BC-ACF0-39F9F87A2B57}.Release|x64.ActiveCfg = Release|Any CPU
		{199D0800-147E-41BC-ACF0-39F9F87A2B57}.Release|x64.Build.0 = Release|Any CPU
		{199D0800-147E-41BC-ACF0-39F9F87A2B57}.Release|x86.ActiveCfg = Release|Any CPU
		{199D0800-147E-41BC-ACF0-39F9F87A2B57}.Release|x86.Build.0 = Release|Any CPU
		{0F97D6AF-B743-48AE-B349-04FACC967342}.Debug|Any CPU.ActiveCfg = Debug|Any CPU
		{0F97D6AF-B743-48AE-B349-04FACC967342}.Debug|Any CPU.Build.0 = Debug|Any CPU
		{0F97D6AF-B743-48AE-B349-04FACC967342}.Debug|x64.ActiveCfg = Debug|Any CPU
		{0F97D6AF-B743-48AE-B349-04FACC967342}.Debug|x64.Build.0 = Debug|Any CPU
		{0F97D6AF-B743-48AE-B349-04FACC967342}.Debug|x86.ActiveCfg = Debug|Any CPU
		{0F97D6AF-B743-48AE-B349-04FACC967342}.Debug|x86.Build.0 = Debug|Any CPU
		{0F97D6AF-B743-48AE-B349-04FACC967342}.Release|Any CPU.ActiveCfg = Release|Any CPU
		{0F97D6AF-B743-48AE-B349-04FACC967342}.Release|Any CPU.Build.0 = Release|Any CPU
		{0F97D6AF-B743-48AE-B349-04FACC967342}.Release|x64.ActiveCfg = Release|Any CPU
		{0F97D6AF-B743-48AE-B349-04FACC967342}.Release|x64.Build.0 = Release|Any CPU
		{0F97D6AF-B743-48AE-B349-04FACC967342}.Release|x86.ActiveCfg = Release|Any CPU
		{0F97D6AF-B743-48AE-B349-04FACC967342}.Release|x86.Build.0 = Release|Any CPU
		{E636A045-7299-4837-BC3B-77797E48CC4F}.Debug|Any CPU.ActiveCfg = Debug|Any CPU
		{E636A045-7299-4837-BC3B-77797E48CC4F}.Debug|Any CPU.Build.0 = Debug|Any CPU
		{E636A045-7299-4837-BC3B-77797E48CC4F}.Debug|x64.ActiveCfg = Debug|Any CPU
		{E636A045-7299-4837-BC3B-77797E48CC4F}.Debug|x64.Build.0 = Debug|Any CPU
		{E636A045-7299-4837-BC3B-77797E48CC4F}.Debug|x86.ActiveCfg = Debug|Any CPU
		{E636A045-7299-4837-BC3B-77797E48CC4F}.Debug|x86.Build.0 = Debug|Any CPU
		{E636A045-7299-4837-BC3B-77797E48CC4F}.Release|Any CPU.ActiveCfg = Release|Any CPU
		{E636A045-7299-4837-BC3B-77797E48CC4F}.Release|Any CPU.Build.0 = Release|Any CPU
		{E636A045-7299-4837-BC3B-77797E48CC4F}.Release|x64.ActiveCfg = Release|Any CPU
		{E636A045-7299-4837-BC3B-77797E48CC4F}.Release|x64.Build.0 = Release|Any CPU
		{E636A045-7299-4837-BC3B-77797E48CC4F}.Release|x86.ActiveCfg = Release|Any CPU
		{E636A045-7299-4837-BC3B-77797E48CC4F}.Release|x86.Build.0 = Release|Any CPU
		{D260213D-0C0B-4625-9CEC-CC33E5B7D238}.Debug|Any CPU.ActiveCfg = Debug|Any CPU
		{D260213D-0C0B-4625-9CEC-CC33E5B7D238}.Debug|Any CPU.Build.0 = Debug|Any CPU
		{D260213D-0C0B-4625-9CEC-CC33E5B7D238}.Debug|x64.ActiveCfg = Debug|Any CPU
		{D260213D-0C0B-4625-9CEC-CC33E5B7D238}.Debug|x64.Build.0 = Debug|Any CPU
		{D260213D-0C0B-4625-9CEC-CC33E5B7D238}.Debug|x86.ActiveCfg = Debug|Any CPU
		{D260213D-0C0B-4625-9CEC-CC33E5B7D238}.Debug|x86.Build.0 = Debug|Any CPU
		{D260213D-0C0B-4625-9CEC-CC33E5B7D238}.Release|Any CPU.ActiveCfg = Release|Any CPU
		{D260213D-0C0B-4625-9CEC-CC33E5B7D238}.Release|Any CPU.Build.0 = Release|Any CPU
		{D260213D-0C0B-4625-9CEC-CC33E5B7D238}.Release|x64.ActiveCfg = Release|Any CPU
		{D260213D-0C0B-4625-9CEC-CC33E5B7D238}.Release|x64.Build.0 = Release|Any CPU
		{D260213D-0C0B-4625-9CEC-CC33E5B7D238}.Release|x86.ActiveCfg = Release|Any CPU
		{D260213D-0C0B-4625-9CEC-CC33E5B7D238}.Release|x86.Build.0 = Release|Any CPU
		{FF124C60-974B-4E9B-AC7F-51B454FDAAA3}.Debug|Any CPU.ActiveCfg = Debug|Any CPU
		{FF124C60-974B-4E9B-AC7F-51B454FDAAA3}.Debug|Any CPU.Build.0 = Debug|Any CPU
		{FF124C60-974B-4E9B-AC7F-51B454FDAAA3}.Debug|x64.ActiveCfg = Debug|Any CPU
		{FF124C60-974B-4E9B-AC7F-51B454FDAAA3}.Debug|x64.Build.0 = Debug|Any CPU
		{FF124C60-974B-4E9B-AC7F-51B454FDAAA3}.Debug|x86.ActiveCfg = Debug|Any CPU
		{FF124C60-974B-4E9B-AC7F-51B454FDAAA3}.Debug|x86.Build.0 = Debug|Any CPU
		{FF124C60-974B-4E9B-AC7F-51B454FDAAA3}.Release|Any CPU.ActiveCfg = Release|Any CPU
		{FF124C60-974B-4E9B-AC7F-51B454FDAAA3}.Release|Any CPU.Build.0 = Release|Any CPU
		{FF124C60-974B-4E9B-AC7F-51B454FDAAA3}.Release|x64.ActiveCfg = Release|Any CPU
		{FF124C60-974B-4E9B-AC7F-51B454FDAAA3}.Release|x64.Build.0 = Release|Any CPU
		{FF124C60-974B-4E9B-AC7F-51B454FDAAA3}.Release|x86.ActiveCfg = Release|Any CPU
		{FF124C60-974B-4E9B-AC7F-51B454FDAAA3}.Release|x86.Build.0 = Release|Any CPU
		{36754D74-26C3-4752-8222-3710CADEB027}.Debug|Any CPU.ActiveCfg = Debug|Any CPU
		{36754D74-26C3-4752-8222-3710CADEB027}.Debug|Any CPU.Build.0 = Debug|Any CPU
		{36754D74-26C3-4752-8222-3710CADEB027}.Debug|x64.ActiveCfg = Debug|Any CPU
		{36754D74-26C3-4752-8222-3710CADEB027}.Debug|x64.Build.0 = Debug|Any CPU
		{36754D74-26C3-4752-8222-3710CADEB027}.Debug|x86.ActiveCfg = Debug|Any CPU
		{36754D74-26C3-4752-8222-3710CADEB027}.Debug|x86.Build.0 = Debug|Any CPU
		{36754D74-26C3-4752-8222-3710CADEB027}.Release|Any CPU.ActiveCfg = Release|Any CPU
		{36754D74-26C3-4752-8222-3710CADEB027}.Release|Any CPU.Build.0 = Release|Any CPU
		{36754D74-26C3-4752-8222-3710CADEB027}.Release|x64.ActiveCfg = Release|Any CPU
		{36754D74-26C3-4752-8222-3710CADEB027}.Release|x64.Build.0 = Release|Any CPU
		{36754D74-26C3-4752-8222-3710CADEB027}.Release|x86.ActiveCfg = Release|Any CPU
		{36754D74-26C3-4752-8222-3710CADEB027}.Release|x86.Build.0 = Release|Any CPU
		{9A89022F-BBDF-43D3-B748-EF344824A1E6}.Debug|Any CPU.ActiveCfg = Debug|Any CPU
		{9A89022F-BBDF-43D3-B748-EF344824A1E6}.Debug|Any CPU.Build.0 = Debug|Any CPU
		{9A89022F-BBDF-43D3-B748-EF344824A1E6}.Debug|x64.ActiveCfg = Debug|Any CPU
		{9A89022F-BBDF-43D3-B748-EF344824A1E6}.Debug|x64.Build.0 = Debug|Any CPU
		{9A89022F-BBDF-43D3-B748-EF344824A1E6}.Debug|x86.ActiveCfg = Debug|Any CPU
		{9A89022F-BBDF-43D3-B748-EF344824A1E6}.Debug|x86.Build.0 = Debug|Any CPU
		{9A89022F-BBDF-43D3-B748-EF344824A1E6}.Release|Any CPU.ActiveCfg = Release|Any CPU
		{9A89022F-BBDF-43D3-B748-EF344824A1E6}.Release|Any CPU.Build.0 = Release|Any CPU
		{9A89022F-BBDF-43D3-B748-EF344824A1E6}.Release|x64.ActiveCfg = Release|Any CPU
		{9A89022F-BBDF-43D3-B748-EF344824A1E6}.Release|x64.Build.0 = Release|Any CPU
		{9A89022F-BBDF-43D3-B748-EF344824A1E6}.Release|x86.ActiveCfg = Release|Any CPU
		{9A89022F-BBDF-43D3-B748-EF344824A1E6}.Release|x86.Build.0 = Release|Any CPU
		{31A84D6F-6918-4B9B-9CB9-A8D8984B5DBC}.Debug|Any CPU.ActiveCfg = Debug|Any CPU
		{31A84D6F-6918-4B9B-9CB9-A8D8984B5DBC}.Debug|Any CPU.Build.0 = Debug|Any CPU
		{31A84D6F-6918-4B9B-9CB9-A8D8984B5DBC}.Debug|x64.ActiveCfg = Debug|Any CPU
		{31A84D6F-6918-4B9B-9CB9-A8D8984B5DBC}.Debug|x64.Build.0 = Debug|Any CPU
		{31A84D6F-6918-4B9B-9CB9-A8D8984B5DBC}.Debug|x86.ActiveCfg = Debug|Any CPU
		{31A84D6F-6918-4B9B-9CB9-A8D8984B5DBC}.Debug|x86.Build.0 = Debug|Any CPU
		{31A84D6F-6918-4B9B-9CB9-A8D8984B5DBC}.Release|Any CPU.ActiveCfg = Release|Any CPU
		{31A84D6F-6918-4B9B-9CB9-A8D8984B5DBC}.Release|Any CPU.Build.0 = Release|Any CPU
		{31A84D6F-6918-4B9B-9CB9-A8D8984B5DBC}.Release|x64.ActiveCfg = Release|Any CPU
		{31A84D6F-6918-4B9B-9CB9-A8D8984B5DBC}.Release|x64.Build.0 = Release|Any CPU
		{31A84D6F-6918-4B9B-9CB9-A8D8984B5DBC}.Release|x86.ActiveCfg = Release|Any CPU
		{31A84D6F-6918-4B9B-9CB9-A8D8984B5DBC}.Release|x86.Build.0 = Release|Any CPU
		{81434893-86D2-4E21-A58F-7545E7B6E5F1}.Debug|Any CPU.ActiveCfg = Debug|Any CPU
		{81434893-86D2-4E21-A58F-7545E7B6E5F1}.Debug|Any CPU.Build.0 = Debug|Any CPU
		{81434893-86D2-4E21-A58F-7545E7B6E5F1}.Debug|x64.ActiveCfg = Debug|Any CPU
		{81434893-86D2-4E21-A58F-7545E7B6E5F1}.Debug|x64.Build.0 = Debug|Any CPU
		{81434893-86D2-4E21-A58F-7545E7B6E5F1}.Debug|x86.ActiveCfg = Debug|Any CPU
		{81434893-86D2-4E21-A58F-7545E7B6E5F1}.Debug|x86.Build.0 = Debug|Any CPU
		{81434893-86D2-4E21-A58F-7545E7B6E5F1}.Release|Any CPU.ActiveCfg = Release|Any CPU
		{81434893-86D2-4E21-A58F-7545E7B6E5F1}.Release|Any CPU.Build.0 = Release|Any CPU
		{81434893-86D2-4E21-A58F-7545E7B6E5F1}.Release|x64.ActiveCfg = Release|Any CPU
		{81434893-86D2-4E21-A58F-7545E7B6E5F1}.Release|x64.Build.0 = Release|Any CPU
		{81434893-86D2-4E21-A58F-7545E7B6E5F1}.Release|x86.ActiveCfg = Release|Any CPU
		{81434893-86D2-4E21-A58F-7545E7B6E5F1}.Release|x86.Build.0 = Release|Any CPU
		{EE4B77E0-52AF-4F98-814D-088922686BDB}.Debug|Any CPU.ActiveCfg = Debug|Any CPU
		{EE4B77E0-52AF-4F98-814D-088922686BDB}.Debug|Any CPU.Build.0 = Debug|Any CPU
		{EE4B77E0-52AF-4F98-814D-088922686BDB}.Debug|x64.ActiveCfg = Debug|Any CPU
		{EE4B77E0-52AF-4F98-814D-088922686BDB}.Debug|x64.Build.0 = Debug|Any CPU
		{EE4B77E0-52AF-4F98-814D-088922686BDB}.Debug|x86.ActiveCfg = Debug|Any CPU
		{EE4B77E0-52AF-4F98-814D-088922686BDB}.Debug|x86.Build.0 = Debug|Any CPU
		{EE4B77E0-52AF-4F98-814D-088922686BDB}.Release|Any CPU.ActiveCfg = Release|Any CPU
		{EE4B77E0-52AF-4F98-814D-088922686BDB}.Release|Any CPU.Build.0 = Release|Any CPU
		{EE4B77E0-52AF-4F98-814D-088922686BDB}.Release|x64.ActiveCfg = Release|Any CPU
		{EE4B77E0-52AF-4F98-814D-088922686BDB}.Release|x64.Build.0 = Release|Any CPU
		{EE4B77E0-52AF-4F98-814D-088922686BDB}.Release|x86.ActiveCfg = Release|Any CPU
		{EE4B77E0-52AF-4F98-814D-088922686BDB}.Release|x86.Build.0 = Release|Any CPU
		{E8F8A3CE-B76F-4676-A6CA-46C6B92C6F87}.Debug|Any CPU.ActiveCfg = Debug|Any CPU
		{E8F8A3CE-B76F-4676-A6CA-46C6B92C6F87}.Debug|Any CPU.Build.0 = Debug|Any CPU
		{E8F8A3CE-B76F-4676-A6CA-46C6B92C6F87}.Debug|x64.ActiveCfg = Debug|Any CPU
		{E8F8A3CE-B76F-4676-A6CA-46C6B92C6F87}.Debug|x64.Build.0 = Debug|Any CPU
		{E8F8A3CE-B76F-4676-A6CA-46C6B92C6F87}.Debug|x86.ActiveCfg = Debug|Any CPU
		{E8F8A3CE-B76F-4676-A6CA-46C6B92C6F87}.Debug|x86.Build.0 = Debug|Any CPU
		{E8F8A3CE-B76F-4676-A6CA-46C6B92C6F87}.Release|Any CPU.ActiveCfg = Release|Any CPU
		{E8F8A3CE-B76F-4676-A6CA-46C6B92C6F87}.Release|Any CPU.Build.0 = Release|Any CPU
		{E8F8A3CE-B76F-4676-A6CA-46C6B92C6F87}.Release|x64.ActiveCfg = Release|Any CPU
		{E8F8A3CE-B76F-4676-A6CA-46C6B92C6F87}.Release|x64.Build.0 = Release|Any CPU
		{E8F8A3CE-B76F-4676-A6CA-46C6B92C6F87}.Release|x86.ActiveCfg = Release|Any CPU
		{E8F8A3CE-B76F-4676-A6CA-46C6B92C6F87}.Release|x86.Build.0 = Release|Any CPU
		{116067F7-C697-469E-B83E-CB1FA3D99994}.Debug|Any CPU.ActiveCfg = Debug|Any CPU
		{116067F7-C697-469E-B83E-CB1FA3D99994}.Debug|Any CPU.Build.0 = Debug|Any CPU
		{116067F7-C697-469E-B83E-CB1FA3D99994}.Debug|x64.ActiveCfg = Debug|Any CPU
		{116067F7-C697-469E-B83E-CB1FA3D99994}.Debug|x64.Build.0 = Debug|Any CPU
		{116067F7-C697-469E-B83E-CB1FA3D99994}.Debug|x86.ActiveCfg = Debug|Any CPU
		{116067F7-C697-469E-B83E-CB1FA3D99994}.Debug|x86.Build.0 = Debug|Any CPU
		{116067F7-C697-469E-B83E-CB1FA3D99994}.Release|Any CPU.ActiveCfg = Release|Any CPU
		{116067F7-C697-469E-B83E-CB1FA3D99994}.Release|Any CPU.Build.0 = Release|Any CPU
		{116067F7-C697-469E-B83E-CB1FA3D99994}.Release|x64.ActiveCfg = Release|Any CPU
		{116067F7-C697-469E-B83E-CB1FA3D99994}.Release|x64.Build.0 = Release|Any CPU
		{116067F7-C697-469E-B83E-CB1FA3D99994}.Release|x86.ActiveCfg = Release|Any CPU
		{116067F7-C697-469E-B83E-CB1FA3D99994}.Release|x86.Build.0 = Release|Any CPU
		{64880416-DDE8-47D1-9D2F-AB3C16F1A3A4}.Debug|Any CPU.ActiveCfg = Debug|Any CPU
		{64880416-DDE8-47D1-9D2F-AB3C16F1A3A4}.Debug|Any CPU.Build.0 = Debug|Any CPU
		{64880416-DDE8-47D1-9D2F-AB3C16F1A3A4}.Debug|x64.ActiveCfg = Debug|Any CPU
		{64880416-DDE8-47D1-9D2F-AB3C16F1A3A4}.Debug|x64.Build.0 = Debug|Any CPU
		{64880416-DDE8-47D1-9D2F-AB3C16F1A3A4}.Debug|x86.ActiveCfg = Debug|Any CPU
		{64880416-DDE8-47D1-9D2F-AB3C16F1A3A4}.Debug|x86.Build.0 = Debug|Any CPU
		{64880416-DDE8-47D1-9D2F-AB3C16F1A3A4}.Release|Any CPU.ActiveCfg = Release|Any CPU
		{64880416-DDE8-47D1-9D2F-AB3C16F1A3A4}.Release|Any CPU.Build.0 = Release|Any CPU
		{64880416-DDE8-47D1-9D2F-AB3C16F1A3A4}.Release|x64.ActiveCfg = Release|Any CPU
		{64880416-DDE8-47D1-9D2F-AB3C16F1A3A4}.Release|x64.Build.0 = Release|Any CPU
		{64880416-DDE8-47D1-9D2F-AB3C16F1A3A4}.Release|x86.ActiveCfg = Release|Any CPU
		{64880416-DDE8-47D1-9D2F-AB3C16F1A3A4}.Release|x86.Build.0 = Release|Any CPU
	EndGlobalSection
	GlobalSection(SolutionProperties) = preSolution
		HideSolutionNode = FALSE
	EndGlobalSection
	GlobalSection(NestedProjects) = preSolution
		{1C8220AB-C7EE-4782-BE86-719F1457FECB} = {A93ABC7D-17EC-4D7E-B8CF-94F11D94910D}
		{9A94426E-6F59-4704-B926-079BAA246D04} = {450E03B6-4844-4B70-9FF1-F291A1464F64}
		{4470AD41-8982-4248-9DB6-688E95664CDA} = {A93ABC7D-17EC-4D7E-B8CF-94F11D94910D}
		{EB2EC4D5-7DBF-4EB5-9BB8-8FA5D85087CE} = {BDCCC652-01CA-4AC4-848E-DA136C8E01EF}
		{D3473E31-D37A-4AA8-B641-CC7D7E298193} = {450E03B6-4844-4B70-9FF1-F291A1464F64}
		{B1450022-A8D1-469D-880C-B8314E6F500C} = {450E03B6-4844-4B70-9FF1-F291A1464F64}
		{199D0800-147E-41BC-ACF0-39F9F87A2B57} = {5C2EF365-4E4D-4446-A3C6-325168F0531F}
		{0F97D6AF-B743-48AE-B349-04FACC967342} = {450E03B6-4844-4B70-9FF1-F291A1464F64}
		{E636A045-7299-4837-BC3B-77797E48CC4F} = {A93ABC7D-17EC-4D7E-B8CF-94F11D94910D}
		{D260213D-0C0B-4625-9CEC-CC33E5B7D238} = {450E03B6-4844-4B70-9FF1-F291A1464F64}
		{FF124C60-974B-4E9B-AC7F-51B454FDAAA3} = {5C2EF365-4E4D-4446-A3C6-325168F0531F}
		{36754D74-26C3-4752-8222-3710CADEB027} = {450E03B6-4844-4B70-9FF1-F291A1464F64}
		{9A89022F-BBDF-43D3-B748-EF344824A1E6} = {5829769F-3B52-4C7A-A77E-2E03F57893A8}
		{31A84D6F-6918-4B9B-9CB9-A8D8984B5DBC} = {5829769F-3B52-4C7A-A77E-2E03F57893A8}
		{81434893-86D2-4E21-A58F-7545E7B6E5F1} = {5829769F-3B52-4C7A-A77E-2E03F57893A8}
		{EE4B77E0-52AF-4F98-814D-088922686BDB} = {5829769F-3B52-4C7A-A77E-2E03F57893A8}
		{E8F8A3CE-B76F-4676-A6CA-46C6B92C6F87} = {01D796D5-BB3F-411F-B48C-A8267CD20749}
		{116067F7-C697-469E-B83E-CB1FA3D99994} = {01D796D5-BB3F-411F-B48C-A8267CD20749}
		{64880416-DDE8-47D1-9D2F-AB3C16F1A3A4} = {01D796D5-BB3F-411F-B48C-A8267CD20749}
	EndGlobalSection
	GlobalSection(ExtensibilityGlobals) = postSolution
		SolutionGuid = {720DC16E-7E6F-4249-8557-E4DC52A442BC}
	EndGlobalSection
EndGlobal
