
Microsoft Visual Studio Solution File, Format Version 12.00
# Visual Studio Version 17
VisualStudioVersion = 17.10.35122.118
MinimumVisualStudioVersion = 10.0.40219.1
Project("{9A19103F-16F7-4668-BE54-9A1E7A4F7556}") = "xxAMIDOxx.xxSTACKSxx.Worker", "xxAMIDOxx.xxSTACKSxx.Worker\xxAMIDOxx.xxSTACKSxx.Worker.csproj", "{FC3FF51E-EDC2-410E-966E-7EE5B1BE75D2}"
EndProject
Project("{9A19103F-16F7-4668-BE54-9A1E7A4F7556}") = "xxAMIDOxx.xxSTACKSxx.Worker.UnitTests", "xxAMIDOxx.xxSTACKSxx.Worker.UnitTests\xxAMIDOxx.xxSTACKSxx.Worker.UnitTests.csproj", "{05A7916F-02E2-42E7-8BEF-131E3CF54680}"
EndProject
Project("{2150E333-8FDC-42A3-9474-1A3956D46DE8}") = "Shared", "Shared", "{1F2AAD73-889C-4901-92F9-646EFF6234B4}"
EndProject
Project("{9A19103F-16F7-4668-BE54-9A1E7A4F7556}") = "xxAMIDOxx.xxSTACKSxx.Application.CQRS.Events", "xxAMIDOxx.xxSTACKSxx.Application.CQRS.Events\xxAMIDOxx.xxSTACKSxx.Application.CQRS.Events.csproj", "{C42F6984-3914-4272-9F77-3700ACCB2BF0}"
EndProject
Project("{9A19103F-16F7-4668-BE54-9A1E7A4F7556}") = "xxAMIDOxx.xxSTACKSxx.Shared.Messaging.Azure.ServiceBus", "..\..\..\shared\xxAMIDOxx.xxSTACKSxx.Shared.Messaging.Azure.ServiceBus\xxAMIDOxx.xxSTACKSxx.Shared.Messaging.Azure.ServiceBus.csproj", "{DAA32E63-80B5-49B6-890E-7A11FDA6A85B}"
EndProject
Project("{9A19103F-16F7-4668-BE54-9A1E7A4F7556}") = "xxAMIDOxx.xxSTACKSxx.Shared.Messaging.Azure.ServiceBus.Tests", "..\..\..\shared\xxAMIDOxx.xxSTACKSxx.Shared.Messaging.Azure.ServiceBus.Tests\xxAMIDOxx.xxSTACKSxx.Shared.Messaging.Azure.ServiceBus.Tests.csproj", "{4D619C55-D348-464D-A0D2-F18427DCAA49}"
EndProject
Project("{9A19103F-16F7-4668-BE54-9A1E7A4F7556}") = "xxAMIDOxx.xxSTACKSxx.Shared.Messaging.Commands", "..\..\..\shared\xxAMIDOxx.xxSTACKSxx.Shared.Messaging.Commands\xxAMIDOxx.xxSTACKSxx.Shared.Messaging.Commands.csproj", "{7290B15D-B0DB-48FA-9A2A-1E8E15447CD2}"
EndProject
Project("{9A19103F-16F7-4668-BE54-9A1E7A4F7556}") = "xxAMIDOxx.xxSTACKSxx.Shared.Messaging.Events", "..\..\..\shared\xxAMIDOxx.xxSTACKSxx.Shared.Messaging.Events\xxAMIDOxx.xxSTACKSxx.Shared.Messaging.Events.csproj", "{51D0C76D-9F7F-4213-9BC1-0D7DE060E4AF}"
EndProject
Project("{9A19103F-16F7-4668-BE54-9A1E7A4F7556}") = "xxAMIDOxx.xxSTACKSxx.Shared.Messaging.Handlers", "..\..\..\shared\xxAMIDOxx.xxSTACKSxx.Shared.Messaging.Handlers\xxAMIDOxx.xxSTACKSxx.Shared.Messaging.Handlers.csproj", "{6C460E51-98B2-4DD7-B4FC-C25C6C3F739E}"
EndProject
Project("{9A19103F-16F7-4668-BE54-9A1E7A4F7556}") = "xxAMIDOxx.xxSTACKSxx.Shared.Data.Documents.Abstractions", "..\..\..\shared\xxAMIDOxx.xxSTACKSxx.Shared.Data.Documents.Abstractions\xxAMIDOxx.xxSTACKSxx.Shared.Data.Documents.Abstractions.csproj", "{7B827585-4F7A-473B-B994-681BE96B0C04}"
EndProject
Project("{9A19103F-16F7-4668-BE54-9A1E7A4F7556}") = "xxAMIDOxx.xxSTACKSxx.Shared.Core", "..\..\..\shared\xxAMIDOxx.xxSTACKSxx.Shared.Core\xxAMIDOxx.xxSTACKSxx.Shared.Core.csproj", "{3F133394-CF28-4110-BA3D-EBF404208A81}"
EndProject
Project("{9A19103F-16F7-4668-BE54-9A1E7A4F7556}") = "xxAMIDOxx.xxSTACKSxx.Shared.Core.Tests", "..\..\..\shared\xxAMIDOxx.xxSTACKSxx.Shared.Core.Tests\xxAMIDOxx.xxSTACKSxx.Shared.Core.Tests.csproj", "{06DE9A76-034B-4975-8365-A7F88EF7954E}"
EndProject
Project("{9A19103F-16F7-4668-BE54-9A1E7A4F7556}") = "xxAMIDOxx.xxSTACKSxx.Shared.DependencyInjection", "..\..\..\shared\xxAMIDOxx.xxSTACKSxx.Shared.DependencyInjection\xxAMIDOxx.xxSTACKSxx.Shared.DependencyInjection.csproj", "{2E79D304-47AE-4D7F-8E32-C08A106C5F72}"
EndProject
Project("{9A19103F-16F7-4668-BE54-9A1E7A4F7556}") = "xxAMIDOxx.xxSTACKSxx.Shared.Data.Documents.CosmosDB", "..\..\..\shared\xxAMIDOxx.xxSTACKSxx.Shared.Data.Documents.CosmosDB\xxAMIDOxx.xxSTACKSxx.Shared.Data.Documents.CosmosDB.csproj", "{4856749F-880C-4F3E-B9C9-4E79ADAD09A6}"
EndProject
Project("{9A19103F-16F7-4668-BE54-9A1E7A4F7556}") = "xxAMIDOxx.xxSTACKSxx.Shared.Data.Documents.CosmosDB.Tests", "..\..\..\shared\xxAMIDOxx.xxSTACKSxx.Shared.Data.Documents.CosmosDB.Tests\xxAMIDOxx.xxSTACKSxx.Shared.Data.Documents.CosmosDB.Tests.csproj", "{688708D6-CF24-452C-BBFD-59161F982AA0}"
EndProject
Project("{9A19103F-16F7-4668-BE54-9A1E7A4F7556}") = "xxAMIDOxx.xxSTACKSxx.Shared.Application.CQRS.Abstractions", "..\..\..\shared\xxAMIDOxx.xxSTACKSxx.Shared.Application.CQRS.Abstractions\xxAMIDOxx.xxSTACKSxx.Shared.Application.CQRS.Abstractions.csproj", "{AF0ACDAF-CE5D-4D1E-BD7F-D05397931B90}"
EndProject
Project("{9A19103F-16F7-4668-BE54-9A1E7A4F7556}") = "xxAMIDOxx.xxSTACKSxx.Shared.Configuration", "..\..\..\shared\xxAMIDOxx.xxSTACKSxx.Shared.Configuration\xxAMIDOxx.xxSTACKSxx.Shared.Configuration.csproj", "{BFE98A28-8B88-4CC6-BECF-324D0D4CD760}"
EndProject
Project("{9A19103F-16F7-4668-BE54-9A1E7A4F7556}") = "xxAMIDOxx.xxSTACKSxx.Shared.Configuration.Tests", "..\..\..\shared\xxAMIDOxx.xxSTACKSxx.Shared.Configuration.Tests\xxAMIDOxx.xxSTACKSxx.Shared.Configuration.Tests.csproj", "{80757BB7-48FF-4EE0-9CBF-AF49B20D07E4}"
EndProject
Project("{9A19103F-16F7-4668-BE54-9A1E7A4F7556}") = "xxAMIDOxx.xxSTACKSxx.Shared.Testing", "..\..\..\shared\xxAMIDOxx.xxSTACKSxx.Shared.Testing\xxAMIDOxx.xxSTACKSxx.Shared.Testing.csproj", "{92DA4EF7-33A3-40F4-A790-57CE67449688}"
EndProject
Project("{9A19103F-16F7-4668-BE54-9A1E7A4F7556}") = "xxAMIDOxx.xxSTACKSxx.Shared.Testing.Tests", "..\..\..\shared\xxAMIDOxx.xxSTACKSxx.Shared.Testing.Tests\xxAMIDOxx.xxSTACKSxx.Shared.Testing.Tests.csproj", "{AEFD5954-CB5A-4768-BBF6-E1468C75D9FD}"
EndProject
Global
	GlobalSection(SolutionConfigurationPlatforms) = preSolution
		Debug|Any CPU = Debug|Any CPU
		Release|Any CPU = Release|Any CPU
	EndGlobalSection
	GlobalSection(ProjectConfigurationPlatforms) = postSolution
		{FC3FF51E-EDC2-410E-966E-7EE5B1BE75D2}.Debug|Any CPU.ActiveCfg = Debug|Any CPU
		{FC3FF51E-EDC2-410E-966E-7EE5B1BE75D2}.Debug|Any CPU.Build.0 = Debug|Any CPU
		{FC3FF51E-EDC2-410E-966E-7EE5B1BE75D2}.Release|Any CPU.ActiveCfg = Release|Any CPU
		{FC3FF51E-EDC2-410E-966E-7EE5B1BE75D2}.Release|Any CPU.Build.0 = Release|Any CPU
		{05A7916F-02E2-42E7-8BEF-131E3CF54680}.Debug|Any CPU.ActiveCfg = Debug|Any CPU
		{05A7916F-02E2-42E7-8BEF-131E3CF54680}.Debug|Any CPU.Build.0 = Debug|Any CPU
		{05A7916F-02E2-42E7-8BEF-131E3CF54680}.Release|Any CPU.ActiveCfg = Release|Any CPU
		{05A7916F-02E2-42E7-8BEF-131E3CF54680}.Release|Any CPU.Build.0 = Release|Any CPU
		{C42F6984-3914-4272-9F77-3700ACCB2BF0}.Debug|Any CPU.ActiveCfg = Debug|Any CPU
		{C42F6984-3914-4272-9F77-3700ACCB2BF0}.Debug|Any CPU.Build.0 = Debug|Any CPU
		{C42F6984-3914-4272-9F77-3700ACCB2BF0}.Release|Any CPU.ActiveCfg = Release|Any CPU
		{C42F6984-3914-4272-9F77-3700ACCB2BF0}.Release|Any CPU.Build.0 = Release|Any CPU
		{DAA32E63-80B5-49B6-890E-7A11FDA6A85B}.Debug|Any CPU.ActiveCfg = Debug|Any CPU
		{DAA32E63-80B5-49B6-890E-7A11FDA6A85B}.Debug|Any CPU.Build.0 = Debug|Any CPU
		{DAA32E63-80B5-49B6-890E-7A11FDA6A85B}.Release|Any CPU.ActiveCfg = Release|Any CPU
		{DAA32E63-80B5-49B6-890E-7A11FDA6A85B}.Release|Any CPU.Build.0 = Release|Any CPU
		{4D619C55-D348-464D-A0D2-F18427DCAA49}.Debug|Any CPU.ActiveCfg = Debug|Any CPU
		{4D619C55-D348-464D-A0D2-F18427DCAA49}.Debug|Any CPU.Build.0 = Debug|Any CPU
		{4D619C55-D348-464D-A0D2-F18427DCAA49}.Release|Any CPU.ActiveCfg = Release|Any CPU
		{4D619C55-D348-464D-A0D2-F18427DCAA49}.Release|Any CPU.Build.0 = Release|Any CPU
		{7290B15D-B0DB-48FA-9A2A-1E8E15447CD2}.Debug|Any CPU.ActiveCfg = Debug|Any CPU
		{7290B15D-B0DB-48FA-9A2A-1E8E15447CD2}.Debug|Any CPU.Build.0 = Debug|Any CPU
		{7290B15D-B0DB-48FA-9A2A-1E8E15447CD2}.Release|Any CPU.ActiveCfg = Release|Any CPU
		{7290B15D-B0DB-48FA-9A2A-1E8E15447CD2}.Release|Any CPU.Build.0 = Release|Any CPU
		{51D0C76D-9F7F-4213-9BC1-0D7DE060E4AF}.Debug|Any CPU.ActiveCfg = Debug|Any CPU
		{51D0C76D-9F7F-4213-9BC1-0D7DE060E4AF}.Debug|Any CPU.Build.0 = Debug|Any CPU
		{51D0C76D-9F7F-4213-9BC1-0D7DE060E4AF}.Release|Any CPU.ActiveCfg = Release|Any CPU
		{51D0C76D-9F7F-4213-9BC1-0D7DE060E4AF}.Release|Any CPU.Build.0 = Release|Any CPU
		{6C460E51-98B2-4DD7-B4FC-C25C6C3F739E}.Debug|Any CPU.ActiveCfg = Debug|Any CPU
		{6C460E51-98B2-4DD7-B4FC-C25C6C3F739E}.Debug|Any CPU.Build.0 = Debug|Any CPU
		{6C460E51-98B2-4DD7-B4FC-C25C6C3F739E}.Release|Any CPU.ActiveCfg = Release|Any CPU
		{6C460E51-98B2-4DD7-B4FC-C25C6C3F739E}.Release|Any CPU.Build.0 = Release|Any CPU
		{7B827585-4F7A-473B-B994-681BE96B0C04}.Debug|Any CPU.ActiveCfg = Debug|Any CPU
		{7B827585-4F7A-473B-B994-681BE96B0C04}.Debug|Any CPU.Build.0 = Debug|Any CPU
		{7B827585-4F7A-473B-B994-681BE96B0C04}.Release|Any CPU.ActiveCfg = Release|Any CPU
		{7B827585-4F7A-473B-B994-681BE96B0C04}.Release|Any CPU.Build.0 = Release|Any CPU
		{3F133394-CF28-4110-BA3D-EBF404208A81}.Debug|Any CPU.ActiveCfg = Debug|Any CPU
		{3F133394-CF28-4110-BA3D-EBF404208A81}.Debug|Any CPU.Build.0 = Debug|Any CPU
		{3F133394-CF28-4110-BA3D-EBF404208A81}.Release|Any CPU.ActiveCfg = Release|Any CPU
		{3F133394-CF28-4110-BA3D-EBF404208A81}.Release|Any CPU.Build.0 = Release|Any CPU
		{06DE9A76-034B-4975-8365-A7F88EF7954E}.Debug|Any CPU.ActiveCfg = Debug|Any CPU
		{06DE9A76-034B-4975-8365-A7F88EF7954E}.Debug|Any CPU.Build.0 = Debug|Any CPU
		{06DE9A76-034B-4975-8365-A7F88EF7954E}.Release|Any CPU.ActiveCfg = Release|Any CPU
		{06DE9A76-034B-4975-8365-A7F88EF7954E}.Release|Any CPU.Build.0 = Release|Any CPU
		{2E79D304-47AE-4D7F-8E32-C08A106C5F72}.Debug|Any CPU.ActiveCfg = Debug|Any CPU
		{2E79D304-47AE-4D7F-8E32-C08A106C5F72}.Debug|Any CPU.Build.0 = Debug|Any CPU
		{2E79D304-47AE-4D7F-8E32-C08A106C5F72}.Release|Any CPU.ActiveCfg = Release|Any CPU
		{2E79D304-47AE-4D7F-8E32-C08A106C5F72}.Release|Any CPU.Build.0 = Release|Any CPU
		{4856749F-880C-4F3E-B9C9-4E79ADAD09A6}.Debug|Any CPU.ActiveCfg = Debug|Any CPU
		{4856749F-880C-4F3E-B9C9-4E79ADAD09A6}.Debug|Any CPU.Build.0 = Debug|Any CPU
		{4856749F-880C-4F3E-B9C9-4E79ADAD09A6}.Release|Any CPU.ActiveCfg = Release|Any CPU
		{4856749F-880C-4F3E-B9C9-4E79ADAD09A6}.Release|Any CPU.Build.0 = Release|Any CPU
		{688708D6-CF24-452C-BBFD-59161F982AA0}.Debug|Any CPU.ActiveCfg = Debug|Any CPU
		{688708D6-CF24-452C-BBFD-59161F982AA0}.Debug|Any CPU.Build.0 = Debug|Any CPU
		{688708D6-CF24-452C-BBFD-59161F982AA0}.Release|Any CPU.ActiveCfg = Release|Any CPU
		{688708D6-CF24-452C-BBFD-59161F982AA0}.Release|Any CPU.Build.0 = Release|Any CPU
		{AF0ACDAF-CE5D-4D1E-BD7F-D05397931B90}.Debug|Any CPU.ActiveCfg = Debug|Any CPU
		{AF0ACDAF-CE5D-4D1E-BD7F-D05397931B90}.Debug|Any CPU.Build.0 = Debug|Any CPU
		{AF0ACDAF-CE5D-4D1E-BD7F-D05397931B90}.Release|Any CPU.ActiveCfg = Release|Any CPU
		{AF0ACDAF-CE5D-4D1E-BD7F-D05397931B90}.Release|Any CPU.Build.0 = Release|Any CPU
		{BFE98A28-8B88-4CC6-BECF-324D0D4CD760}.Debug|Any CPU.ActiveCfg = Debug|Any CPU
		{BFE98A28-8B88-4CC6-BECF-324D0D4CD760}.Debug|Any CPU.Build.0 = Debug|Any CPU
		{BFE98A28-8B88-4CC6-BECF-324D0D4CD760}.Release|Any CPU.ActiveCfg = Release|Any CPU
		{BFE98A28-8B88-4CC6-BECF-324D0D4CD760}.Release|Any CPU.Build.0 = Release|Any CPU
		{80757BB7-48FF-4EE0-9CBF-AF49B20D07E4}.Debug|Any CPU.ActiveCfg = Debug|Any CPU
		{80757BB7-48FF-4EE0-9CBF-AF49B20D07E4}.Debug|Any CPU.Build.0 = Debug|Any CPU
		{80757BB7-48FF-4EE0-9CBF-AF49B20D07E4}.Release|Any CPU.ActiveCfg = Release|Any CPU
		{80757BB7-48FF-4EE0-9CBF-AF49B20D07E4}.Release|Any CPU.Build.0 = Release|Any CPU
		{92DA4EF7-33A3-40F4-A790-57CE67449688}.Debug|Any CPU.ActiveCfg = Debug|Any CPU
		{92DA4EF7-33A3-40F4-A790-57CE67449688}.Debug|Any CPU.Build.0 = Debug|Any CPU
		{92DA4EF7-33A3-40F4-A790-57CE67449688}.Release|Any CPU.ActiveCfg = Release|Any CPU
		{92DA4EF7-33A3-40F4-A790-57CE67449688}.Release|Any CPU.Build.0 = Release|Any CPU
		{AEFD5954-CB5A-4768-BBF6-E1468C75D9FD}.Debug|Any CPU.ActiveCfg = Debug|Any CPU
		{AEFD5954-CB5A-4768-BBF6-E1468C75D9FD}.Debug|Any CPU.Build.0 = Debug|Any CPU
		{AEFD5954-CB5A-4768-BBF6-E1468C75D9FD}.Release|Any CPU.ActiveCfg = Release|Any CPU
		{AEFD5954-CB5A-4768-BBF6-E1468C75D9FD}.Release|Any CPU.Build.0 = Release|Any CPU
	EndGlobalSection
	GlobalSection(SolutionProperties) = preSolution
		HideSolutionNode = FALSE
	EndGlobalSection
	GlobalSection(NestedProjects) = preSolution
		{DAA32E63-80B5-49B6-890E-7A11FDA6A85B} = {1F2AAD73-889C-4901-92F9-646EFF6234B4}
		{4D619C55-D348-464D-A0D2-F18427DCAA49} = {1F2AAD73-889C-4901-92F9-646EFF6234B4}
		{7290B15D-B0DB-48FA-9A2A-1E8E15447CD2} = {1F2AAD73-889C-4901-92F9-646EFF6234B4}
		{51D0C76D-9F7F-4213-9BC1-0D7DE060E4AF} = {1F2AAD73-889C-4901-92F9-646EFF6234B4}
		{6C460E51-98B2-4DD7-B4FC-C25C6C3F739E} = {1F2AAD73-889C-4901-92F9-646EFF6234B4}
		{7B827585-4F7A-473B-B994-681BE96B0C04} = {1F2AAD73-889C-4901-92F9-646EFF6234B4}
		{3F133394-CF28-4110-BA3D-EBF404208A81} = {1F2AAD73-889C-4901-92F9-646EFF6234B4}
		{06DE9A76-034B-4975-8365-A7F88EF7954E} = {1F2AAD73-889C-4901-92F9-646EFF6234B4}
		{2E79D304-47AE-4D7F-8E32-C08A106C5F72} = {1F2AAD73-889C-4901-92F9-646EFF6234B4}
		{4856749F-880C-4F3E-B9C9-4E79ADAD09A6} = {1F2AAD73-889C-4901-92F9-646EFF6234B4}
		{688708D6-CF24-452C-BBFD-59161F982AA0} = {1F2AAD73-889C-4901-92F9-646EFF6234B4}
		{AF0ACDAF-CE5D-4D1E-BD7F-D05397931B90} = {1F2AAD73-889C-4901-92F9-646EFF6234B4}
		{BFE98A28-8B88-4CC6-BECF-324D0D4CD760} = {1F2AAD73-889C-4901-92F9-646EFF6234B4}
		{80757BB7-48FF-4EE0-9CBF-AF49B20D07E4} = {1F2AAD73-889C-4901-92F9-646EFF6234B4}
		{92DA4EF7-33A3-40F4-A790-57CE67449688} = {1F2AAD73-889C-4901-92F9-646EFF6234B4}
		{AEFD5954-CB5A-4768-BBF6-E1468C75D9FD} = {1F2AAD73-889C-4901-92F9-646EFF6234B4}
	EndGlobalSection
	GlobalSection(ExtensibilityGlobals) = postSolution
		SolutionGuid = {A60EC442-6139-4820-B1A2-359D3C9555B9}
	EndGlobalSection
EndGlobal
