
Microsoft Visual Studio Solution File, Format Version 12.00
# Visual Studio Version 17
VisualStudioVersion = 17.10.35122.118
MinimumVisualStudioVersion = 10.0.40219.1
Project("{9A19103F-16F7-4668-BE54-9A1E7A4F7556}") = "xxENSONOxx.xxSTACKSxx.BackgroundWorker", "xxENSONOxx.xxSTACKSxx.BackgroundWorker\xxENSONOxx.xxSTACKSxx.BackgroundWorker.csproj", "{88122244-75B3-4664-893B-A4B557A4042E}"
EndProject
Project("{2150E333-8FDC-42A3-9474-1A3956D46DE8}") = "Shared", "Shared", "{39777B0A-6C00-4274-B67A-7E3A27E67013}"
EndProject
Project("{9A19103F-16F7-4668-BE54-9A1E7A4F7556}") = "xxENSONOxx.xxSTACKSxx.Application.CQRS.Events", "xxENSONOxx.xxSTACKSxx.Application.CQRS.Events\xxENSONOxx.xxSTACKSxx.Application.CQRS.Events.csproj", "{8C97E42A-F58D-49E6-9CAF-6E9F2AF6CD0A}"
EndProject
Project("{9A19103F-16F7-4668-BE54-9A1E7A4F7556}") = "xxENSONOxx.xxSTACKSxx.Shared.Messaging.Azure.ServiceBus", "..\..\..\shared\xxENSONOxx.xxSTACKSxx.Shared.Messaging.Azure.ServiceBus\xxENSONOxx.xxSTACKSxx.Shared.Messaging.Azure.ServiceBus.csproj", "{DAA32E63-80B5-49B6-890E-7A11FDA6A85B}"
EndProject
Project("{9A19103F-16F7-4668-BE54-9A1E7A4F7556}") = "xxENSONOxx.xxSTACKSxx.Shared.Messaging.Azure.ServiceBus.Tests", "..\..\..\shared\xxENSONOxx.xxSTACKSxx.Shared.Messaging.Azure.ServiceBus.Tests\xxENSONOxx.xxSTACKSxx.Shared.Messaging.Azure.ServiceBus.Tests.csproj", "{4D619C55-D348-464D-A0D2-F18427DCAA49}"
EndProject
Project("{9A19103F-16F7-4668-BE54-9A1E7A4F7556}") = "xxENSONOxx.xxSTACKSxx.Shared.Core", "..\..\..\shared\xxENSONOxx.xxSTACKSxx.Shared.Core\xxENSONOxx.xxSTACKSxx.Shared.Core.csproj", "{3F133394-CF28-4110-BA3D-EBF404208A81}"
EndProject
Global
	GlobalSection(SolutionConfigurationPlatforms) = preSolution
		Debug|Any CPU = Debug|Any CPU
		Release|Any CPU = Release|Any CPU
	EndGlobalSection
	GlobalSection(ProjectConfigurationPlatforms) = postSolution
		{88122244-75B3-4664-893B-A4B557A4042E}.Debug|Any CPU.ActiveCfg = Debug|Any CPU
		{88122244-75B3-4664-893B-A4B557A4042E}.Debug|Any CPU.Build.0 = Debug|Any CPU
		{88122244-75B3-4664-893B-A4B557A4042E}.Release|Any CPU.ActiveCfg = Release|Any CPU
		{88122244-75B3-4664-893B-A4B557A4042E}.Release|Any CPU.Build.0 = Release|Any CPU
		{8C97E42A-F58D-49E6-9CAF-6E9F2AF6CD0A}.Debug|Any CPU.ActiveCfg = Debug|Any CPU
		{8C97E42A-F58D-49E6-9CAF-6E9F2AF6CD0A}.Debug|Any CPU.Build.0 = Debug|Any CPU
		{8C97E42A-F58D-49E6-9CAF-6E9F2AF6CD0A}.Release|Any CPU.ActiveCfg = Release|Any CPU
		{8C97E42A-F58D-49E6-9CAF-6E9F2AF6CD0A}.Release|Any CPU.Build.0 = Release|Any CPU
		{DAA32E63-80B5-49B6-890E-7A11FDA6A85B}.Debug|Any CPU.ActiveCfg = Debug|Any CPU
		{DAA32E63-80B5-49B6-890E-7A11FDA6A85B}.Debug|Any CPU.Build.0 = Debug|Any CPU
		{DAA32E63-80B5-49B6-890E-7A11FDA6A85B}.Release|Any CPU.ActiveCfg = Release|Any CPU
		{DAA32E63-80B5-49B6-890E-7A11FDA6A85B}.Release|Any CPU.Build.0 = Release|Any CPU
		{4D619C55-D348-464D-A0D2-F18427DCAA49}.Debug|Any CPU.ActiveCfg = Debug|Any CPU
		{4D619C55-D348-464D-A0D2-F18427DCAA49}.Debug|Any CPU.Build.0 = Debug|Any CPU
		{4D619C55-D348-464D-A0D2-F18427DCAA49}.Release|Any CPU.ActiveCfg = Release|Any CPU
		{4D619C55-D348-464D-A0D2-F18427DCAA49}.Release|Any CPU.Build.0 = Release|Any CPU
		{3F133394-CF28-4110-BA3D-EBF404208A81}.Debug|Any CPU.ActiveCfg = Debug|Any CPU
		{3F133394-CF28-4110-BA3D-EBF404208A81}.Debug|Any CPU.Build.0 = Debug|Any CPU
		{3F133394-CF28-4110-BA3D-EBF404208A81}.Release|Any CPU.ActiveCfg = Release|Any CPU
		{3F133394-CF28-4110-BA3D-EBF404208A81}.Release|Any CPU.Build.0 = Release|Any CPU
	EndGlobalSection
	GlobalSection(SolutionProperties) = preSolution
		HideSolutionNode = FALSE
	EndGlobalSection
	GlobalSection(NestedProjects) = preSolution
		{DAA32E63-80B5-49B6-890E-7A11FDA6A85B} = {39777B0A-6C00-4274-B67A-7E3A27E67013}
		{4D619C55-D348-464D-A0D2-F18427DCAA49} = {39777B0A-6C00-4274-B67A-7E3A27E67013}
		{3F133394-CF28-4110-BA3D-EBF404208A81} = {39777B0A-6C00-4274-B67A-7E3A27E67013}
	EndGlobalSection
	GlobalSection(ExtensibilityGlobals) = postSolution
		SolutionGuid = {379B1814-5FF4-4E8F-9E9C-D0BAA6A23092}
	EndGlobalSection
EndGlobal
