Microsoft Visual Studio Solution File, Format Version 12.00
# Visual Studio Version 16
VisualStudioVersion = 16.0.29001.49
MinimumVisualStudioVersion = 15.0.26124.0
Project("{2150E333-8FDC-42A3-9474-1A3956D46DE8}") = "API", "API", "{A93ABC7D-17EC-4D7E-B8CF-94F11D94910D}"
EndProject
Project("{2150E333-8FDC-42A3-9474-1A3956D46DE8}") = "Application", "Application", "{01D796D5-BB3F-411F-B48C-A8267CD20749}"
EndProject
Project("{9A19103F-16F7-4668-BE54-9A1E7A4F7556}") = "xxAMIDOxx.xxSTACKSxx.Infrastructure", "xxAMIDOxx.xxSTACKSxx.Infrastructure\xxAMIDOxx.xxSTACKSxx.Infrastructure.csproj", "{4470AD41-8982-4248-9DB6-688E95664CDA}"
EndProject
Project("{2150E333-8FDC-42A3-9474-1A3956D46DE8}") = "Domain", "Domain", "{BDCCC652-01CA-4AC4-848E-DA136C8E01EF}"
EndProject
Project("{9A19103F-16F7-4668-BE54-9A1E7A4F7556}") = "xxAMIDOxx.xxSTACKSxx.Domain", "xxAMIDOxx.xxSTACKSxx.Domain\xxAMIDOxx.xxSTACKSxx.Domain.csproj", "{EB2EC4D5-7DBF-4EB5-9BB8-8FA5D85087CE}"
EndProject
Project("{2150E333-8FDC-42A3-9474-1A3956D46DE8}") = "Tests", "Tests", "{5829769F-3B52-4C7A-A77E-2E03F57893A8}"
EndProject
Project("{2150E333-8FDC-42A3-9474-1A3956D46DE8}") = "Shared", "Shared", "{5C2EF365-4E4D-4446-A3C6-325168F0531F}"
EndProject
Project("{9A19103F-16F7-4668-BE54-9A1E7A4F7556}") = "xxAMIDOxx.xxSTACKSxx.CQRS", "xxAMIDOxx.xxSTACKSxx.CQRS\xxAMIDOxx.xxSTACKSxx.CQRS.csproj", "{199D0800-147E-41BC-ACF0-39F9F87A2B57}"
EndProject
Project("{9A19103F-16F7-4668-BE54-9A1E7A4F7556}") = "xxAMIDOxx.xxSTACKSxx.Common", "xxAMIDOxx.xxSTACKSxx.Common\xxAMIDOxx.xxSTACKSxx.Common.csproj", "{FF124C60-974B-4E9B-AC7F-51B454FDAAA3}"
EndProject
Project("{9A19103F-16F7-4668-BE54-9A1E7A4F7556}") = "xxAMIDOxx.xxSTACKSxx.API.ComponentTests", "xxAMIDOxx.xxSTACKSxx.API.ComponentTests\xxAMIDOxx.xxSTACKSxx.API.ComponentTests.csproj", "{9A89022F-BBDF-43D3-B748-EF344824A1E6}"
EndProject
Project("{9A19103F-16F7-4668-BE54-9A1E7A4F7556}") = "xxAMIDOxx.xxSTACKSxx.Common.UnitTests", "xxAMIDOxx.xxSTACKSxx.Common.UnitTests\xxAMIDOxx.xxSTACKSxx.Common.UnitTests.csproj", "{31A84D6F-6918-4B9B-9CB9-A8D8984B5DBC}"
EndProject
Project("{9A19103F-16F7-4668-BE54-9A1E7A4F7556}") = "xxAMIDOxx.xxSTACKSxx.Domain.UnitTests", "xxAMIDOxx.xxSTACKSxx.Domain.UnitTests\xxAMIDOxx.xxSTACKSxx.Domain.UnitTests.csproj", "{81434893-86D2-4E21-A58F-7545E7B6E5F1}"
EndProject
Project("{9A19103F-16F7-4668-BE54-9A1E7A4F7556}") = "xxAMIDOxx.xxSTACKSxx.Infrastructure.IntegrationTests", "xxAMIDOxx.xxSTACKSxx.Infrastructure.IntegrationTests\xxAMIDOxx.xxSTACKSxx.Infrastructure.IntegrationTests.csproj", "{EE4B77E0-52AF-4F98-814D-088922686BDB}"
EndProject
Project("{2150E333-8FDC-42A3-9474-1A3956D46DE8}") = "External", "External", "{3C708046-3F68-42EB-B9C7-327C0EEAD235}"
EndProject
Project("{9A19103F-16F7-4668-BE54-9A1E7A4F7556}") = "xxAMIDOxx.xxSTACKSxx.Application.CommandHandlers", "xxAMIDOxx.xxSTACKSxx.Application.CommandHandlers\xxAMIDOxx.xxSTACKSxx.Application.CommandHandlers.csproj", "{E8F8A3CE-B76F-4676-A6CA-46C6B92C6F87}"
EndProject
Project("{9A19103F-16F7-4668-BE54-9A1E7A4F7556}") = "xxAMIDOxx.xxSTACKSxx.Application.QueryHandlers", "xxAMIDOxx.xxSTACKSxx.Application.QueryHandlers\xxAMIDOxx.xxSTACKSxx.Application.QueryHandlers.csproj", "{116067F7-C697-469E-B83E-CB1FA3D99994}"
EndProject
Project("{9A19103F-16F7-4668-BE54-9A1E7A4F7556}") = "xxAMIDOxx.xxSTACKSxx.Application.Integration", "xxAMIDOxx.xxSTACKSxx.Application.Integration\xxAMIDOxx.xxSTACKSxx.Application.Integration.csproj", "{64880416-DDE8-47D1-9D2F-AB3C16F1A3A4}"
EndProject
Project("{9A19103F-16F7-4668-BE54-9A1E7A4F7556}") = "xxAMIDOxx.xxSTACKSxx.CQRS.UnitTests", "xxAMIDOxx.xxSTACKSxx.CQRS.UnitTests\xxAMIDOxx.xxSTACKSxx.CQRS.UnitTests.csproj", "{89EB85B0-211D-4E7A-B6F7-80158996F209}"
EndProject
Project("{9A19103F-16F7-4668-BE54-9A1E7A4F7556}") = "xxAMIDOxx.xxSTACKSxx.API.ContractTests", "xxAMIDOxx.xxSTACKSxx.API.ContractTests\xxAMIDOxx.xxSTACKSxx.API.ContractTests.csproj", "{9205D626-9B4E-42EB-AD3D-946170D1F27A}"
EndProject
Project("{9A19103F-16F7-4668-BE54-9A1E7A4F7556}") = "xxAMIDOxx.xxSTACKSxx.API", "xxAMIDOxx.xxSTACKSxx.API\xxAMIDOxx.xxSTACKSxx.API.csproj", "{EEDF6DBD-2E45-4E41-B027-B88F8293C56F}"
EndProject
Project("{FAE04EC0-301F-11D3-BF4B-00C04F79EFBC}") = "xxAMIDOxx.xxSTACKSxx.API.UnitTests", "xxAMIDOxx.xxSTACKSxx.API.UnitTests\xxAMIDOxx.xxSTACKSxx.API.UnitTests.csproj", "{ADA636E5-76CF-4B43-87C2-F53E37150A8B}"
EndProject
Project("{FAE04EC0-301F-11D3-BF4B-00C04F79EFBC}") = "xxAMIDOxx.xxSTACKSxx.Infrastructure.UnitTests", "xxAMIDOxx.xxSTACKSxx.Infrastructure.UnitTests\xxAMIDOxx.xxSTACKSxx.Infrastructure.UnitTests.csproj", "{BEE416A3-8EB2-4415-9518-0D0D58EDA7B3}"
EndProject
Global
	GlobalSection(SolutionConfigurationPlatforms) = preSolution
		Debug|Any CPU = Debug|Any CPU
		Debug|x64 = Debug|x64
		Debug|x86 = Debug|x86
		Release|Any CPU = Release|Any CPU
		Release|x64 = Release|x64
		Release|x86 = Release|x86
	EndGlobalSection
	GlobalSection(ProjectConfigurationPlatforms) = postSolution
		{4470AD41-8982-4248-9DB6-688E95664CDA}.Debug|Any CPU.ActiveCfg = Debug|Any CPU
		{4470AD41-8982-4248-9DB6-688E95664CDA}.Debug|Any CPU.Build.0 = Debug|Any CPU
		{4470AD41-8982-4248-9DB6-688E95664CDA}.Debug|x64.ActiveCfg = Debug|Any CPU
		{4470AD41-8982-4248-9DB6-688E95664CDA}.Debug|x64.Build.0 = Debug|Any CPU
		{4470AD41-8982-4248-9DB6-688E95664CDA}.Debug|x86.ActiveCfg = Debug|Any CPU
		{4470AD41-8982-4248-9DB6-688E95664CDA}.Debug|x86.Build.0 = Debug|Any CPU
		{4470AD41-8982-4248-9DB6-688E95664CDA}.Release|Any CPU.ActiveCfg = Release|Any CPU
		{4470AD41-8982-4248-9DB6-688E95664CDA}.Release|Any CPU.Build.0 = Release|Any CPU
		{4470AD41-8982-4248-9DB6-688E95664CDA}.Release|x64.ActiveCfg = Release|Any CPU
		{4470AD41-8982-4248-9DB6-688E95664CDA}.Release|x64.Build.0 = Release|Any CPU
		{4470AD41-8982-4248-9DB6-688E95664CDA}.Release|x86.ActiveCfg = Release|Any CPU
		{4470AD41-8982-4248-9DB6-688E95664CDA}.Release|x86.Build.0 = Release|Any CPU
		{EB2EC4D5-7DBF-4EB5-9BB8-8FA5D85087CE}.Debug|Any CPU.ActiveCfg = Debug|Any CPU
		{EB2EC4D5-7DBF-4EB5-9BB8-8FA5D85087CE}.Debug|Any CPU.Build.0 = Debug|Any CPU
		{EB2EC4D5-7DBF-4EB5-9BB8-8FA5D85087CE}.Debug|x64.ActiveCfg = Debug|Any CPU
		{EB2EC4D5-7DBF-4EB5-9BB8-8FA5D85087CE}.Debug|x64.Build.0 = Debug|Any CPU
		{EB2EC4D5-7DBF-4EB5-9BB8-8FA5D85087CE}.Debug|x86.ActiveCfg = Debug|Any CPU
		{EB2EC4D5-7DBF-4EB5-9BB8-8FA5D85087CE}.Debug|x86.Build.0 = Debug|Any CPU
		{EB2EC4D5-7DBF-4EB5-9BB8-8FA5D85087CE}.Release|Any CPU.ActiveCfg = Release|Any CPU
		{EB2EC4D5-7DBF-4EB5-9BB8-8FA5D85087CE}.Release|Any CPU.Build.0 = Release|Any CPU
		{EB2EC4D5-7DBF-4EB5-9BB8-8FA5D85087CE}.Release|x64.ActiveCfg = Release|Any CPU
		{EB2EC4D5-7DBF-4EB5-9BB8-8FA5D85087CE}.Release|x64.Build.0 = Release|Any CPU
		{EB2EC4D5-7DBF-4EB5-9BB8-8FA5D85087CE}.Release|x86.ActiveCfg = Release|Any CPU
		{EB2EC4D5-7DBF-4EB5-9BB8-8FA5D85087CE}.Release|x86.Build.0 = Release|Any CPU
		{199D0800-147E-41BC-ACF0-39F9F87A2B57}.Debug|Any CPU.ActiveCfg = Debug|Any CPU
		{199D0800-147E-41BC-ACF0-39F9F87A2B57}.Debug|Any CPU.Build.0 = Debug|Any CPU
		{199D0800-147E-41BC-ACF0-39F9F87A2B57}.Debug|x64.ActiveCfg = Debug|Any CPU
		{199D0800-147E-41BC-ACF0-39F9F87A2B57}.Debug|x64.Build.0 = Debug|Any CPU
		{199D0800-147E-41BC-ACF0-39F9F87A2B57}.Debug|x86.ActiveCfg = Debug|Any CPU
		{199D0800-147E-41BC-ACF0-39F9F87A2B57}.Debug|x86.Build.0 = Debug|Any CPU
		{199D0800-147E-41BC-ACF0-39F9F87A2B57}.Release|Any CPU.ActiveCfg = Release|Any CPU
		{199D0800-147E-41BC-ACF0-39F9F87A2B57}.Release|Any CPU.Build.0 = Release|Any CPU
		{199D0800-147E-41BC-ACF0-39F9F87A2B57}.Release|x64.ActiveCfg = Release|Any CPU
		{199D0800-147E-41BC-ACF0-39F9F87A2B57}.Release|x64.Build.0 = Release|Any CPU
		{199D0800-147E-41BC-ACF0-39F9F87A2B57}.Release|x86.ActiveCfg = Release|Any CPU
		{199D0800-147E-41BC-ACF0-39F9F87A2B57}.Release|x86.Build.0 = Release|Any CPU
		{FF124C60-974B-4E9B-AC7F-51B454FDAAA3}.Debug|Any CPU.ActiveCfg = Debug|Any CPU
		{FF124C60-974B-4E9B-AC7F-51B454FDAAA3}.Debug|Any CPU.Build.0 = Debug|Any CPU
		{FF124C60-974B-4E9B-AC7F-51B454FDAAA3}.Debug|x64.ActiveCfg = Debug|Any CPU
		{FF124C60-974B-4E9B-AC7F-51B454FDAAA3}.Debug|x64.Build.0 = Debug|Any CPU
		{FF124C60-974B-4E9B-AC7F-51B454FDAAA3}.Debug|x86.ActiveCfg = Debug|Any CPU
		{FF124C60-974B-4E9B-AC7F-51B454FDAAA3}.Debug|x86.Build.0 = Debug|Any CPU
		{FF124C60-974B-4E9B-AC7F-51B454FDAAA3}.Release|Any CPU.ActiveCfg = Release|Any CPU
		{FF124C60-974B-4E9B-AC7F-51B454FDAAA3}.Release|Any CPU.Build.0 = Release|Any CPU
		{FF124C60-974B-4E9B-AC7F-51B454FDAAA3}.Release|x64.ActiveCfg = Release|Any CPU
		{FF124C60-974B-4E9B-AC7F-51B454FDAAA3}.Release|x64.Build.0 = Release|Any CPU
		{FF124C60-974B-4E9B-AC7F-51B454FDAAA3}.Release|x86.ActiveCfg = Release|Any CPU
		{FF124C60-974B-4E9B-AC7F-51B454FDAAA3}.Release|x86.Build.0 = Release|Any CPU
		{9A89022F-BBDF-43D3-B748-EF344824A1E6}.Debug|Any CPU.ActiveCfg = Debug|Any CPU
		{9A89022F-BBDF-43D3-B748-EF344824A1E6}.Debug|Any CPU.Build.0 = Debug|Any CPU
		{9A89022F-BBDF-43D3-B748-EF344824A1E6}.Debug|x64.ActiveCfg = Debug|Any CPU
		{9A89022F-BBDF-43D3-B748-EF344824A1E6}.Debug|x64.Build.0 = Debug|Any CPU
		{9A89022F-BBDF-43D3-B748-EF344824A1E6}.Debug|x86.ActiveCfg = Debug|Any CPU
		{9A89022F-BBDF-43D3-B748-EF344824A1E6}.Debug|x86.Build.0 = Debug|Any CPU
		{9A89022F-BBDF-43D3-B748-EF344824A1E6}.Release|Any CPU.ActiveCfg = Release|Any CPU
		{9A89022F-BBDF-43D3-B748-EF344824A1E6}.Release|Any CPU.Build.0 = Release|Any CPU
		{9A89022F-BBDF-43D3-B748-EF344824A1E6}.Release|x64.ActiveCfg = Release|Any CPU
		{9A89022F-BBDF-43D3-B748-EF344824A1E6}.Release|x64.Build.0 = Release|Any CPU
		{9A89022F-BBDF-43D3-B748-EF344824A1E6}.Release|x86.ActiveCfg = Release|Any CPU
		{9A89022F-BBDF-43D3-B748-EF344824A1E6}.Release|x86.Build.0 = Release|Any CPU
		{31A84D6F-6918-4B9B-9CB9-A8D8984B5DBC}.Debug|Any CPU.ActiveCfg = Debug|Any CPU
		{31A84D6F-6918-4B9B-9CB9-A8D8984B5DBC}.Debug|Any CPU.Build.0 = Debug|Any CPU
		{31A84D6F-6918-4B9B-9CB9-A8D8984B5DBC}.Debug|x64.ActiveCfg = Debug|Any CPU
		{31A84D6F-6918-4B9B-9CB9-A8D8984B5DBC}.Debug|x64.Build.0 = Debug|Any CPU
		{31A84D6F-6918-4B9B-9CB9-A8D8984B5DBC}.Debug|x86.ActiveCfg = Debug|Any CPU
		{31A84D6F-6918-4B9B-9CB9-A8D8984B5DBC}.Debug|x86.Build.0 = Debug|Any CPU
		{31A84D6F-6918-4B9B-9CB9-A8D8984B5DBC}.Release|Any CPU.ActiveCfg = Release|Any CPU
		{31A84D6F-6918-4B9B-9CB9-A8D8984B5DBC}.Release|Any CPU.Build.0 = Release|Any CPU
		{31A84D6F-6918-4B9B-9CB9-A8D8984B5DBC}.Release|x64.ActiveCfg = Release|Any CPU
		{31A84D6F-6918-4B9B-9CB9-A8D8984B5DBC}.Release|x64.Build.0 = Release|Any CPU
		{31A84D6F-6918-4B9B-9CB9-A8D8984B5DBC}.Release|x86.ActiveCfg = Release|Any CPU
		{31A84D6F-6918-4B9B-9CB9-A8D8984B5DBC}.Release|x86.Build.0 = Release|Any CPU
		{81434893-86D2-4E21-A58F-7545E7B6E5F1}.Debug|Any CPU.ActiveCfg = Debug|Any CPU
		{81434893-86D2-4E21-A58F-7545E7B6E5F1}.Debug|Any CPU.Build.0 = Debug|Any CPU
		{81434893-86D2-4E21-A58F-7545E7B6E5F1}.Debug|x64.ActiveCfg = Debug|Any CPU
		{81434893-86D2-4E21-A58F-7545E7B6E5F1}.Debug|x64.Build.0 = Debug|Any CPU
		{81434893-86D2-4E21-A58F-7545E7B6E5F1}.Debug|x86.ActiveCfg = Debug|Any CPU
		{81434893-86D2-4E21-A58F-7545E7B6E5F1}.Debug|x86.Build.0 = Debug|Any CPU
		{81434893-86D2-4E21-A58F-7545E7B6E5F1}.Release|Any CPU.ActiveCfg = Release|Any CPU
		{81434893-86D2-4E21-A58F-7545E7B6E5F1}.Release|Any CPU.Build.0 = Release|Any CPU
		{81434893-86D2-4E21-A58F-7545E7B6E5F1}.Release|x64.ActiveCfg = Release|Any CPU
		{81434893-86D2-4E21-A58F-7545E7B6E5F1}.Release|x64.Build.0 = Release|Any CPU
		{81434893-86D2-4E21-A58F-7545E7B6E5F1}.Release|x86.ActiveCfg = Release|Any CPU
		{81434893-86D2-4E21-A58F-7545E7B6E5F1}.Release|x86.Build.0 = Release|Any CPU
		{EE4B77E0-52AF-4F98-814D-088922686BDB}.Debug|Any CPU.ActiveCfg = Debug|Any CPU
		{EE4B77E0-52AF-4F98-814D-088922686BDB}.Debug|Any CPU.Build.0 = Debug|Any CPU
		{EE4B77E0-52AF-4F98-814D-088922686BDB}.Debug|x64.ActiveCfg = Debug|Any CPU
		{EE4B77E0-52AF-4F98-814D-088922686BDB}.Debug|x64.Build.0 = Debug|Any CPU
		{EE4B77E0-52AF-4F98-814D-088922686BDB}.Debug|x86.ActiveCfg = Debug|Any CPU
		{EE4B77E0-52AF-4F98-814D-088922686BDB}.Debug|x86.Build.0 = Debug|Any CPU
		{EE4B77E0-52AF-4F98-814D-088922686BDB}.Release|Any CPU.ActiveCfg = Release|Any CPU
		{EE4B77E0-52AF-4F98-814D-088922686BDB}.Release|Any CPU.Build.0 = Release|Any CPU
		{EE4B77E0-52AF-4F98-814D-088922686BDB}.Release|x64.ActiveCfg = Release|Any CPU
		{EE4B77E0-52AF-4F98-814D-088922686BDB}.Release|x64.Build.0 = Release|Any CPU
		{EE4B77E0-52AF-4F98-814D-088922686BDB}.Release|x86.ActiveCfg = Release|Any CPU
		{EE4B77E0-52AF-4F98-814D-088922686BDB}.Release|x86.Build.0 = Release|Any CPU
		{E8F8A3CE-B76F-4676-A6CA-46C6B92C6F87}.Debug|Any CPU.ActiveCfg = Debug|Any CPU
		{E8F8A3CE-B76F-4676-A6CA-46C6B92C6F87}.Debug|Any CPU.Build.0 = Debug|Any CPU
		{E8F8A3CE-B76F-4676-A6CA-46C6B92C6F87}.Debug|x64.ActiveCfg = Debug|Any CPU
		{E8F8A3CE-B76F-4676-A6CA-46C6B92C6F87}.Debug|x64.Build.0 = Debug|Any CPU
		{E8F8A3CE-B76F-4676-A6CA-46C6B92C6F87}.Debug|x86.ActiveCfg = Debug|Any CPU
		{E8F8A3CE-B76F-4676-A6CA-46C6B92C6F87}.Debug|x86.Build.0 = Debug|Any CPU
		{E8F8A3CE-B76F-4676-A6CA-46C6B92C6F87}.Release|Any CPU.ActiveCfg = Release|Any CPU
		{E8F8A3CE-B76F-4676-A6CA-46C6B92C6F87}.Release|Any CPU.Build.0 = Release|Any CPU
		{E8F8A3CE-B76F-4676-A6CA-46C6B92C6F87}.Release|x64.ActiveCfg = Release|Any CPU
		{E8F8A3CE-B76F-4676-A6CA-46C6B92C6F87}.Release|x64.Build.0 = Release|Any CPU
		{E8F8A3CE-B76F-4676-A6CA-46C6B92C6F87}.Release|x86.ActiveCfg = Release|Any CPU
		{E8F8A3CE-B76F-4676-A6CA-46C6B92C6F87}.Release|x86.Build.0 = Release|Any CPU
		{116067F7-C697-469E-B83E-CB1FA3D99994}.Debug|Any CPU.ActiveCfg = Debug|Any CPU
		{116067F7-C697-469E-B83E-CB1FA3D99994}.Debug|Any CPU.Build.0 = Debug|Any CPU
		{116067F7-C697-469E-B83E-CB1FA3D99994}.Debug|x64.ActiveCfg = Debug|Any CPU
		{116067F7-C697-469E-B83E-CB1FA3D99994}.Debug|x64.Build.0 = Debug|Any CPU
		{116067F7-C697-469E-B83E-CB1FA3D99994}.Debug|x86.ActiveCfg = Debug|Any CPU
		{116067F7-C697-469E-B83E-CB1FA3D99994}.Debug|x86.Build.0 = Debug|Any CPU
		{116067F7-C697-469E-B83E-CB1FA3D99994}.Release|Any CPU.ActiveCfg = Release|Any CPU
		{116067F7-C697-469E-B83E-CB1FA3D99994}.Release|Any CPU.Build.0 = Release|Any CPU
		{116067F7-C697-469E-B83E-CB1FA3D99994}.Release|x64.ActiveCfg = Release|Any CPU
		{116067F7-C697-469E-B83E-CB1FA3D99994}.Release|x64.Build.0 = Release|Any CPU
		{116067F7-C697-469E-B83E-CB1FA3D99994}.Release|x86.ActiveCfg = Release|Any CPU
		{116067F7-C697-469E-B83E-CB1FA3D99994}.Release|x86.Build.0 = Release|Any CPU
		{64880416-DDE8-47D1-9D2F-AB3C16F1A3A4}.Debug|Any CPU.ActiveCfg = Debug|Any CPU
		{64880416-DDE8-47D1-9D2F-AB3C16F1A3A4}.Debug|Any CPU.Build.0 = Debug|Any CPU
		{64880416-DDE8-47D1-9D2F-AB3C16F1A3A4}.Debug|x64.ActiveCfg = Debug|Any CPU
		{64880416-DDE8-47D1-9D2F-AB3C16F1A3A4}.Debug|x64.Build.0 = Debug|Any CPU
		{64880416-DDE8-47D1-9D2F-AB3C16F1A3A4}.Debug|x86.ActiveCfg = Debug|Any CPU
		{64880416-DDE8-47D1-9D2F-AB3C16F1A3A4}.Debug|x86.Build.0 = Debug|Any CPU
		{64880416-DDE8-47D1-9D2F-AB3C16F1A3A4}.Release|Any CPU.ActiveCfg = Release|Any CPU
		{64880416-DDE8-47D1-9D2F-AB3C16F1A3A4}.Release|Any CPU.Build.0 = Release|Any CPU
		{64880416-DDE8-47D1-9D2F-AB3C16F1A3A4}.Release|x64.ActiveCfg = Release|Any CPU
		{64880416-DDE8-47D1-9D2F-AB3C16F1A3A4}.Release|x64.Build.0 = Release|Any CPU
		{64880416-DDE8-47D1-9D2F-AB3C16F1A3A4}.Release|x86.ActiveCfg = Release|Any CPU
		{64880416-DDE8-47D1-9D2F-AB3C16F1A3A4}.Release|x86.Build.0 = Release|Any CPU
		{89EB85B0-211D-4E7A-B6F7-80158996F209}.Debug|Any CPU.ActiveCfg = Debug|Any CPU
		{89EB85B0-211D-4E7A-B6F7-80158996F209}.Debug|Any CPU.Build.0 = Debug|Any CPU
		{89EB85B0-211D-4E7A-B6F7-80158996F209}.Debug|x64.ActiveCfg = Debug|Any CPU
		{89EB85B0-211D-4E7A-B6F7-80158996F209}.Debug|x64.Build.0 = Debug|Any CPU
		{89EB85B0-211D-4E7A-B6F7-80158996F209}.Debug|x86.ActiveCfg = Debug|Any CPU
		{89EB85B0-211D-4E7A-B6F7-80158996F209}.Debug|x86.Build.0 = Debug|Any CPU
		{89EB85B0-211D-4E7A-B6F7-80158996F209}.Release|Any CPU.ActiveCfg = Release|Any CPU
		{89EB85B0-211D-4E7A-B6F7-80158996F209}.Release|Any CPU.Build.0 = Release|Any CPU
		{89EB85B0-211D-4E7A-B6F7-80158996F209}.Release|x64.ActiveCfg = Release|Any CPU
		{89EB85B0-211D-4E7A-B6F7-80158996F209}.Release|x64.Build.0 = Release|Any CPU
		{89EB85B0-211D-4E7A-B6F7-80158996F209}.Release|x86.ActiveCfg = Release|Any CPU
		{89EB85B0-211D-4E7A-B6F7-80158996F209}.Release|x86.Build.0 = Release|Any CPU
		{9205D626-9B4E-42EB-AD3D-946170D1F27A}.Debug|Any CPU.ActiveCfg = Debug|Any CPU
		{9205D626-9B4E-42EB-AD3D-946170D1F27A}.Debug|Any CPU.Build.0 = Debug|Any CPU
		{9205D626-9B4E-42EB-AD3D-946170D1F27A}.Debug|x64.ActiveCfg = Debug|Any CPU
		{9205D626-9B4E-42EB-AD3D-946170D1F27A}.Debug|x64.Build.0 = Debug|Any CPU
		{9205D626-9B4E-42EB-AD3D-946170D1F27A}.Debug|x86.ActiveCfg = Debug|Any CPU
		{9205D626-9B4E-42EB-AD3D-946170D1F27A}.Debug|x86.Build.0 = Debug|Any CPU
		{9205D626-9B4E-42EB-AD3D-946170D1F27A}.Release|Any CPU.ActiveCfg = Release|Any CPU
		{9205D626-9B4E-42EB-AD3D-946170D1F27A}.Release|Any CPU.Build.0 = Release|Any CPU
		{9205D626-9B4E-42EB-AD3D-946170D1F27A}.Release|x64.ActiveCfg = Release|Any CPU
		{9205D626-9B4E-42EB-AD3D-946170D1F27A}.Release|x64.Build.0 = Release|Any CPU
		{9205D626-9B4E-42EB-AD3D-946170D1F27A}.Release|x86.ActiveCfg = Release|Any CPU
		{9205D626-9B4E-42EB-AD3D-946170D1F27A}.Release|x86.Build.0 = Release|Any CPU
		{EEDF6DBD-2E45-4E41-B027-B88F8293C56F}.Debug|Any CPU.ActiveCfg = Debug|Any CPU
		{EEDF6DBD-2E45-4E41-B027-B88F8293C56F}.Debug|Any CPU.Build.0 = Debug|Any CPU
		{EEDF6DBD-2E45-4E41-B027-B88F8293C56F}.Debug|x64.ActiveCfg = Debug|Any CPU
		{EEDF6DBD-2E45-4E41-B027-B88F8293C56F}.Debug|x64.Build.0 = Debug|Any CPU
		{EEDF6DBD-2E45-4E41-B027-B88F8293C56F}.Debug|x86.ActiveCfg = Debug|Any CPU
		{EEDF6DBD-2E45-4E41-B027-B88F8293C56F}.Debug|x86.Build.0 = Debug|Any CPU
		{EEDF6DBD-2E45-4E41-B027-B88F8293C56F}.Release|Any CPU.ActiveCfg = Release|Any CPU
		{EEDF6DBD-2E45-4E41-B027-B88F8293C56F}.Release|Any CPU.Build.0 = Release|Any CPU
		{EEDF6DBD-2E45-4E41-B027-B88F8293C56F}.Release|x64.ActiveCfg = Release|Any CPU
		{EEDF6DBD-2E45-4E41-B027-B88F8293C56F}.Release|x64.Build.0 = Release|Any CPU
		{EEDF6DBD-2E45-4E41-B027-B88F8293C56F}.Release|x86.ActiveCfg = Release|Any CPU
		{EEDF6DBD-2E45-4E41-B027-B88F8293C56F}.Release|x86.Build.0 = Release|Any CPU
		{ADA636E5-76CF-4B43-87C2-F53E37150A8B}.Debug|Any CPU.ActiveCfg = Debug|Any CPU
		{ADA636E5-76CF-4B43-87C2-F53E37150A8B}.Debug|Any CPU.Build.0 = Debug|Any CPU
		{ADA636E5-76CF-4B43-87C2-F53E37150A8B}.Debug|x64.ActiveCfg = Debug|Any CPU
		{ADA636E5-76CF-4B43-87C2-F53E37150A8B}.Debug|x64.Build.0 = Debug|Any CPU
		{ADA636E5-76CF-4B43-87C2-F53E37150A8B}.Debug|x86.ActiveCfg = Debug|Any CPU
		{ADA636E5-76CF-4B43-87C2-F53E37150A8B}.Debug|x86.Build.0 = Debug|Any CPU
		{ADA636E5-76CF-4B43-87C2-F53E37150A8B}.Release|Any CPU.ActiveCfg = Release|Any CPU
		{ADA636E5-76CF-4B43-87C2-F53E37150A8B}.Release|Any CPU.Build.0 = Release|Any CPU
		{ADA636E5-76CF-4B43-87C2-F53E37150A8B}.Release|x64.ActiveCfg = Release|Any CPU
		{ADA636E5-76CF-4B43-87C2-F53E37150A8B}.Release|x64.Build.0 = Release|Any CPU
		{ADA636E5-76CF-4B43-87C2-F53E37150A8B}.Release|x86.ActiveCfg = Release|Any CPU
		{ADA636E5-76CF-4B43-87C2-F53E37150A8B}.Release|x86.Build.0 = Release|Any CPU
		{BEE416A3-8EB2-4415-9518-0D0D58EDA7B3}.Debug|Any CPU.ActiveCfg = Debug|Any CPU
		{BEE416A3-8EB2-4415-9518-0D0D58EDA7B3}.Debug|Any CPU.Build.0 = Debug|Any CPU
		{BEE416A3-8EB2-4415-9518-0D0D58EDA7B3}.Debug|x64.ActiveCfg = Debug|Any CPU
		{BEE416A3-8EB2-4415-9518-0D0D58EDA7B3}.Debug|x64.Build.0 = Debug|Any CPU
		{BEE416A3-8EB2-4415-9518-0D0D58EDA7B3}.Debug|x86.ActiveCfg = Debug|Any CPU
		{BEE416A3-8EB2-4415-9518-0D0D58EDA7B3}.Debug|x86.Build.0 = Debug|Any CPU
		{BEE416A3-8EB2-4415-9518-0D0D58EDA7B3}.Release|Any CPU.ActiveCfg = Release|Any CPU
		{BEE416A3-8EB2-4415-9518-0D0D58EDA7B3}.Release|Any CPU.Build.0 = Release|Any CPU
		{BEE416A3-8EB2-4415-9518-0D0D58EDA7B3}.Release|x64.ActiveCfg = Release|Any CPU
		{BEE416A3-8EB2-4415-9518-0D0D58EDA7B3}.Release|x64.Build.0 = Release|Any CPU
		{BEE416A3-8EB2-4415-9518-0D0D58EDA7B3}.Release|x86.ActiveCfg = Release|Any CPU
		{BEE416A3-8EB2-4415-9518-0D0D58EDA7B3}.Release|x86.Build.0 = Release|Any CPU
	EndGlobalSection
	GlobalSection(SolutionProperties) = preSolution
		HideSolutionNode = FALSE
	EndGlobalSection
	GlobalSection(NestedProjects) = preSolution
		{BEE416A3-8EB2-4415-9518-0D0D58EDA7B3} = {5829769F-3B52-4C7A-A77E-2E03F57893A8}
		{ADA636E5-76CF-4B43-87C2-F53E37150A8B} = {5829769F-3B52-4C7A-A77E-2E03F57893A8}
		{4470AD41-8982-4248-9DB6-688E95664CDA} = {A93ABC7D-17EC-4D7E-B8CF-94F11D94910D}
		{EB2EC4D5-7DBF-4EB5-9BB8-8FA5D85087CE} = {BDCCC652-01CA-4AC4-848E-DA136C8E01EF}
		{199D0800-147E-41BC-ACF0-39F9F87A2B57} = {5C2EF365-4E4D-4446-A3C6-325168F0531F}
		{FF124C60-974B-4E9B-AC7F-51B454FDAAA3} = {5C2EF365-4E4D-4446-A3C6-325168F0531F}
		{9A89022F-BBDF-43D3-B748-EF344824A1E6} = {5829769F-3B52-4C7A-A77E-2E03F57893A8}
		{31A84D6F-6918-4B9B-9CB9-A8D8984B5DBC} = {5829769F-3B52-4C7A-A77E-2E03F57893A8}
		{81434893-86D2-4E21-A58F-7545E7B6E5F1} = {5829769F-3B52-4C7A-A77E-2E03F57893A8}
		{EE4B77E0-52AF-4F98-814D-088922686BDB} = {5829769F-3B52-4C7A-A77E-2E03F57893A8}
		{E8F8A3CE-B76F-4676-A6CA-46C6B92C6F87} = {01D796D5-BB3F-411F-B48C-A8267CD20749}
		{116067F7-C697-469E-B83E-CB1FA3D99994} = {01D796D5-BB3F-411F-B48C-A8267CD20749}
		{64880416-DDE8-47D1-9D2F-AB3C16F1A3A4} = {01D796D5-BB3F-411F-B48C-A8267CD20749}
		{89EB85B0-211D-4E7A-B6F7-80158996F209} = {5829769F-3B52-4C7A-A77E-2E03F57893A8}
		{9205D626-9B4E-42EB-AD3D-946170D1F27A} = {5829769F-3B52-4C7A-A77E-2E03F57893A8}
		{EEDF6DBD-2E45-4E41-B027-B88F8293C56F} = {A93ABC7D-17EC-4D7E-B8CF-94F11D94910D}
	EndGlobalSection
	GlobalSection(ExtensibilityGlobals) = postSolution
		SolutionGuid = {720DC16E-7E6F-4249-8557-E4DC52A442BC}
	EndGlobalSection
EndGlobal
